version = 1
revision = 3
requires-python = "==3.13.*"

[[package]]
name = "greenlet"
version = "3.5.5"
source = { registry = "https://pypi.org/simple" }
sdist = { url = "https://files.pythonhosted.org/packages/0b/d8/7cc97c142388aef03f622e001c572c4f84e9252a439549d483f555771970/greenlet-3.5.5.tar.gz", hash = "sha256:adb4bae02e91a8e863e48b177e4014bdcac8a6b5e047ea1df687a61534b85e6c", size = 207585, upload-time = "2026-08-10T15:09:36.136Z" }
wheels = [
    { url = "https://files.pythonhosted.org/packages/fb/3d/8cef5f724ec0d4add2af8961d504535ec60c3cca9e464f6d03bdba29d85b/greenlet-3.5.5-cp313-cp313-macosx_11_0_universal2.whl", hash = "sha256:b79fd2a5bc099b5e744f34c4c9a58954a5f4cb7529fb4b6e8446057d61b6edaa", size = 294730, upload-time = "2026-08-10T13:27:51.206Z" },
    { url = "https://files.pythonhosted.org/packages/88/4b/8e7aa3f514273aecff30a16ab1bac09ff54cfc7e6860fdd8058c37ff2499/greenlet-3.5.5-cp313-cp313-manylinux_2_24_aarch64.manylinux_2_28_aarch64.whl", hash = "sha256:634cf15a233a949136879dd388e25d3296e16f3f1e217d2456797b8579ebc6ed", size = 614536, upload-time = "2026-08-10T14:14:36.589Z" },
    { url = "https://files.pythonhosted.org/packages/85/48/4e95e9dd5a8a397dc6a6345dd7f1935113d0fca4f85e89d3976da9cd988d/greenlet-3.5.5-cp313-cp313-manylinux_2_24_ppc64le.manylinux_2_28_ppc64le.whl", hash = "sha256:499adea519f748407fc6806d20eedabac2884fd73b9f38d81236e190ba20dfef", size = 626924, upload-time = "2026-08-10T14:27:27.048Z" },
    { url = "https://files.pythonhosted.org/packages/89/5d/398a1c71fa7a277deeb376c999979de6786f08fc2d5747a0b9d6e11738dd/greenlet-3.5.5-cp313-cp313-manylinux_2_24_x86_64.manylinux_2_28_x86_64.whl", hash = "sha256:2eabb980975cba5b93a95f6f69287d05fc05ac955bfd6a320a7c083eeb52c0b0", size = 623906, upload-time = "2026-08-10T13:40:50.501Z" },
    { url = "https://files.pythonhosted.org/packages/04/1b/745450fc5ea9e0cb17d840d248f284db3363de736d362c7d2d883e3eadba/greenlet-3.5.5-cp313-cp313-musllinux_1_2_aarch64.whl", hash = "sha256:03115c2e0a371999bf8ae616aa8d653f96641d4705c457aebaa187276e9f7537", size = 1581430, upload-time = "2026-08-10T14:15:06.853Z" },
    { url = "https://files.pythonhosted.org/packages/d4/29/d51b296e3191bb15d3d81ec375af1909e4466c0f395d744ed475801798a9/greenlet-3.5.5-cp313-cp313-musllinux_1_2_x86_64.whl", hash = "sha256:4441153ffba21b90d3ca89fe3d31f5c093ae6c0bf0cfdfc98f54cde22f95b62e", size = 1645684, upload-time = "2026-08-10T13:40:32.133Z" },
    { url = "https://files.pythonhosted.org/packages/12/63/369f1a1625e64e9e31df3963c6044056e3fdfa3fa3fdba3c54ffefa6e987/greenlet-3.5.5-cp313-cp313-win_amd64.whl", hash = "sha256:95c5b1f4b3a193f8a0c2de4bfdcb48d119f7f1063941f1de1f2168051b3e52dd", size = 324075, upload-time = "2026-08-10T13:26:58.974Z" },
    { url = "https://files.pythonhosted.org/packages/45/78/649cb5c09d4d81f6dd1444e75474a7206784743283a21d24171562ac4899/greenlet-3.5.5-cp313-cp313-win_arm64.whl", hash = "sha256:1af90aa4bc129883b340cdd6957a3bc74f60528a4993bbd1f53aaebe1d9981cc", size = 308260, upload-time = "2026-08-10T13:27:50.795Z" },
]

[[package]]
name = "pdg"
version = "2026.0"
source = { registry = "https://pypi.org/simple" }
dependencies = [
    { name = "sqlalchemy" },
    { name = "typing-extensions" },
]
sdist = { url = "https://files.pythonhosted.org/packages/77/07/d582d4ae647b301ff499a04db4cdaa85681c3bc86c1739b1a4f5c765f4af/pdg-2026.0.tar.gz", hash = "sha256:15b5c2971448608b0f78796c33c16ca3ccf0d593028803702f6e66cfa62e565f", size = 8244310, upload-time = "2026-06-01T22:10:28.028Z" }
wheels = [
    { url = "https://files.pythonhosted.org/packages/c2/9d/d37fbde4b234bad0e788982f550e53c06439a386452a42436e928ecae115/pdg-2026.0-py3-none-any.whl", hash = "sha256:681e11f8c9a5accb1cb41ccb87bf7efd398adec8ea39ddb894630b17b45c8e8a", size = 8289676, upload-time = "2026-06-01T22:10:25.672Z" },
]

[[package]]
name = "sqlalchemy"
version = "2.0.52"
source = { registry = "https://pypi.org/simple" }
dependencies = [
    { name = "greenlet", marker = "platform_machine == 'AMD64' or platform_machine == 'WIN32' or platform_machine == 'aarch64' or platform_machine == 'amd64' or platform_machine == 'ppc64le' or platform_machine == 'win32' or platform_machine == 'x86_64'" },
    { name = "typing-extensions" },
]
sdist = { url = "https://files.pythonhosted.org/packages/3b/21/77b4c147963073040dc3c3a5cb7a8c3001a1893c0209432cb77f9df836aa/sqlalchemy-2.0.52.tar.gz", hash = "sha256:5e2d46356ac2ccb7d268ab6c2319ac6a2b42f1b8d5fd8bd3d46855cd82abee97", size = 9945637, upload-time = "2026-08-11T19:07:09.829Z" }
wheels = [
    { url = "https://files.pythonhosted.org/packages/7f/18/e30c6fe1eca1bf34a39fbdd6066121cc9974c850faf6f349eac563697a26/sqlalchemy-2.0.52-cp313-cp313-macosx_11_0_arm64.whl", hash = "sha256:2eb3c6a64b1bfe6704777cfd504e7b8ad093a5f3e03ce67663a5e6742f294e43", size = 2167724, upload-time = "2026-08-11T20:58:12.679Z" },
    { url = "https://files.pythonhosted.org/packages/d0/56/2e17d161a4f7ecc1c2ffb93e607b4e1898bb551b451b283235acb8f6ce47/sqlalchemy-2.0.52-cp313-cp313-manylinux2014_aarch64.manylinux_2_17_aarch64.manylinux_2_28_aarch64.whl", hash = "sha256:923bb183c1dc64fdf7b717965e3d59938ec4f8b8710b419a21ce403e5da9a9e1", size = 3321189, upload-time = "2026-08-11T21:02:41.932Z" },
    { url = "https://files.pythonhosted.org/packages/cf/b8/8490916e893f3f8d74dc9cc54c078619364999dee37047a188e73abbc852/sqlalchemy-2.0.52-cp313-cp313-manylinux2014_x86_64.manylinux_2_17_x86_64.manylinux_2_28_x86_64.whl", hash = "sha256:651d6d8782e80679e6151707c7b490834d46ada526328895abf567f25e63d29c", size = 3338185, upload-time = "2026-08-11T21:17:02.597Z" },
    { url = "https://files.pythonhosted.org/packages/8b/f7/752cc8ee453da222829b3f5c4613614bf750d97429363b70414fa10478e4/sqlalchemy-2.0.52-cp313-cp313-musllinux_1_2_aarch64.whl", hash = "sha256:b08cddb8989775e3c88799d86704bdfc3ee6e9846118201aa5997f16f27e3a15", size = 3271698, upload-time = "2026-08-11T21:02:43.963Z" },
    { url = "https://files.pythonhosted.org/packages/51/e6/074ade0c07b9e4c8e8bca46820320ed94df9702afdb6f2af06623068d2e6/sqlalchemy-2.0.52-cp313-cp313-musllinux_1_2_x86_64.whl", hash = "sha256:ab66fa9618269390d4dfa222f2f2f88f7bc4bf5da13905131b818217db7e8057", size = 3308936, upload-time = "2026-08-11T21:17:04.172Z" },
    { url = "https://files.pythonhosted.org/packages/66/07/557c0d04716705599227945ac14e0a17ad0338e899f37d8c2ddff4dcc663/sqlalchemy-2.0.52-cp313-cp313-win32.whl", hash = "sha256:c63bda077685c85ca513286547a531ba57e7a68cf0a7ed3bafcc2bbd18896f4d", size = 2127308, upload-time = "2026-08-11T21:14:53.879Z" },
    { url = "https://files.pythonhosted.org/packages/96/4e/226eda27654318ce525d043025221f689abef883da2c7126f9065121618c/sqlalchemy-2.0.52-cp313-cp313-win_amd64.whl", hash = "sha256:9876b09b9f1ce7398b0ffece585c0a911244c53191187341f6bcae640e133751", size = 2153876, upload-time = "2026-08-11T21:14:55.527Z" },
    { url = "https://files.pythonhosted.org/packages/b3/3f/3582293d1e185e71d19d7c731c3e2ee20ba21981c4a1115c0806c1f62120/sqlalchemy-2.0.52-py3-none-any.whl", hash = "sha256:3b81b8363a919ce53453591cdb93702e6bd54ade6c4fa2f468fc053baee5ed89", size = 1950700, upload-time = "2026-08-11T20:47:21.603Z" },
]

[[package]]
name = "technical-report"
version = "0.1.0"
source = { virtual = "." }
dependencies = [
    { name = "pdg" },
]

[package.metadata]
requires-dist = [{ name = "pdg" }]

[[package]]
name = "typing-extensions"
version = "4.16.0"
source = { registry = "https://pypi.org/simple" }
sdist = { url = "https://files.pythonhosted.org/packages/f6/cc/6253133b5bb138fc3306cebfbda2c520f545d36b5be2c7255cc528bb45d6/typing_extensions-4.16.0.tar.gz", hash = "sha256:dc983d19a509c94dba722ee6abd33940f7c05a89e243c47e907eb4db6f1a43e5", size = 113555, upload-time = "2026-07-02T08:40:05.92Z" }
wheels = [
    { url = "https://files.pythonhosted.org/packages/49/d3/b8441a820a491ddfc024b0b0cf0393375b75ea13866d9c66727e54c2fc80/typing_extensions-4.16.0-py3-none-any.whl", hash = "sha256:481caa481374e813c1b176ada14e97f1f67a4539ce9cfeb3f350d78d6370c2e8", size = 45571, upload-time = "2026-07-02T08:40:04.659Z" },
]
