version = 1
revision = 5
requires-python = "==3.13.*"

[[package]]
name = "pdg"
version = "2026.0"
source = { registry = "https://pypi.org/simple" }
dependencies = [
    { name = "sqlalchemy" },
    { name = "typing-extensions" },
]
sdist = { url = "https://files.pythonhosted.org/packages/77/07/d582d4ae647b301ff499a04db4cdaa85681c3bc86c1739b1a4f5c765f4af/pdg-2026.0.tar.gz", hash = "sha256:15b5c2971448608b0f78796c33c16ca3ccf0d593028803702f6e66cfa62e565f", size = 8244310, upload-time = "2026-06-01T22:10:28.028Z" }
wheels = [
    { url = "https://files.pythonhosted.org/packages/c2/9d/d37fbde4b234bad0e788982f550e53c06439a386452a42436e928ecae115/pdg-2026.0-py3-none-any.whl", hash = "sha256:681e11f8c9a5accb1cb41ccb87bf7efd398adec8ea39ddb894630b17b45c8e8a", size = 8289676, upload-time = "2026-06-01T22:10:25.672Z" },
]

[[package]]
name = "sqlalchemy"
version = "2.1.4"
source = { registry = "https://pypi.org/simple" }
dependencies = [
    { name = "typing-extensions" },
]
sdist = { url = "https://files.pythonhosted.org/packages/1f/44/311bac6b6ef81e4dfd0287d04900108b1f5c00c9761dd3c0a2b7b9d0f86b/sqlalchemy-2.1.4.tar.gz", hash = "sha256:7bd7ad604487daa7eab8716471c29a7185f17b5287ce73bb7bc79fea050d8cfd", size = 10544216, upload-time = "2026-10-07T17:33:59.116Z" }
wheels = [
    { url = "https://files.pythonhosted.org/packages/dc/e4/23174288ed2c03d6dbd5dfacd69e28303ee95f49642a8ed0544932999fb6/sqlalchemy-2.1.4-cp313-cp313-macosx_11_0_arm64.whl", hash = "sha256:70006e9e6157200b795beeee04bd5cb15bccb40a14de595eb9f5dcf5945ed244", size = 2460507, upload-time = "2026-10-07T18:04:40.044Z" },
    { url = "https://files.pythonhosted.org/packages/9f/ac/254fadc98bfd600445b976e81c6d777b08a728a415c3b77a8c8d35b89a83/sqlalchemy-2.1.4-cp313-cp313-manylinux2014_aarch64.manylinux_2_17_aarch64.manylinux_2_28_aarch64.whl", hash = "sha256:3341ddc430733cd961bc064889f42712a0b4056733a21c83176842aad67d12a6", size = 4594505, upload-time = "2026-10-07T18:16:58.768Z" },
    { url = "https://files.pythonhosted.org/packages/83/6f/ac7beddc57c9c87bd77bc1c158fcbcdc20822f1873bf33ea3480d04e865f/sqlalchemy-2.1.4-cp313-cp313-manylinux2014_x86_64.manylinux_2_17_x86_64.manylinux_2_28_x86_64.whl", hash = "sha256:98f7a4bfeaed3722804f737ae2bd4077b35e57d6f4531fe612bac8160cda5acd", size = 4647364, upload-time = "2026-10-07T18:34:51.721Z" },
    { url = "https://files.pythonhosted.org/packages/0a/82/fc3891f261c4738a8b90cfdd805fe292d1af3b77f680a63b7349304c74e5/sqlalchemy-2.1.4-cp313-cp313-manylinux_2_31_riscv64.manylinux_2_39_riscv64.whl", hash = "sha256:ec5d079935f67febe0ab8a3a203ad591b99508adc34ae0027f696dcb20373537", size = 4311619, upload-time = "2026-10-07T18:38:44.002Z" },
    { url = "https://files.pythonhosted.org/packages/b0/1a/160c1320ab20e764a29721dc3fe7c31af34e291c652dca875d1ca6022b9a/sqlalchemy-2.1.4-cp313-cp313-musllinux_1_2_aarch64.whl", hash = "sha256:3d675b0856b6703b29d023517a4c19fecfbb55214ff5c72cd813527e40aed9b4", size = 4518031, upload-time = "2026-10-07T18:17:05.615Z" },
    { url = "https://files.pythonhosted.org/packages/30/2c/15a204333896e5dc63cb089ea20ca3ebc3c892bedf9fa00cc1a65e20d7b5/sqlalchemy-2.1.4-cp313-cp313-musllinux_1_2_riscv64.whl", hash = "sha256:a0bb9ee6a38cb36240dc88da11888348f61506047be54de3f09496c3b0ead6f5", size = 4312818, upload-time = "2026-10-07T18:38:46.541Z" },
    { url = "https://files.pythonhosted.org/packages/a6/55/5e78d288f198598f278b4b7baef42f18e039b14b1e1045e9df3cf571300d/sqlalchemy-2.1.4-cp313-cp313-musllinux_1_2_x86_64.whl", hash = "sha256:61a2c48771cf314b6613d327c795902bbc0eb6d6169deb23b35004ba6ad6cc0d", size = 4608584, upload-time = "2026-10-07T18:34:53.69Z" },
    { url = "https://files.pythonhosted.org/packages/ab/f6/e83b93ecc6e6528623fd7aa2af27ff0660d22354b78fe6ccad03f9ecbd9f/sqlalchemy-2.1.4-cp313-cp313-win32.whl", hash = "sha256:3fd608a06bafa768ad5711df4e17eb058bdc490e9df7d39b12a90947471e8712", size = 2373880, upload-time = "2026-10-07T18:22:11.722Z" },
    { url = "https://files.pythonhosted.org/packages/8f/46/afb02975023db6aa4b8608177c2fae17d0b435d9cbfcb5df4fa6e65a8078/sqlalchemy-2.1.4-cp313-cp313-win_amd64.whl", hash = "sha256:b756d74527c56a7e4cfae297f7930c1d75bdf4b23f214c8c13779746d28060cb", size = 2424430, upload-time = "2026-10-07T18:22:23.688Z" },
    { url = "https://files.pythonhosted.org/packages/21/e5/76dc82d59186b98b27589b33b01175c0d49512679276170271d9384418e2/sqlalchemy-2.1.4-cp313-cp313-win_arm64.whl", hash = "sha256:a64d54015233f824f171009977bfbb6b08bd0347b700cf17cb047ffb94c4148f", size = 2385057, upload-time = "2026-10-07T18:11:48.248Z" },
    { url = "https://files.pythonhosted.org/packages/f7/62/dbf11a262f6fbb41390cab2d8e47a30ec0961018b68201607b599dd489f5/sqlalchemy-2.1.4-py3-none-any.whl", hash = "sha256:0b96edcc2cd60fe1e35f67a46f4eb076e57297841b9eae949ac5f196593f00a7", size = 2054935, upload-time = "2026-10-07T18:01:16.403Z" },
]

[[package]]
name = "technical-report"
version = "0.1.0"
source = { virtual = "." }
dependencies = [
    { name = "pdg" },
]

[package.metadata]
requires-dist = [{ name = "pdg" }]

[[package]]
name = "typing-extensions"
version = "4.16.0"
source = { registry = "https://pypi.org/simple" }
sdist = { url = "https://files.pythonhosted.org/packages/f6/cc/6253133b5bb138fc3306cebfbda2c520f545d36b5be2c7255cc528bb45d6/typing_extensions-4.16.0.tar.gz", hash = "sha256:dc983d19a509c94dba722ee6abd33940f7c05a89e243c47e907eb4db6f1a43e5", size = 113555, upload-time = "2026-07-02T08:40:05.92Z" }
wheels = [
    { url = "https://files.pythonhosted.org/packages/49/d3/b8441a820a491ddfc024b0b0cf0393375b75ea13866d9c66727e54c2fc80/typing_extensions-4.16.0-py3-none-any.whl", hash = "sha256:481caa481374e813c1b176ada14e97f1f67a4539ce9cfeb3f350d78d6370c2e8", size = 45571, upload-time = "2026-07-02T08:40:04.659Z" },
]
