version = 1
revision = 3
requires-python = "==3.13.*"

[[package]]
name = "attrs"
version = "26.1.0"
source = {registry = "https://pypi.org/simple"}
sdist = {url = "https://files.pythonhosted.org/packages/9a/8e/82a0fe20a541c03148528be8cac2408564a6c9a0cc7e9171802bc1d26985/attrs-26.1.0.tar.gz", hash = "sha256:d03ceb89cb322a8fd706d4fb91940737b6642aa36998fe130a9bc96c985eff32", size = 952055, upload-time = "2026-03-19T14:22:25.026Z"}
wheels = [
    {url = "https://files.pythonhosted.org/packages/64/b4/17d4b0b2a2dc85a6df63d1157e028ed19f90d4cd97c36717afef2bc2f395/attrs-26.1.0-py3-none-any.whl", hash = "sha256:c647aa4a12dfbad9333ca4e71fe62ddc36f4e63b2d260a37a8b83d2f043ac309", size = 67548, upload-time = "2026-03-19T14:22:23.645Z"},
]

[[package]]
name = "fastjsonschema"
version = "2.21.2"
source = {registry = "https://pypi.org/simple"}
sdist = {url = "https://files.pythonhosted.org/packages/20/b5/23b216d9d985a956623b6bd12d4086b60f0059b27799f23016af04a74ea1/fastjsonschema-2.21.2.tar.gz", hash = "sha256:b1eb43748041c880796cd077f1a07c3d94e93ae84bba5ed36800a33554ae05de", size = 374130, upload-time = "2025-08-14T18:49:36.666Z"}
wheels = [
    {url = "https://files.pythonhosted.org/packages/cb/a8/20d0723294217e47de6d9e2e40fd4a9d2f7c4b6ef974babd482a59743694/fastjsonschema-2.21.2-py3-none-any.whl", hash = "sha256:1c797122d0a86c5cace2e54bf4e819c36223b552017172f32c5c024a6b77e463", size = 24024, upload-time = "2025-08-14T18:49:34.776Z"},
]

[[package]]
name = "jsonschema"
version = "4.26.0"
source = {registry = "https://pypi.org/simple"}
dependencies = [
    {name = "attrs"},
    {name = "jsonschema-specifications"},
    {name = "referencing"},
    {name = "rpds-py"},
]
sdist = {url = "https://files.pythonhosted.org/packages/b3/fc/e067678238fa451312d4c62bf6e6cf5ec56375422aee02f9cb5f909b3047/jsonschema-4.26.0.tar.gz", hash = "sha256:0c26707e2efad8aa1bfc5b7ce170f3fccc2e4918ff85989ba9ffa9facb2be326", size = 366583, upload-time = "2026-01-07T13:41:07.246Z"}
wheels = [
    {url = "https://files.pythonhosted.org/packages/69/90/f63fb5873511e014207a475e2bb4e8b2e570d655b00ac19a9a0ca0a385ee/jsonschema-4.26.0-py3-none-any.whl", hash = "sha256:d489f15263b8d200f8387e64b4c3a75f06629559fb73deb8fdfb525f2dab50ce", size = 90630, upload-time = "2026-01-07T13:41:05.306Z"},
]

[[package]]
name = "jsonschema-specifications"
version = "2025.9.1"
source = {registry = "https://pypi.org/simple"}
dependencies = [
    {name = "referencing"},
]
sdist = {url = "https://files.pythonhosted.org/packages/19/74/a633ee74eb36c44aa6d1095e7cc5569bebf04342ee146178e2d36600708b/jsonschema_specifications-2025.9.1.tar.gz", hash = "sha256:b540987f239e745613c7a9176f3edb72b832a4ac465cf02712288397832b5e8d", size = 32855, upload-time = "2025-09-08T01:34:59.186Z"}
wheels = [
    {url = "https://files.pythonhosted.org/packages/41/45/1a4ed80516f02155c51f51e8cedb3c1902296743db0bbc66608a0db2814f/jsonschema_specifications-2025.9.1-py3-none-any.whl", hash = "sha256:98802fee3a11ee76ecaca44429fda8a41bff98b00a0f2838151b113f210cc6fe", size = 18437, upload-time = "2025-09-08T01:34:57.871Z"},
]

[[package]]
name = "jupyter-core"
version = "5.9.1"
source = {registry = "https://pypi.org/simple"}
dependencies = [
    {name = "platformdirs"},
    {name = "traitlets"},
]
sdist = {url = "https://files.pythonhosted.org/packages/02/49/9d1284d0dc65e2c757b74c6687b6d319b02f822ad039e5c512df9194d9dd/jupyter_core-5.9.1.tar.gz", hash = "sha256:4d09aaff303b9566c3ce657f580bd089ff5c91f5f89cf7d8846c3cdf465b5508", size = 89814, upload-time = "2025-10-16T19:19:18.444Z"}
wheels = [
    {url = "https://files.pythonhosted.org/packages/e7/e7/80988e32bf6f73919a113473a604f5a8f09094de312b9d52b79c2df7612b/jupyter_core-5.9.1-py3-none-any.whl", hash = "sha256:ebf87fdc6073d142e114c72c9e29a9d7ca03fad818c5d300ce2adc1fb0743407", size = 29032, upload-time = "2025-10-16T19:19:16.783Z"},
]

[[package]]
name = "narwhals"
version = "2.19.0"
source = {registry = "https://pypi.org/simple"}
sdist = {url = "https://files.pythonhosted.org/packages/4e/1a/bd3317c0bdbcd9ffb710ddf5250b32898f8f2c240be99494fe137feb77a7/narwhals-2.19.0.tar.gz", hash = "sha256:14fd7040b5ff211d415a82e4827b9d04c354e213e72a6d0730205ffd72e3b7ff", size = 623698, upload-time = "2026-04-06T15:50:58.786Z"}
wheels = [
    {url = "https://files.pythonhosted.org/packages/37/72/e61e3091e0e00fae9d3a8ef85ece9d2cd4b5966058e1f2901ce42679eebf/narwhals-2.19.0-py3-none-any.whl", hash = "sha256:1f8dfa4a33a6dbff878c3e9be4c3b455dfcaf2a9322f1357db00e4e92e95b84b", size = 446991, upload-time = "2026-04-06T15:50:57.046Z"},
]

[[package]]
name = "nbformat"
version = "5.10.4"
source = {registry = "https://pypi.org/simple"}
dependencies = [
    {name = "fastjsonschema"},
    {name = "jsonschema"},
    {name = "jupyter-core"},
    {name = "traitlets"},
]
sdist = {url = "https://files.pythonhosted.org/packages/6d/fd/91545e604bc3dad7dca9ed03284086039b294c6b3d75c0d2fa45f9e9caf3/nbformat-5.10.4.tar.gz", hash = "sha256:322168b14f937a5d11362988ecac2a4952d3d8e3a2cbeb2319584631226d5b3a", size = 142749, upload-time = "2024-04-04T11:20:37.371Z"}
wheels = [
    {url = "https://files.pythonhosted.org/packages/a9/82/0340caa499416c78e5d8f5f05947ae4bc3cba53c9f038ab6e9ed964e22f1/nbformat-5.10.4-py3-none-any.whl", hash = "sha256:3b48d6c8fbca4b299bf3982ea7db1af21580e4fec269ad087b9e81588891200b", size = 78454, upload-time = "2024-04-04T11:20:34.895Z"},
]

[[package]]
name = "numpy"
version = "2.4.4"
source = {registry = "https://pypi.org/simple"}
sdist = {url = "https://files.pythonhosted.org/packages/d7/9f/b8cef5bffa569759033adda9481211426f12f53299629b410340795c2514/numpy-2.4.4.tar.gz", hash = "sha256:2d390634c5182175533585cc89f3608a4682ccb173cc9bb940b2881c8d6f8fa0", size = 20731587, upload-time = "2026-03-29T13:22:01.298Z"}
wheels = [
    {url = "https://files.pythonhosted.org/packages/14/1d/d0a583ce4fefcc3308806a749a536c201ed6b5ad6e1322e227ee4848979d/numpy-2.4.4-cp313-cp313-macosx_10_13_x86_64.whl", hash = "sha256:08f2e31ed5e6f04b118e49821397f12767934cfdd12a1ce86a058f91e004ee50", size = 16684933, upload-time = "2026-03-29T13:19:22.47Z"},
    {url = "https://files.pythonhosted.org/packages/c1/62/2b7a48fbb745d344742c0277f01286dead15f3f68e4f359fbfcf7b48f70f/numpy-2.4.4-cp313-cp313-macosx_11_0_arm64.whl", hash = "sha256:e823b8b6edc81e747526f70f71a9c0a07ac4e7ad13020aa736bb7c9d67196115", size = 14694532, upload-time = "2026-03-29T13:19:25.581Z"},
    {url = "https://files.pythonhosted.org/packages/e5/87/499737bfba066b4a3bebff24a8f1c5b2dee410b209bc6668c9be692580f0/numpy-2.4.4-cp313-cp313-macosx_14_0_arm64.whl", hash = "sha256:4a19d9dba1a76618dd86b164d608566f393f8ec6ac7c44f0cc879011c45e65af", size = 5199661, upload-time = "2026-03-29T13:19:28.31Z"},
    {url = "https://files.pythonhosted.org/packages/cd/da/464d551604320d1491bc345efed99b4b7034143a85787aab78d5691d5a0e/numpy-2.4.4-cp313-cp313-macosx_14_0_x86_64.whl", hash = "sha256:d2a8490669bfe99a233298348acc2d824d496dee0e66e31b66a6022c2ad74a5c", size = 6547539, upload-time = "2026-03-29T13:19:30.97Z"},
    {url = "https://files.pythonhosted.org/packages/7d/90/8d23e3b0dafd024bf31bdec225b3bb5c2dbfa6912f8a53b8659f21216cbf/numpy-2.4.4-cp313-cp313-manylinux_2_27_aarch64.manylinux_2_28_aarch64.whl", hash = "sha256:45dbed2ab436a9e826e302fcdcbe9133f9b0006e5af7168afb8963a6520da103", size = 15668806, upload-time = "2026-03-29T13:19:33.887Z"},
    {url = "https://files.pythonhosted.org/packages/d1/73/a9d864e42a01896bb5974475438f16086be9ba1f0d19d0bb7a07427c4a8b/numpy-2.4.4-cp313-cp313-manylinux_2_27_x86_64.manylinux_2_28_x86_64.whl", hash = "sha256:c901b15172510173f5cb310eae652908340f8dede90fff9e3bf6c0d8dfd92f83", size = 16632682, upload-time = "2026-03-29T13:19:37.336Z"},
    {url = "https://files.pythonhosted.org/packages/34/fb/14570d65c3bde4e202a031210475ae9cde9b7686a2e7dc97ee67d2833b35/numpy-2.4.4-cp313-cp313-musllinux_1_2_aarch64.whl", hash = "sha256:99d838547ace2c4aace6c4f76e879ddfe02bb58a80c1549928477862b7a6d6ed", size = 17019810, upload-time = "2026-03-29T13:19:40.963Z"},
    {url = "https://files.pythonhosted.org/packages/8a/77/2ba9d87081fd41f6d640c83f26fb7351e536b7ce6dd9061b6af5904e8e46/numpy-2.4.4-cp313-cp313-musllinux_1_2_x86_64.whl", hash = "sha256:0aec54fd785890ecca25a6003fd9a5aed47ad607bbac5cd64f836ad8666f4959", size = 18357394, upload-time = "2026-03-29T13:19:44.859Z"},
    {url = "https://files.pythonhosted.org/packages/a2/23/52666c9a41708b0853fa3b1a12c90da38c507a3074883823126d4e9d5b30/numpy-2.4.4-cp313-cp313-win32.whl", hash = "sha256:07077278157d02f65c43b1b26a3886bce886f95d20aabd11f87932750dfb14ed", size = 5959556, upload-time = "2026-03-29T13:19:47.661Z"},
    {url = "https://files.pythonhosted.org/packages/57/fb/48649b4971cde70d817cf97a2a2fdc0b4d8308569f1dd2f2611959d2e0cf/numpy-2.4.4-cp313-cp313-win_amd64.whl", hash = "sha256:5c70f1cc1c4efbe316a572e2d8b9b9cc44e89b95f79ca3331553fbb63716e2bf", size = 12317311, upload-time = "2026-03-29T13:19:50.67Z"},
    {url = "https://files.pythonhosted.org/packages/ba/d8/11490cddd564eb4de97b4579ef6bfe6a736cc07e94c1598590ae25415e01/numpy-2.4.4-cp313-cp313-win_arm64.whl", hash = "sha256:ef4059d6e5152fa1a39f888e344c73fdc926e1b2dd58c771d67b0acfbf2aa67d", size = 10222060, upload-time = "2026-03-29T13:19:54.229Z"},
    {url = "https://files.pythonhosted.org/packages/99/5d/dab4339177a905aad3e2221c915b35202f1ec30d750dd2e5e9d9a72b804b/numpy-2.4.4-cp313-cp313t-macosx_11_0_arm64.whl", hash = "sha256:4bbc7f303d125971f60ec0aaad5e12c62d0d2c925f0ab1273debd0e4ba37aba5", size = 14822302, upload-time = "2026-03-29T13:19:57.585Z"},
    {url = "https://files.pythonhosted.org/packages/eb/e4/0564a65e7d3d97562ed6f9b0fd0fb0a6f559ee444092f105938b50043876/numpy-2.4.4-cp313-cp313t-macosx_14_0_arm64.whl", hash = "sha256:4d6d57903571f86180eb98f8f0c839fa9ebbfb031356d87f1361be91e433f5b7", size = 5327407, upload-time = "2026-03-29T13:20:00.601Z"},
    {url = "https://files.pythonhosted.org/packages/29/8d/35a3a6ce5ad371afa58b4700f1c820f8f279948cca32524e0a695b0ded83/numpy-2.4.4-cp313-cp313t-macosx_14_0_x86_64.whl", hash = "sha256:4636de7fd195197b7535f231b5de9e4b36d2c440b6e566d2e4e4746e6af0ca93", size = 6647631, upload-time = "2026-03-29T13:20:02.855Z"},
    {url = "https://files.pythonhosted.org/packages/f4/da/477731acbd5a58a946c736edfdabb2ac5b34c3d08d1ba1a7b437fa0884df/numpy-2.4.4-cp313-cp313t-manylinux_2_27_aarch64.manylinux_2_28_aarch64.whl", hash = "sha256:ad2e2ef14e0b04e544ea2fa0a36463f847f113d314aa02e5b402fdf910ef309e", size = 15727691, upload-time = "2026-03-29T13:20:06.004Z"},
    {url = "https://files.pythonhosted.org/packages/e6/db/338535d9b152beabeb511579598418ba0212ce77cf9718edd70262cc4370/numpy-2.4.4-cp313-cp313t-manylinux_2_27_x86_64.manylinux_2_28_x86_64.whl", hash = "sha256:5a285b3b96f951841799528cd1f4f01cd70e7e0204b4abebac9463eecfcf2a40", size = 16681241, upload-time = "2026-03-29T13:20:09.417Z"},
    {url = "https://files.pythonhosted.org/packages/e2/a9/ad248e8f58beb7a0219b413c9c7d8151c5d285f7f946c3e26695bdbbe2df/numpy-2.4.4-cp313-cp313t-musllinux_1_2_aarch64.whl", hash = "sha256:f8474c4241bc18b750be2abea9d7a9ec84f46ef861dbacf86a4f6e043401f79e", size = 17085767, upload-time = "2026-03-29T13:20:13.126Z"},
    {url = "https://files.pythonhosted.org/packages/b5/1a/3b88ccd3694681356f70da841630e4725a7264d6a885c8d442a697e1146b/numpy-2.4.4-cp313-cp313t-musllinux_1_2_x86_64.whl", hash = "sha256:4e874c976154687c1f71715b034739b45c7711bec81db01914770373d125e392", size = 18403169, upload-time = "2026-03-29T13:20:17.096Z"},
    {url = "https://files.pythonhosted.org/packages/c2/c9/fcfd5d0639222c6eac7f304829b04892ef51c96a75d479214d77e3ce6e33/numpy-2.4.4-cp313-cp313t-win32.whl", hash = "sha256:9c585a1790d5436a5374bac930dad6ed244c046ed91b2b2a3634eb2971d21008", size = 6083477, upload-time = "2026-03-29T13:20:20.195Z"},
    {url = "https://files.pythonhosted.org/packages/d5/e3/3938a61d1c538aaec8ed6fd6323f57b0c2d2d2219512434c5c878db76553/numpy-2.4.4-cp313-cp313t-win_amd64.whl", hash = "sha256:93e15038125dc1e5345d9b5b68aa7f996ec33b98118d18c6ca0d0b7d6198b7e8", size = 12457487, upload-time = "2026-03-29T13:20:22.946Z"},
    {url = "https://files.pythonhosted.org/packages/97/6a/7e345032cc60501721ef94e0e30b60f6b0bd601f9174ebd36389a2b86d40/numpy-2.4.4-cp313-cp313t-win_arm64.whl", hash = "sha256:0dfd3f9d3adbe2920b68b5cd3d51444e13a10792ec7154cd0a2f6e74d4ab3233", size = 10292002, upload-time = "2026-03-29T13:20:25.909Z"},
]

[[package]]
name = "packaging"
version = "26.0"
source = {registry = "https://pypi.org/simple"}
sdist = {url = "https://files.pythonhosted.org/packages/65/ee/299d360cdc32edc7d2cf530f3accf79c4fca01e96ffc950d8a52213bd8e4/packaging-26.0.tar.gz", hash = "sha256:00243ae351a257117b6a241061796684b084ed1c516a08c48a3f7e147a9d80b4", size = 143416, upload-time = "2026-01-21T20:50:39.064Z"}
wheels = [
    {url = "https://files.pythonhosted.org/packages/b7/b9/c538f279a4e237a006a2c98387d081e9eb060d203d8ed34467cc0f0b9b53/packaging-26.0-py3-none-any.whl", hash = "sha256:b36f1fef9334a5588b4166f8bcd26a14e521f2b55e6b9de3aaa80d3ff7a37529", size = 74366, upload-time = "2026-01-21T20:50:37.788Z"},
]

[[package]]
name = "platformdirs"
version = "4.9.6"
source = {registry = "https://pypi.org/simple"}
sdist = {url = "https://files.pythonhosted.org/packages/9f/4a/0883b8e3802965322523f0b200ecf33d31f10991d0401162f4b23c698b42/platformdirs-4.9.6.tar.gz", hash = "sha256:3bfa75b0ad0db84096ae777218481852c0ebc6c727b3168c1b9e0118e458cf0a", size = 29400, upload-time = "2026-04-09T00:04:10.812Z"}
wheels = [
    {url = "https://files.pythonhosted.org/packages/75/a6/a0a304dc33b49145b21f4808d763822111e67d1c3a32b524a1baf947b6e1/platformdirs-4.9.6-py3-none-any.whl", hash = "sha256:e61adb1d5e5cb3441b4b7710bea7e4c12250ca49439228cc1021c00dcfac0917", size = 21348, upload-time = "2026-04-09T00:04:09.463Z"},
]

[[package]]
name = "plotly"
version = "6.7.0"
source = {registry = "https://pypi.org/simple"}
dependencies = [
    {name = "narwhals"},
    {name = "packaging"},
]
sdist = {url = "https://files.pythonhosted.org/packages/3a/7f/0f100df1172aadf88a929a9dbb902656b0880ba4b960fe5224867159d8f4/plotly-6.7.0.tar.gz", hash = "sha256:45eea0ff27e2a23ccd62776f77eb43aa1ca03df4192b76036e380bb479b892c6", size = 6911286, upload-time = "2026-04-09T20:36:45.738Z"}
wheels = [
    {url = "https://files.pythonhosted.org/packages/90/ad/cba91b3bcf04073e4d1655a5c1710ef3f457f56f7d1b79dcc3d72f4dd912/plotly-6.7.0-py3-none-any.whl", hash = "sha256:ac8aca1c25c663a59b5b9140a549264a5badde2e057d79b8c772ae2920e32ff0", size = 9898444, upload-time = "2026-04-09T20:36:39.812Z"},
]

[[package]]
name = "referencing"
version = "0.37.0"
source = {registry = "https://pypi.org/simple"}
dependencies = [
    {name = "attrs"},
    {name = "rpds-py"},
]
sdist = {url = "https://files.pythonhosted.org/packages/22/f5/df4e9027acead3ecc63e50fe1e36aca1523e1719559c499951bb4b53188f/referencing-0.37.0.tar.gz", hash = "sha256:44aefc3142c5b842538163acb373e24cce6632bd54bdb01b21ad5863489f50d8", size = 78036, upload-time = "2025-10-13T15:30:48.871Z"}
wheels = [
    {url = "https://files.pythonhosted.org/packages/2c/58/ca301544e1fa93ed4f80d724bf5b194f6e4b945841c5bfd555878eea9fcb/referencing-0.37.0-py3-none-any.whl", hash = "sha256:381329a9f99628c9069361716891d34ad94af76e461dcb0335825aecc7692231", size = 26766, upload-time = "2025-10-13T15:30:47.625Z"},
]

[[package]]
name = "rpds-py"
version = "0.30.0"
source = {registry = "https://pypi.org/simple"}
sdist = {url = "https://files.pythonhosted.org/packages/20/af/3f2f423103f1113b36230496629986e0ef7e199d2aa8392452b484b38ced/rpds_py-0.30.0.tar.gz", hash = "sha256:dd8ff7cf90014af0c0f787eea34794ebf6415242ee1d6fa91eaba725cc441e84", size = 69469, upload-time = "2025-11-30T20:24:38.837Z"}
wheels = [
    {url = "https://files.pythonhosted.org/packages/ed/dc/d61221eb88ff410de3c49143407f6f3147acf2538c86f2ab7ce65ae7d5f9/rpds_py-0.30.0-cp313-cp313-macosx_10_12_x86_64.whl", hash = "sha256:f83424d738204d9770830d35290ff3273fbb02b41f919870479fab14b9d303b2", size = 374887, upload-time = "2025-11-30T20:22:41.812Z"},
    {url = "https://files.pythonhosted.org/packages/fd/32/55fb50ae104061dbc564ef15cc43c013dc4a9f4527a1f4d99baddf56fe5f/rpds_py-0.30.0-cp313-cp313-macosx_11_0_arm64.whl", hash = "sha256:e7536cd91353c5273434b4e003cbda89034d67e7710eab8761fd918ec6c69cf8", size = 358904, upload-time = "2025-11-30T20:22:43.479Z"},
    {url = "https://files.pythonhosted.org/packages/58/70/faed8186300e3b9bdd138d0273109784eea2396c68458ed580f885dfe7ad/rpds_py-0.30.0-cp313-cp313-manylinux_2_17_aarch64.manylinux2014_aarch64.whl", hash = "sha256:2771c6c15973347f50fece41fc447c054b7ac2ae0502388ce3b6738cd366e3d4", size = 389945, upload-time = "2025-11-30T20:22:44.819Z"},
    {url = "https://files.pythonhosted.org/packages/bd/a8/073cac3ed2c6387df38f71296d002ab43496a96b92c823e76f46b8af0543/rpds_py-0.30.0-cp313-cp313-manylinux_2_17_armv7l.manylinux2014_armv7l.whl", hash = "sha256:0a59119fc6e3f460315fe9d08149f8102aa322299deaa5cab5b40092345c2136", size = 407783, upload-time = "2025-11-30T20:22:46.103Z"},
    {url = "https://files.pythonhosted.org/packages/77/57/5999eb8c58671f1c11eba084115e77a8899d6e694d2a18f69f0ba471ec8b/rpds_py-0.30.0-cp313-cp313-manylinux_2_17_ppc64le.manylinux2014_ppc64le.whl", hash = "sha256:76fec018282b4ead0364022e3c54b60bf368b9d926877957a8624b58419169b7", size = 515021, upload-time = "2025-11-30T20:22:47.458Z"},
    {url = "https://files.pythonhosted.org/packages/e0/af/5ab4833eadc36c0a8ed2bc5c0de0493c04f6c06de223170bd0798ff98ced/rpds_py-0.30.0-cp313-cp313-manylinux_2_17_s390x.manylinux2014_s390x.whl", hash = "sha256:692bef75a5525db97318e8cd061542b5a79812d711ea03dbc1f6f8dbb0c5f0d2", size = 414589, upload-time = "2025-11-30T20:22:48.872Z"},
    {url = "https://files.pythonhosted.org/packages/b7/de/f7192e12b21b9e9a68a6d0f249b4af3fdcdff8418be0767a627564afa1f1/rpds_py-0.30.0-cp313-cp313-manylinux_2_17_x86_64.manylinux2014_x86_64.whl", hash = "sha256:9027da1ce107104c50c81383cae773ef5c24d296dd11c99e2629dbd7967a20c6", size = 394025, upload-time = "2025-11-30T20:22:50.196Z"},
    {url = "https://files.pythonhosted.org/packages/91/c4/fc70cd0249496493500e7cc2de87504f5aa6509de1e88623431fec76d4b6/rpds_py-0.30.0-cp313-cp313-manylinux_2_31_riscv64.whl", hash = "sha256:9cf69cdda1f5968a30a359aba2f7f9aa648a9ce4b580d6826437f2b291cfc86e", size = 408895, upload-time = "2025-11-30T20:22:51.87Z"},
    {url = "https://files.pythonhosted.org/packages/58/95/d9275b05ab96556fefff73a385813eb66032e4c99f411d0795372d9abcea/rpds_py-0.30.0-cp313-cp313-manylinux_2_5_i686.manylinux1_i686.whl", hash = "sha256:a4796a717bf12b9da9d3ad002519a86063dcac8988b030e405704ef7d74d2d9d", size = 422799, upload-time = "2025-11-30T20:22:53.341Z"},
    {url = "https://files.pythonhosted.org/packages/06/c1/3088fc04b6624eb12a57eb814f0d4997a44b0d208d6cace713033ff1a6ba/rpds_py-0.30.0-cp313-cp313-musllinux_1_2_aarch64.whl", hash = "sha256:5d4c2aa7c50ad4728a094ebd5eb46c452e9cb7edbfdb18f9e1221f597a73e1e7", size = 572731, upload-time = "2025-11-30T20:22:54.778Z"},
    {url = "https://files.pythonhosted.org/packages/d8/42/c612a833183b39774e8ac8fecae81263a68b9583ee343db33ab571a7ce55/rpds_py-0.30.0-cp313-cp313-musllinux_1_2_i686.whl", hash = "sha256:ba81a9203d07805435eb06f536d95a266c21e5b2dfbf6517748ca40c98d19e31", size = 599027, upload-time = "2025-11-30T20:22:56.212Z"},
    {url = "https://files.pythonhosted.org/packages/5f/60/525a50f45b01d70005403ae0e25f43c0384369ad24ffe46e8d9068b50086/rpds_py-0.30.0-cp313-cp313-musllinux_1_2_x86_64.whl", hash = "sha256:945dccface01af02675628334f7cf49c2af4c1c904748efc5cf7bbdf0b579f95", size = 563020, upload-time = "2025-11-30T20:22:58.2Z"},
    {url = "https://files.pythonhosted.org/packages/0b/5d/47c4655e9bcd5ca907148535c10e7d489044243cc9941c16ed7cd53be91d/rpds_py-0.30.0-cp313-cp313-win32.whl", hash = "sha256:b40fb160a2db369a194cb27943582b38f79fc4887291417685f3ad693c5a1d5d", size = 223139, upload-time = "2025-11-30T20:23:00.209Z"},
    {url = "https://files.pythonhosted.org/packages/f2/e1/485132437d20aa4d3e1d8b3fb5a5e65aa8139f1e097080c2a8443201742c/rpds_py-0.30.0-cp313-cp313-win_amd64.whl", hash = "sha256:806f36b1b605e2d6a72716f321f20036b9489d29c51c91f4dd29a3e3afb73b15", size = 240224, upload-time = "2025-11-30T20:23:02.008Z"},
    {url = "https://files.pythonhosted.org/packages/24/95/ffd128ed1146a153d928617b0ef673960130be0009c77d8fbf0abe306713/rpds_py-0.30.0-cp313-cp313-win_arm64.whl", hash = "sha256:d96c2086587c7c30d44f31f42eae4eac89b60dabbac18c7669be3700f13c3ce1", size = 230645, upload-time = "2025-11-30T20:23:03.43Z"},
    {url = "https://files.pythonhosted.org/packages/ff/1b/b10de890a0def2a319a2626334a7f0ae388215eb60914dbac8a3bae54435/rpds_py-0.30.0-cp313-cp313t-macosx_10_12_x86_64.whl", hash = "sha256:eb0b93f2e5c2189ee831ee43f156ed34e2a89a78a66b98cadad955972548be5a", size = 364443, upload-time = "2025-11-30T20:23:04.878Z"},
    {url = "https://files.pythonhosted.org/packages/0d/bf/27e39f5971dc4f305a4fb9c672ca06f290f7c4e261c568f3dea16a410d47/rpds_py-0.30.0-cp313-cp313t-macosx_11_0_arm64.whl", hash = "sha256:922e10f31f303c7c920da8981051ff6d8c1a56207dbdf330d9047f6d30b70e5e", size = 353375, upload-time = "2025-11-30T20:23:06.342Z"},
    {url = "https://files.pythonhosted.org/packages/40/58/442ada3bba6e8e6615fc00483135c14a7538d2ffac30e2d933ccf6852232/rpds_py-0.30.0-cp313-cp313t-manylinux_2_17_aarch64.manylinux2014_aarch64.whl", hash = "sha256:cdc62c8286ba9bf7f47befdcea13ea0e26bf294bda99758fd90535cbaf408000", size = 383850, upload-time = "2025-11-30T20:23:07.825Z"},
    {url = "https://files.pythonhosted.org/packages/14/14/f59b0127409a33c6ef6f5c1ebd5ad8e32d7861c9c7adfa9a624fc3889f6c/rpds_py-0.30.0-cp313-cp313t-manylinux_2_17_armv7l.manylinux2014_armv7l.whl", hash = "sha256:47f9a91efc418b54fb8190a6b4aa7813a23fb79c51f4bb84e418f5476c38b8db", size = 392812, upload-time = "2025-11-30T20:23:09.228Z"},
    {url = "https://files.pythonhosted.org/packages/b3/66/e0be3e162ac299b3a22527e8913767d869e6cc75c46bd844aa43fb81ab62/rpds_py-0.30.0-cp313-cp313t-manylinux_2_17_ppc64le.manylinux2014_ppc64le.whl", hash = "sha256:1f3587eb9b17f3789ad50824084fa6f81921bbf9a795826570bda82cb3ed91f2", size = 517841, upload-time = "2025-11-30T20:23:11.186Z"},
    {url = "https://files.pythonhosted.org/packages/3d/55/fa3b9cf31d0c963ecf1ba777f7cf4b2a2c976795ac430d24a1f43d25a6ba/rpds_py-0.30.0-cp313-cp313t-manylinux_2_17_s390x.manylinux2014_s390x.whl", hash = "sha256:39c02563fc592411c2c61d26b6c5fe1e51eaa44a75aa2c8735ca88b0d9599daa", size = 408149, upload-time = "2025-11-30T20:23:12.864Z"},
    {url = "https://files.pythonhosted.org/packages/60/ca/780cf3b1a32b18c0f05c441958d3758f02544f1d613abf9488cd78876378/rpds_py-0.30.0-cp313-cp313t-manylinux_2_17_x86_64.manylinux2014_x86_64.whl", hash = "sha256:51a1234d8febafdfd33a42d97da7a43f5dcb120c1060e352a3fbc0c6d36e2083", size = 383843, upload-time = "2025-11-30T20:23:14.638Z"},
    {url = "https://files.pythonhosted.org/packages/82/86/d5f2e04f2aa6247c613da0c1dd87fcd08fa17107e858193566048a1e2f0a/rpds_py-0.30.0-cp313-cp313t-manylinux_2_31_riscv64.whl", hash = "sha256:eb2c4071ab598733724c08221091e8d80e89064cd472819285a9ab0f24bcedb9", size = 396507, upload-time = "2025-11-30T20:23:16.105Z"},
    {url = "https://files.pythonhosted.org/packages/4b/9a/453255d2f769fe44e07ea9785c8347edaf867f7026872e76c1ad9f7bed92/rpds_py-0.30.0-cp313-cp313t-manylinux_2_5_i686.manylinux1_i686.whl", hash = "sha256:6bdfdb946967d816e6adf9a3d8201bfad269c67efe6cefd7093ef959683c8de0", size = 414949, upload-time = "2025-11-30T20:23:17.539Z"},
    {url = "https://files.pythonhosted.org/packages/a3/31/622a86cdc0c45d6df0e9ccb6becdba5074735e7033c20e401a6d9d0e2ca0/rpds_py-0.30.0-cp313-cp313t-musllinux_1_2_aarch64.whl", hash = "sha256:c77afbd5f5250bf27bf516c7c4a016813eb2d3e116139aed0096940c5982da94", size = 565790, upload-time = "2025-11-30T20:23:19.029Z"},
    {url = "https://files.pythonhosted.org/packages/1c/5d/15bbf0fb4a3f58a3b1c67855ec1efcc4ceaef4e86644665fff03e1b66d8d/rpds_py-0.30.0-cp313-cp313t-musllinux_1_2_i686.whl", hash = "sha256:61046904275472a76c8c90c9ccee9013d70a6d0f73eecefd38c1ae7c39045a08", size = 590217, upload-time = "2025-11-30T20:23:20.885Z"},
    {url = "https://files.pythonhosted.org/packages/6d/61/21b8c41f68e60c8cc3b2e25644f0e3681926020f11d06ab0b78e3c6bbff1/rpds_py-0.30.0-cp313-cp313t-musllinux_1_2_x86_64.whl", hash = "sha256:4c5f36a861bc4b7da6516dbdf302c55313afa09b81931e8280361a4f6c9a2d27", size = 555806, upload-time = "2025-11-30T20:23:22.488Z"},
    {url = "https://files.pythonhosted.org/packages/f9/39/7e067bb06c31de48de3eb200f9fc7c58982a4d3db44b07e73963e10d3be9/rpds_py-0.30.0-cp313-cp313t-win32.whl", hash = "sha256:3d4a69de7a3e50ffc214ae16d79d8fbb0922972da0356dcf4d0fdca2878559c6", size = 211341, upload-time = "2025-11-30T20:23:24.449Z"},
    {url = "https://files.pythonhosted.org/packages/0a/4d/222ef0b46443cf4cf46764d9c630f3fe4abaa7245be9417e56e9f52b8f65/rpds_py-0.30.0-cp313-cp313t-win_amd64.whl", hash = "sha256:f14fc5df50a716f7ece6a80b6c78bb35ea2ca47c499e422aa4463455dd96d56d", size = 225768, upload-time = "2025-11-30T20:23:25.908Z"},
]

[[package]]
name = "technical-report"
version = "0.1.0"
source = {virtual = "."}
dependencies = [
    {name = "nbformat"},
    {name = "numpy"},
    {name = "plotly"},
]

[package.metadata]
requires-dist = [
    {name = "nbformat", specifier = ">=4.2.0"},
    {name = "numpy"},
    {name = "plotly"},
]

[[package]]
name = "traitlets"
version = "5.14.3"
source = {registry = "https://pypi.org/simple"}
sdist = {url = "https://files.pythonhosted.org/packages/eb/79/72064e6a701c2183016abbbfedaba506d81e30e232a68c9f0d6f6fcd1574/traitlets-5.14.3.tar.gz", hash = "sha256:9ed0579d3502c94b4b3732ac120375cda96f923114522847de4b3bb98b96b6b7", size = 161621, upload-time = "2024-04-19T11:11:49.746Z"}
wheels = [
    {url = "https://files.pythonhosted.org/packages/00/c0/8f5d070730d7836adc9c9b6408dec68c6ced86b304a9b26a14df072a6e8c/traitlets-5.14.3-py3-none-any.whl", hash = "sha256:b74e89e397b1ed28cc831db7aea759ba6640cb3de13090ca145426688ff1ac4f", size = 85359, upload-time = "2024-04-19T11:11:46.763Z"},
]
