version = 1
revision = 5
requires-python = "==3.14.*"

[[package]]
name = "attrs"
version = "26.1.0"
source = { registry = "https://pypi.org/simple" }
sdist = { url = "https://files.pythonhosted.org/packages/9a/8e/82a0fe20a541c03148528be8cac2408564a6c9a0cc7e9171802bc1d26985/attrs-26.1.0.tar.gz", hash = "sha256:d03ceb89cb322a8fd706d4fb91940737b6642aa36998fe130a9bc96c985eff32", size = 952055, upload-time = "2026-03-19T14:22:25.026Z" }
wheels = [
    { url = "https://files.pythonhosted.org/packages/64/b4/17d4b0b2a2dc85a6df63d1157e028ed19f90d4cd97c36717afef2bc2f395/attrs-26.1.0-py3-none-any.whl", hash = "sha256:c647aa4a12dfbad9333ca4e71fe62ddc36f4e63b2d260a37a8b83d2f043ac309", size = 67548, upload-time = "2026-03-19T14:22:23.645Z" },
]

[[package]]
name = "fastjsonschema"
version = "2.22.2"
source = { registry = "https://pypi.org/simple" }
sdist = { url = "https://files.pythonhosted.org/packages/33/a4/9473c7c3b87009d9c1d74034e4a0f6a35ff0d42dd0f9866d0c3ec4e9217b/fastjsonschema-2.22.2.tar.gz", hash = "sha256:72064e12356a7d6ef02165be2946b9abadbdf238536e07eb587e3dbaa33099cf", size = 385171, upload-time = "2026-08-15T19:47:08.853Z" }
wheels = [
    { url = "https://files.pythonhosted.org/packages/49/82/2755c7c982086f00d4dab85bc120ec35045a9fc2191893a6ce79afe94443/fastjsonschema-2.22.2-py3-none-any.whl", hash = "sha256:0fb3915616adac85ccfdd737d26be1089845d2019819505b42d39888458f74d4", size = 27413, upload-time = "2026-08-15T19:47:04.406Z" },
]

[[package]]
name = "jsonschema"
version = "4.26.0"
source = { registry = "https://pypi.org/simple" }
dependencies = [
    { name = "attrs" },
    { name = "jsonschema-specifications" },
    { name = "referencing" },
    { name = "rpds-py" },
]
sdist = { url = "https://files.pythonhosted.org/packages/b3/fc/e067678238fa451312d4c62bf6e6cf5ec56375422aee02f9cb5f909b3047/jsonschema-4.26.0.tar.gz", hash = "sha256:0c26707e2efad8aa1bfc5b7ce170f3fccc2e4918ff85989ba9ffa9facb2be326", size = 366583, upload-time = "2026-01-07T13:41:07.246Z" }
wheels = [
    { url = "https://files.pythonhosted.org/packages/69/90/f63fb5873511e014207a475e2bb4e8b2e570d655b00ac19a9a0ca0a385ee/jsonschema-4.26.0-py3-none-any.whl", hash = "sha256:d489f15263b8d200f8387e64b4c3a75f06629559fb73deb8fdfb525f2dab50ce", size = 90630, upload-time = "2026-01-07T13:41:05.306Z" },
]

[[package]]
name = "jsonschema-specifications"
version = "2025.9.1"
source = { registry = "https://pypi.org/simple" }
dependencies = [
    { name = "referencing" },
]
sdist = { url = "https://files.pythonhosted.org/packages/19/74/a633ee74eb36c44aa6d1095e7cc5569bebf04342ee146178e2d36600708b/jsonschema_specifications-2025.9.1.tar.gz", hash = "sha256:b540987f239e745613c7a9176f3edb72b832a4ac465cf02712288397832b5e8d", size = 32855, upload-time = "2025-09-08T01:34:59.186Z" }
wheels = [
    { url = "https://files.pythonhosted.org/packages/41/45/1a4ed80516f02155c51f51e8cedb3c1902296743db0bbc66608a0db2814f/jsonschema_specifications-2025.9.1-py3-none-any.whl", hash = "sha256:98802fee3a11ee76ecaca44429fda8a41bff98b00a0f2838151b113f210cc6fe", size = 18437, upload-time = "2025-09-08T01:34:57.871Z" },
]

[[package]]
name = "jupyter-core"
version = "5.9.1"
source = { registry = "https://pypi.org/simple" }
dependencies = [
    { name = "platformdirs" },
    { name = "traitlets" },
]
sdist = { url = "https://files.pythonhosted.org/packages/02/49/9d1284d0dc65e2c757b74c6687b6d319b02f822ad039e5c512df9194d9dd/jupyter_core-5.9.1.tar.gz", hash = "sha256:4d09aaff303b9566c3ce657f580bd089ff5c91f5f89cf7d8846c3cdf465b5508", size = 89814, upload-time = "2025-10-16T19:19:18.444Z" }
wheels = [
    { url = "https://files.pythonhosted.org/packages/e7/e7/80988e32bf6f73919a113473a604f5a8f09094de312b9d52b79c2df7612b/jupyter_core-5.9.1-py3-none-any.whl", hash = "sha256:ebf87fdc6073d142e114c72c9e29a9d7ca03fad818c5d300ce2adc1fb0743407", size = 29032, upload-time = "2025-10-16T19:19:16.783Z" },
]

[[package]]
name = "nbformat"
version = "5.11.1"
source = { registry = "https://pypi.org/simple" }
dependencies = [
    { name = "fastjsonschema" },
    { name = "jsonschema" },
    { name = "jupyter-core" },
    { name = "traitlets" },
]
sdist = { url = "https://files.pythonhosted.org/packages/31/72/b3446efab8756e7df4b8ec587f8e611cb5a7249e4323db480802f1d3be04/nbformat-5.11.1.tar.gz", hash = "sha256:32d4521c68c6e7d5b29c76defaeed9f42ea733142b9b19f88277ce10390b9c4d", size = 147775, upload-time = "2026-08-17T08:10:51.942Z" }
wheels = [
    { url = "https://files.pythonhosted.org/packages/1a/69/ee613f74085ca7103f79cd08d579c4f3177d1d26e5d3d9528d2d6536a707/nbformat-5.11.1-py3-none-any.whl", hash = "sha256:cc6698fa75f4fab8755ead786317815f13a6fee3b53311c0abb1a8b51d52f7ec", size = 79849, upload-time = "2026-08-17T08:10:50.18Z" },
]

[[package]]
name = "numpy"
version = "2.5.3"
source = { registry = "https://pypi.org/simple" }
sdist = { url = "https://files.pythonhosted.org/packages/13/01/11703282db468b85f6f7b8c7f22d058de5970d5c7e60a3a8aaa313c3de36/numpy-2.5.3.tar.gz", hash = "sha256:df2d5874ff183595a4ba404edd04f6bd9b5505c1d7708573f6a6c17489a67563", size = 20791231, upload-time = "2026-09-06T16:27:47.073Z" }
wheels = [
    { url = "https://files.pythonhosted.org/packages/70/78/cf416f15dc29375a229d9dfebf8db6e313f291580b39fa1a568b6052bb07/numpy-2.5.3-cp314-cp314-macosx_10_15_x86_64.whl", hash = "sha256:350ba9783ce969cf9f7ce6e6a9a58e1a6e2a19ca025b7ee448c4db727706212a", size = 16998686, upload-time = "2026-09-06T16:25:33.171Z" },
    { url = "https://files.pythonhosted.org/packages/9e/59/abcc2d8def4fd60eec7d87f92d27c13448ffd9ab14339bcc63a0d7a2fdea/numpy-2.5.3-cp314-cp314-macosx_11_0_arm64.whl", hash = "sha256:012e66aca395d795496446e52aeeb5866312a5d4d3f27da270e5a0b43f70dc5c", size = 12013862, upload-time = "2026-09-06T16:25:36.748Z" },
    { url = "https://files.pythonhosted.org/packages/94/75/4640d2d6e4b64a049e48425a82728a41ef4adb61332d2cba68055774878b/numpy-2.5.3-cp314-cp314-macosx_14_0_arm64.whl", hash = "sha256:adc1ada2662f8a5f960b8a10d9986897e7499ef07e06d4cfe7197f8cce923c07", size = 5449793, upload-time = "2026-09-06T16:25:39.476Z" },
    { url = "https://files.pythonhosted.org/packages/96/cd/625b57ae33d4ca560f32cc0b47b4a5922146d9beb998ddf773900d440a73/numpy-2.5.3-cp314-cp314-macosx_14_0_x86_64.whl", hash = "sha256:54a115e5a73b8fc44f0cebef486365a1894b5c9760685d4558b72b7c3eb846e0", size = 6785176, upload-time = "2026-09-06T16:25:42.069Z" },
    { url = "https://files.pythonhosted.org/packages/9c/72/12918652e7912ef9751e8694c88820fcd1908e0618cb23f5f3caa6004b7b/numpy-2.5.3-cp314-cp314-manylinux_2_27_aarch64.manylinux_2_28_aarch64.whl", hash = "sha256:be5a8381859b6da607c84f4f7d6847725f1cf1853ef8a2c9e115b7d58bef47dc", size = 15703377, upload-time = "2026-09-06T16:25:45.135Z" },
    { url = "https://files.pythonhosted.org/packages/45/8f/9beacf79ca7c650688ad0baa80931adb988fe6e6e5d5903c23cc3dbd70eb/numpy-2.5.3-cp314-cp314-manylinux_2_27_x86_64.manylinux_2_28_x86_64.whl", hash = "sha256:b0521d0f4aebb6e06189451025fa17a913287b13c03d5fe05c017333b654ea5b", size = 16711928, upload-time = "2026-09-06T16:25:48.461Z" },
    { url = "https://files.pythonhosted.org/packages/09/8d/41d0a56e1ac4c87495c897a211b1368691b7237aadabec8b3b8f3a74d48f/numpy-2.5.3-cp314-cp314-musllinux_1_2_aarch64.whl", hash = "sha256:9deb49575e5b0b94ed72c8a64ec4d033381adc27e9060ae842971f697ba96104", size = 17059507, upload-time = "2026-09-06T16:25:51.873Z" },
    { url = "https://files.pythonhosted.org/packages/08/1e/0dfbc5cc251d54e2af790f254d24ec38637fa97ec7d5d11de7ffed787098/numpy-2.5.3-cp314-cp314-musllinux_1_2_x86_64.whl", hash = "sha256:b00eefbcf0f292945c4b4dec2ae845389ef5bcdcd596e6e4328051db5b5ba694", size = 18471002, upload-time = "2026-09-06T16:25:55.233Z" },
    { url = "https://files.pythonhosted.org/packages/b5/2c/dfa40f6991f8185c8c30ffd023dfcbb11888e823cfab9557b920f3bb7bed/numpy-2.5.3-cp314-cp314-win32.whl", hash = "sha256:c2381f82999704f818e2c987a865050e285ec3621262c66d40f5a96c8f899f8e", size = 6180485, upload-time = "2026-09-06T16:25:58.157Z" },
    { url = "https://files.pythonhosted.org/packages/a4/73/d2c08231e4fde7e415501fd02c715d96e98599b2d8384445933944152984/numpy-2.5.3-cp314-cp314-win_amd64.whl", hash = "sha256:2c25dfa72943e4336ddb6b0ee4277b47a0c85bede0807530ec68103bf58e2c10", size = 12698179, upload-time = "2026-09-06T16:26:00.789Z" },
    { url = "https://files.pythonhosted.org/packages/5c/e9/dcdcc9b95cf5f49815055573aee1b11cfbf5299f38a180e437ded050810f/numpy-2.5.3-cp314-cp314-win_arm64.whl", hash = "sha256:15aa985ac73a8db02db7663381aa109510449d3819d37206caed27b33a65a8a6", size = 10769383, upload-time = "2026-09-06T16:26:04.011Z" },
    { url = "https://files.pythonhosted.org/packages/49/c4/af8bc08a7ef4e1529a7c0cf24969accce316b783999802089a581ec99272/numpy-2.5.3-cp314-cp314t-macosx_11_0_arm64.whl", hash = "sha256:ac7bb1c52d445bd4f8f7f97fefe6abc3a084dc4d63df50d79b17fa2b78e89297", size = 12132668, upload-time = "2026-09-06T16:26:07.138Z" },
    { url = "https://files.pythonhosted.org/packages/c5/ae/0f15eb56d4ec5e13c1f7ff04ff407f997d1acbadb45d3e1f2e2645a8f43c/numpy-2.5.3-cp314-cp314t-macosx_14_0_arm64.whl", hash = "sha256:e6ab667ba76450084eb64013762c438ea76d9d29cc676dcd6c2e9892ba37f841", size = 5568580, upload-time = "2026-09-06T16:26:09.828Z" },
    { url = "https://files.pythonhosted.org/packages/23/fb/c72a8f25d4b6e96c354e7ab45ace3b27dc11e5d6a13b6c7d0cd6b08bf112/numpy-2.5.3-cp314-cp314t-macosx_14_0_x86_64.whl", hash = "sha256:f7fabeb6cea87d65f3b926de33d03fb016cfdc29314c90974383b5582ae72891", size = 6882634, upload-time = "2026-09-06T16:26:12.524Z" },
    { url = "https://files.pythonhosted.org/packages/07/a9/968c90ed2ab15060c338e8137f1215b5a60756ae07328e0a60d1c6734df4/numpy-2.5.3-cp314-cp314t-manylinux_2_27_aarch64.manylinux_2_28_aarch64.whl", hash = "sha256:1fb6f8fb9ff0b3a69f52c66ce397b0246583e9f28616231b0e32ca49259a5fa6", size = 15748923, upload-time = "2026-09-06T16:26:15.092Z" },
    { url = "https://files.pythonhosted.org/packages/59/08/9df04103947b95e3b6b1f2ed1a70521f325647a31b82da6a2aae3a485508/numpy-2.5.3-cp314-cp314t-manylinux_2_27_x86_64.manylinux_2_28_x86_64.whl", hash = "sha256:93e1f5447e2b1e479d7bd74701e84746b86450cff1fc368b132d195e2b8f8211", size = 16746748, upload-time = "2026-09-06T16:26:18.43Z" },
    { url = "https://files.pythonhosted.org/packages/41/a0/14c8d5fe5b53a334aabb653deb391c0fef49558f491880ea300ed6785224/numpy-2.5.3-cp314-cp314t-musllinux_1_2_aarch64.whl", hash = "sha256:c00abe94c1a69d75d827dcf1c025b25c8a45d230b3bcd77a9020883a1b047653", size = 17111561, upload-time = "2026-09-06T16:26:22.113Z" },
    { url = "https://files.pythonhosted.org/packages/c4/a6/d7e96e42f01522e154c32489640f16dfc4f6181d165d05fc3bec8c2c4999/numpy-2.5.3-cp314-cp314t-musllinux_1_2_x86_64.whl", hash = "sha256:536f963710a4e63934d80ac0dc4f478804a83e9a84b6828018f25d09953ada33", size = 18513945, upload-time = "2026-09-06T16:26:25.401Z" },
    { url = "https://files.pythonhosted.org/packages/25/39/3453afb7119d0449ef11c886874120ff180e2c337760e0e2d88f70f1a945/numpy-2.5.3-cp314-cp314t-win32.whl", hash = "sha256:4c8a6d2ebce6305fd82fbefca827775437147052a976ee7c94b36a0c1b52ac6c", size = 6335421, upload-time = "2026-09-06T16:26:28.175Z" },
    { url = "https://files.pythonhosted.org/packages/99/01/22815d2b19a1a746b1d45205cffebb3fe511a18acb75fba6c88491fc9894/numpy-2.5.3-cp314-cp314t-win_amd64.whl", hash = "sha256:9a37475425b431b4d060f23b4f52cd2f3aef6bc7c654bd760adf0040eec9d435", size = 12896420, upload-time = "2026-09-06T16:26:31.265Z" },
    { url = "https://files.pythonhosted.org/packages/fa/ee/a7cbba67eeaff038dc29ca8b98a88396c8b0cc9c89d4924f4a27a5c9150b/numpy-2.5.3-cp314-cp314t-win_arm64.whl", hash = "sha256:2d8240cb4c16fd831074aa2b2cf9fc54664d826341d61c372245b96a74a49a9a", size = 10857177, upload-time = "2026-09-06T16:26:34.167Z" },
]

[[package]]
name = "packaging"
version = "26.3"
source = { registry = "https://pypi.org/simple" }
sdist = { url = "https://files.pythonhosted.org/packages/7d/fa/3944b40b07da9ce895c0e6303a5ab7d53da063554f534556b134a54d6093/packaging-26.3.tar.gz", hash = "sha256:94edc256424af38762eb31306eed28beb9f0efc50a8837492c9d6fd6004aed79", size = 313412, upload-time = "2026-08-04T18:15:28.737Z" }
wheels = [
    { url = "https://files.pythonhosted.org/packages/63/34/ba1c580383c9eada3711951fef0795c80b829a078d72188184bcab9dd527/packaging-26.3-py3-none-any.whl", hash = "sha256:d7193f7c8e4e93f444fde0262bf90af30e16fa0ad0ad44cb553c87339b23cd1c", size = 129956, upload-time = "2026-08-04T18:15:27.159Z" },
]

[[package]]
name = "platformdirs"
version = "4.12.4"
source = { registry = "https://pypi.org/simple" }
sdist = { url = "https://files.pythonhosted.org/packages/90/a1/d5f9002a70298c64a789779077d8dd90c10aa1f47fe40c86802df874f2a6/platformdirs-4.12.4.tar.gz", hash = "sha256:63743c02414e755de4e31b8f68125c1407495b86c5a006e203c01ff8b9924250", size = 60010, upload-time = "2026-10-07T23:30:32.426Z" }
wheels = [
    { url = "https://files.pythonhosted.org/packages/f4/ba/223e00b885e960edd5d4b4d178c88acce019bd5b83786093681b8c393492/platformdirs-4.12.4-py3-none-any.whl", hash = "sha256:78bfb9db2a8471ed7eebe3c3c932da413911042994e699b384fbb4493fa872d7", size = 32596, upload-time = "2026-10-07T23:30:30.825Z" },
]

[[package]]
name = "plotly"
version = "5.24.1"
source = { registry = "https://pypi.org/simple" }
dependencies = [
    { name = "packaging" },
    { name = "tenacity" },
]
sdist = { url = "https://files.pythonhosted.org/packages/79/4f/428f6d959818d7425a94c190a6b26fbc58035cbef40bf249be0b62a9aedd/plotly-5.24.1.tar.gz", hash = "sha256:dbc8ac8339d248a4bcc36e08a5659bacfe1b079390b8953533f4eb22169b4bae", size = 9479398, upload-time = "2024-09-12T15:36:31.068Z" }
wheels = [
    { url = "https://files.pythonhosted.org/packages/e5/ae/580600f441f6fc05218bd6c9d5794f4aef072a7d9093b291f1c50a9db8bc/plotly-5.24.1-py3-none-any.whl", hash = "sha256:f67073a1e637eb0dc3e46324d9d51e2fe76e9727c892dde64ddf1e1b51f29089", size = 19054220, upload-time = "2024-09-12T15:36:24.08Z" },
]

[[package]]
name = "referencing"
version = "0.37.0"
source = { registry = "https://pypi.org/simple" }
dependencies = [
    { name = "attrs" },
    { name = "rpds-py" },
]
sdist = { url = "https://files.pythonhosted.org/packages/22/f5/df4e9027acead3ecc63e50fe1e36aca1523e1719559c499951bb4b53188f/referencing-0.37.0.tar.gz", hash = "sha256:44aefc3142c5b842538163acb373e24cce6632bd54bdb01b21ad5863489f50d8", size = 78036, upload-time = "2025-10-13T15:30:48.871Z" }
wheels = [
    { url = "https://files.pythonhosted.org/packages/2c/58/ca301544e1fa93ed4f80d724bf5b194f6e4b945841c5bfd555878eea9fcb/referencing-0.37.0-py3-none-any.whl", hash = "sha256:381329a9f99628c9069361716891d34ad94af76e461dcb0335825aecc7692231", size = 26766, upload-time = "2025-10-13T15:30:47.625Z" },
]

[[package]]
name = "rpds-py"
version = "2026.9.1"
source = { registry = "https://pypi.org/simple" }
sdist = { url = "https://files.pythonhosted.org/packages/42/68/3bd46b8a5e01d3c2ebdf9c5e9497912e3fe0cde02bac21a7130ca866e403/rpds_py-2026.9.1.tar.gz", hash = "sha256:4793ef7f78268b124b73fa933440f01d258bbae01de9fa53e9080c9ab0425a12", size = 63948, upload-time = "2026-10-04T16:32:36.469Z" }
wheels = [
    { url = "https://files.pythonhosted.org/packages/8a/f2/67b94be1532767803415c1c5a1fd88ea487643d74a673cec1ba140af77bb/rpds_py-2026.9.1-cp314-cp314-macosx_10_12_x86_64.whl", hash = "sha256:c9d1aca01f49170fdcf5c92761b1fafe97f554b721ca4570c5949fff778f0d4b", size = 347178, upload-time = "2026-10-04T16:30:00.865Z" },
    { url = "https://files.pythonhosted.org/packages/04/37/b751de2b59b0197a1d92a5dd491de88e8a5e928c2e6562581974f1e85263/rpds_py-2026.9.1-cp314-cp314-macosx_11_0_arm64.whl", hash = "sha256:3f0e9ac28fc067d4d34b88ae43c48e9489455c97fee9633d851f7eeed5a05d35", size = 341878, upload-time = "2026-10-04T16:30:02.564Z" },
    { url = "https://files.pythonhosted.org/packages/72/e2/5873bc4643c250db9e05d48dc0c93763d4aa68bc3b81164cb1af3b45b284/rpds_py-2026.9.1-cp314-cp314-manylinux_2_17_aarch64.manylinux2014_aarch64.whl", hash = "sha256:07deecbfce94c78473018bc7d10b337cc651d12df87a1eb2cb3e4024bc9c33d0", size = 373963, upload-time = "2026-10-04T16:30:04.026Z" },
    { url = "https://files.pythonhosted.org/packages/51/03/5acf7632158247f3f6386ff0af3a1ee48167d575037e8d0920594b76d92b/rpds_py-2026.9.1-cp314-cp314-manylinux_2_17_armv7l.manylinux2014_armv7l.whl", hash = "sha256:821b2755db9194409254012f429c56643416fb96ef9be090be82ec8826b7f477", size = 377975, upload-time = "2026-10-04T16:30:05.555Z" },
    { url = "https://files.pythonhosted.org/packages/e6/00/63fda451b8bffa5808fc8bb311ee7c073b340974b09f273c7b2a145d3d62/rpds_py-2026.9.1-cp314-cp314-manylinux_2_17_ppc64le.manylinux2014_ppc64le.whl", hash = "sha256:3c91c210ae7645626c608400e3519b4a642f837cce09ca830db3beb2e9f274d4", size = 490347, upload-time = "2026-10-04T16:30:07.156Z" },
    { url = "https://files.pythonhosted.org/packages/a1/ae/c093ffd070ba0fb02f76c565d06fecc65ad6e4afdbae78f7031076d3cdac/rpds_py-2026.9.1-cp314-cp314-manylinux_2_17_s390x.manylinux2014_s390x.whl", hash = "sha256:54ac2158a6f96cfbabff0b2eedaf94b90c5ec7ca8317fcadc61e1c2b2e0ff6ef", size = 392962, upload-time = "2026-10-04T16:30:08.77Z" },
    { url = "https://files.pythonhosted.org/packages/22/9d/d08a1128ab199b2f0cf25bfeb0639bd05119fff4b7c47bec24ef9a8ec23f/rpds_py-2026.9.1-cp314-cp314-manylinux_2_17_x86_64.manylinux2014_x86_64.whl", hash = "sha256:eac2f5dbafd585dfe31f86a23ebf0d3ba480a9d49ebc87947267b5608d4ea0cd", size = 371623, upload-time = "2026-10-04T16:30:10.501Z" },
    { url = "https://files.pythonhosted.org/packages/53/c7/4758ddcbb75609414bbccfcb11d612436f9b3ee821bd2f33f0f1604ee648/rpds_py-2026.9.1-cp314-cp314-manylinux_2_31_riscv64.whl", hash = "sha256:8aa5dda18d39b6143eb24809d158f9252c88f402749b6f1b62a506cc7d96cc35", size = 376997, upload-time = "2026-10-04T16:30:12.124Z" },
    { url = "https://files.pythonhosted.org/packages/87/e4/947bd7f608ff60faf46dc9d389c3dffd0e3d767d78a0be19978448ef0ce7/rpds_py-2026.9.1-cp314-cp314-manylinux_2_5_i686.manylinux1_i686.whl", hash = "sha256:5c90e7fa02e8f5de0d10c17595c568ada48c5302e749462c0ea1a4c362111a86", size = 400169, upload-time = "2026-10-04T16:30:13.804Z" },
    { url = "https://files.pythonhosted.org/packages/4b/35/fe93e020a0543b5670472c18d7e6af3197c08da571240ce1965c84f85c0f/rpds_py-2026.9.1-cp314-cp314-musllinux_1_2_aarch64.whl", hash = "sha256:e6d198bad4e49dd6732fbd636e2fc5c082f45c8cad0b4acb756b00c82c76072e", size = 551615, upload-time = "2026-10-04T16:30:15.332Z" },
    { url = "https://files.pythonhosted.org/packages/0d/4f/5d2a0136bb03b2a56a39dc6ff92d58a6e3e53a2e17079238b86228882f16/rpds_py-2026.9.1-cp314-cp314-musllinux_1_2_i686.whl", hash = "sha256:96beca19ec79de272e8668585380ff9092c47077c1d7a1e098e00bbd921f4785", size = 614655, upload-time = "2026-10-04T16:30:16.92Z" },
    { url = "https://files.pythonhosted.org/packages/09/1c/3f1025aaf70d9bf7272cc41f8b64ee76b48bf01726248138430e16f23b38/rpds_py-2026.9.1-cp314-cp314-musllinux_1_2_x86_64.whl", hash = "sha256:a5cf77eb04f20b720be95265a3e00eb2a14814074255cc27069c551b2db53118", size = 579602, upload-time = "2026-10-04T16:30:18.555Z" },
    { url = "https://files.pythonhosted.org/packages/53/0d/5c72e6204f76610608706da32b6b7e11ef7e10317558a7bb15a122e008dc/rpds_py-2026.9.1-cp314-cp314-win32.whl", hash = "sha256:a03d57b86d2a51d0a66c92177e2be154ad015f357791d306e714569999cdb4cc", size = 206315, upload-time = "2026-10-04T16:30:20.05Z" },
    { url = "https://files.pythonhosted.org/packages/a4/0b/489d48abbcc7d70cf3fbf662d9d22abf1f4650761c0a9ae05260800800d3/rpds_py-2026.9.1-cp314-cp314-win_amd64.whl", hash = "sha256:837c6b305e26fe0f75b15c92cf3b2ba29e0ae19dc40b1c557b026cb426347d0c", size = 222852, upload-time = "2026-10-04T16:30:21.604Z" },
    { url = "https://files.pythonhosted.org/packages/91/16/bbb05a7e6a10cf79ba639be7f799d770ee15f64175cc61d081b218dd402a/rpds_py-2026.9.1-cp314-cp314-win_arm64.whl", hash = "sha256:fce4b85234a0cbad67bf8e6e1201ee815d172c9aebad75f25645bc4d834f8e31", size = 218709, upload-time = "2026-10-04T16:30:23.036Z" },
    { url = "https://files.pythonhosted.org/packages/22/ac/ac507a0a4ec478ca470440a09583db4be5259ba7670aeba0620822f1e57a/rpds_py-2026.9.1-cp314-cp314t-macosx_10_12_x86_64.whl", hash = "sha256:3a72c11530d71abfb66c8d7696a2f86c43e63fca8b948f1a784ac490f4ec688e", size = 349596, upload-time = "2026-10-04T16:30:24.558Z" },
    { url = "https://files.pythonhosted.org/packages/e9/f2/817a46b658d5070f477f722c298ee9a24525b0e4017347964146ef5fdd0e/rpds_py-2026.9.1-cp314-cp314t-macosx_11_0_arm64.whl", hash = "sha256:068c37bba854ec2fe42f7365c640af11dd9895890ccbf2df5070d0c059bd7f96", size = 343114, upload-time = "2026-10-04T16:30:26.048Z" },
    { url = "https://files.pythonhosted.org/packages/6c/42/6ade976b13ac1b4cb3bf2eb603f1be2fe74df19a29988d4c2b386be59d6f/rpds_py-2026.9.1-cp314-cp314t-manylinux_2_17_aarch64.manylinux2014_aarch64.whl", hash = "sha256:d7fca4eb6df565e2a928f1c7dad92d27db8f9df0f449e76423ed5d7e713ed445", size = 374197, upload-time = "2026-10-04T16:30:27.699Z" },
    { url = "https://files.pythonhosted.org/packages/d9/70/77cdf1d3f1a07faabe936016ae623aec7981f73108a8fe7a203ed2e21998/rpds_py-2026.9.1-cp314-cp314t-manylinux_2_17_armv7l.manylinux2014_armv7l.whl", hash = "sha256:c933c6678c6f116ff8af47a4c6db0868b8ace74af0343016c0ef00f00272ea69", size = 378025, upload-time = "2026-10-04T16:30:29.451Z" },
    { url = "https://files.pythonhosted.org/packages/3f/6b/18a44a3beaa9b7931acb04af7bd9539836477c630a794452d4826d6185d4/rpds_py-2026.9.1-cp314-cp314t-manylinux_2_17_ppc64le.manylinux2014_ppc64le.whl", hash = "sha256:028ad274ea951dac64491b5d1e65712a4aeabfdbdb9fccf797b57bd899b0c495", size = 491969, upload-time = "2026-10-04T16:30:30.995Z" },
    { url = "https://files.pythonhosted.org/packages/73/27/fb39cfd6bddaf741b024f813890374578ff8ac1f1adc473659c048b03b05/rpds_py-2026.9.1-cp314-cp314t-manylinux_2_17_s390x.manylinux2014_s390x.whl", hash = "sha256:740d0a99cf9de0b17a3943388e9294a59becf75e7c43421f387bd3c7a9901f7c", size = 393905, upload-time = "2026-10-04T16:30:32.628Z" },
    { url = "https://files.pythonhosted.org/packages/ed/71/0fa7bb77b57af0d710273964180d11b503f62b8a5c358eb2d8c3f62feff6/rpds_py-2026.9.1-cp314-cp314t-manylinux_2_17_x86_64.manylinux2014_x86_64.whl", hash = "sha256:0da298fb372dc192610a4b9ecbc68a0cd8b675bbbd1fc519d01b41cfd658333e", size = 374569, upload-time = "2026-10-04T16:30:34.257Z" },
    { url = "https://files.pythonhosted.org/packages/54/22/f41cfac269af3b449513ef1bc3d7f32fde52abbbd2d01c7e76b47743acd9/rpds_py-2026.9.1-cp314-cp314t-manylinux_2_31_riscv64.whl", hash = "sha256:eb61be926bb81567c1f48bdc8aa22b9855048dc2efd53871f9f7e6e9a5632346", size = 377482, upload-time = "2026-10-04T16:30:35.997Z" },
    { url = "https://files.pythonhosted.org/packages/b4/fc/312b49006e7f8f9ca5f96647577b8aa6f3df30519c46bd448f5c425af0b2/rpds_py-2026.9.1-cp314-cp314t-manylinux_2_5_i686.manylinux1_i686.whl", hash = "sha256:42e75466f83cd43f6026c81eab74246efb2bdadafb307b85700632d06c68f299", size = 400040, upload-time = "2026-10-04T16:30:37.76Z" },
    { url = "https://files.pythonhosted.org/packages/cf/a6/18cca7a878dc7fa95165a83343fd4d7b65643fd22e54e47340a451121d5c/rpds_py-2026.9.1-cp314-cp314t-musllinux_1_2_aarch64.whl", hash = "sha256:617f59cde379b4f648a09797b7f683d04b90a46344cddab85639da5aff0f5531", size = 551849, upload-time = "2026-10-04T16:30:39.443Z" },
    { url = "https://files.pythonhosted.org/packages/e4/6d/1f5685e20f39604691bdc3c05aaa6b8bd2f954e9e996477adf2376768e33/rpds_py-2026.9.1-cp314-cp314t-musllinux_1_2_i686.whl", hash = "sha256:3edae8c5ddfdb6985d49ae9d150516e5076888879022f91a26c2de9276ce0bdb", size = 614842, upload-time = "2026-10-04T16:30:41.231Z" },
    { url = "https://files.pythonhosted.org/packages/c6/25/98652109fd9f7e10268dd4571aa52b81987001b806f37ef1a18260de714a/rpds_py-2026.9.1-cp314-cp314t-musllinux_1_2_x86_64.whl", hash = "sha256:0f045bb053c9057720d72c56dffe30dffdc05997b2897a827b9325f0ab6623fa", size = 582606, upload-time = "2026-10-04T16:30:43.345Z" },
    { url = "https://files.pythonhosted.org/packages/19/03/11ca09099bab5f53373a80a334c424ec917c13d050760a59499d2af5171e/rpds_py-2026.9.1-cp314-cp314t-win32.whl", hash = "sha256:bf35d0568abda97233239ce32896d3ad53fccc537832c104e30c94aa5fb93569", size = 203341, upload-time = "2026-10-04T16:30:44.954Z" },
    { url = "https://files.pythonhosted.org/packages/6f/8a/88909e3ffd9f47f5b58211473875d8c3c09079f0058c46fb72c55a702a26/rpds_py-2026.9.1-cp314-cp314t-win_amd64.whl", hash = "sha256:1e8d4d79d828299bf44a55db22a9388ab967b49d17132c88eab0f4360b48da8e", size = 222843, upload-time = "2026-10-04T16:30:46.486Z" },
]

[[package]]
name = "technical-report"
version = "0.1.0"
source = { virtual = "." }
dependencies = [
    { name = "nbformat" },
    { name = "numpy" },
    { name = "plotly" },
]

[package.metadata]
requires-dist = [
    { name = "nbformat", specifier = ">=4.2.0" },
    { name = "numpy" },
    { name = "plotly", specifier = "~=5.0" },
]

[[package]]
name = "tenacity"
version = "9.2.1"
source = { registry = "https://pypi.org/simple" }
sdist = { url = "https://files.pythonhosted.org/packages/82/9e/497c1c8ebe5a5b5d1d4a7511aea22c0bb1a97e3170d98abdef0e1b34265a/tenacity-9.2.1.tar.gz", hash = "sha256:a606b5c808d0cded4a359d5b9932d867ff2a6a6b64d37350260fd01bbdf83839", size = 58261, upload-time = "2026-10-07T12:13:01.633Z" }
wheels = [
    { url = "https://files.pythonhosted.org/packages/d6/26/1ff2b0721ac66a3ec5b1402b333110b352ab0a8724052ac279a7b82d40c4/tenacity-9.2.1-py3-none-any.whl", hash = "sha256:9e56f17539296baab7beabb08b92f6ee3d7be92d8be72d763360677c2ad6580e", size = 32310, upload-time = "2026-10-07T12:13:00.102Z" },
]

[[package]]
name = "traitlets"
version = "5.16.1"
source = { registry = "https://pypi.org/simple" }
sdist = { url = "https://files.pythonhosted.org/packages/2c/2e/a7fbfe268c8a3b32546930c0297c101d65a4a14c304ad5790a9f478f0e4e/traitlets-5.16.1.tar.gz", hash = "sha256:ed900c2b631aa3a112811139fa97b8d2c3bad5e989656bba4b7e52c7852c18c1", size = 166137, upload-time = "2026-08-03T08:32:36.848Z" }
wheels = [
    { url = "https://files.pythonhosted.org/packages/ad/66/0d785f0bc5e4315a96c989bb476d0fc07ea4f85132550c7b156ca2035d52/traitlets-5.16.1-py3-none-any.whl", hash = "sha256:f775618166caa0396c8e337099240f2bd3e5e917d203b2e6fbe21a58d3cb1f6b", size = 86211, upload-time = "2026-08-03T08:32:34.48Z" },
]
