version = 1
revision = 3
requires-python = "==3.13.*"

[[package]]
name = "ampform"
version = "0.16.1"
source = { registry = "https://pypi.org/simple" }
dependencies = [
    { name = "attrs" },
    { name = "frozendict" },
    { name = "qrules" },
    { name = "sympy" },
]
sdist = { url = "https://files.pythonhosted.org/packages/92/44/d41ae41c51ea936de9244134076c89209213de93f5c04443a69631f51fac/ampform-0.16.1.tar.gz", hash = "sha256:202077e8816adc5716a75df7b7e8db28fcfff1229e02badd19ce12897ee4637f", size = 484457, upload-time = "2026-09-09T17:12:22.673Z" }
wheels = [
    { url = "https://files.pythonhosted.org/packages/77/81/fd3c2c4bacdf14844ad1653f6a5386355feeac6a58c20a9508d7868bc330/ampform-0.16.1-py3-none-any.whl", hash = "sha256:0e9723fe22512b3aeb1e8720d486b5d5282905499dafc77be0006b5512132e56", size = 89187, upload-time = "2026-09-09T17:12:21.098Z" },
]

[[package]]
name = "attrs"
version = "26.1.0"
source = { registry = "https://pypi.org/simple" }
sdist = { url = "https://files.pythonhosted.org/packages/9a/8e/82a0fe20a541c03148528be8cac2408564a6c9a0cc7e9171802bc1d26985/attrs-26.1.0.tar.gz", hash = "sha256:d03ceb89cb322a8fd706d4fb91940737b6642aa36998fe130a9bc96c985eff32", size = 952055, upload-time = "2026-03-19T14:22:25.026Z" }
wheels = [
    { url = "https://files.pythonhosted.org/packages/64/b4/17d4b0b2a2dc85a6df63d1157e028ed19f90d4cd97c36717afef2bc2f395/attrs-26.1.0-py3-none-any.whl", hash = "sha256:c647aa4a12dfbad9333ca4e71fe62ddc36f4e63b2d260a37a8b83d2f043ac309", size = 67548, upload-time = "2026-03-19T14:22:23.645Z" },
]

[[package]]
name = "colorama"
version = "0.4.6"
source = { registry = "https://pypi.org/simple" }
sdist = { url = "https://files.pythonhosted.org/packages/d8/53/6f443c9a4a8358a93a6792e2acffb9d9d5cb0a5cfd8802644b7b1c9a02e4/colorama-0.4.6.tar.gz", hash = "sha256:08695f5cb7ed6e0531a20572697297273c47b8cae5a63ffc6d6ed5c201be6e44", size = 27697, upload-time = "2022-10-25T02:36:22.414Z" }
wheels = [
    { url = "https://files.pythonhosted.org/packages/d1/d6/3965ed04c63042e047cb6a3e6ed1a63a35087b6a609aa3a15ed8ac56c221/colorama-0.4.6-py2.py3-none-any.whl", hash = "sha256:4f1d9991f5acc0ca119f9d443620b77f9d6b33703e51011c16baf57afb285fc6", size = 25335, upload-time = "2022-10-25T02:36:20.889Z" },
]

[[package]]
name = "frozendict"
version = "2.4.7"
source = { registry = "https://pypi.org/simple" }
sdist = { url = "https://files.pythonhosted.org/packages/90/b2/2a3d1374b7780999d3184e171e25439a8358c47b481f68be883c14086b4c/frozendict-2.4.7.tar.gz", hash = "sha256:e478fb2a1391a56c8a6e10cc97c4a9002b410ecd1ac28c18d780661762e271bd", size = 317082, upload-time = "2025-11-11T22:40:14.251Z" }
wheels = [
    { url = "https://files.pythonhosted.org/packages/38/74/f94141b38a51a553efef7f510fc213894161ae49b88bffd037f8d2a7cb2f/frozendict-2.4.7-py3-none-any.whl", hash = "sha256:972af65924ea25cf5b4d9326d549e69a9a4918d8a76a9d3a7cd174d98b237550", size = 16264, upload-time = "2025-11-11T22:40:12.836Z" },
]

[[package]]
name = "hepunits"
version = "2.4.7"
source = { registry = "https://pypi.org/simple" }
sdist = { url = "https://files.pythonhosted.org/packages/c7/b7/b5e4ef584c3c5bccad51894790cc53747e276a2ce70b17fcda9683e272ed/hepunits-2.4.7.tar.gz", hash = "sha256:dfbe9e9cdf265aeea1896352ca5eb50609e15d497a03c0466ba4a920763f6337", size = 17978, upload-time = "2026-10-01T11:57:33.568Z" }
wheels = [
    { url = "https://files.pythonhosted.org/packages/88/61/2dce624e88196b648ca989f3297835659ad5727ded0983b1c94f0eebb116/hepunits-2.4.7-py3-none-any.whl", hash = "sha256:6b67e387dbffb579cf8b01892681c6a91440de71e18c7b7578f241324f591895", size = 17091, upload-time = "2026-10-01T11:57:32.21Z" },
]

[[package]]
name = "jsonschema"
version = "4.26.0"
source = { registry = "https://pypi.org/simple" }
dependencies = [
    { name = "attrs" },
    { name = "jsonschema-specifications" },
    { name = "referencing" },
    { name = "rpds-py" },
]
sdist = { url = "https://files.pythonhosted.org/packages/b3/fc/e067678238fa451312d4c62bf6e6cf5ec56375422aee02f9cb5f909b3047/jsonschema-4.26.0.tar.gz", hash = "sha256:0c26707e2efad8aa1bfc5b7ce170f3fccc2e4918ff85989ba9ffa9facb2be326", size = 366583, upload-time = "2026-01-07T13:41:07.246Z" }
wheels = [
    { url = "https://files.pythonhosted.org/packages/69/90/f63fb5873511e014207a475e2bb4e8b2e570d655b00ac19a9a0ca0a385ee/jsonschema-4.26.0-py3-none-any.whl", hash = "sha256:d489f15263b8d200f8387e64b4c3a75f06629559fb73deb8fdfb525f2dab50ce", size = 90630, upload-time = "2026-01-07T13:41:05.306Z" },
]

[[package]]
name = "jsonschema-specifications"
version = "2025.9.1"
source = { registry = "https://pypi.org/simple" }
dependencies = [
    { name = "referencing" },
]
sdist = { url = "https://files.pythonhosted.org/packages/19/74/a633ee74eb36c44aa6d1095e7cc5569bebf04342ee146178e2d36600708b/jsonschema_specifications-2025.9.1.tar.gz", hash = "sha256:b540987f239e745613c7a9176f3edb72b832a4ac465cf02712288397832b5e8d", size = 32855, upload-time = "2025-09-08T01:34:59.186Z" }
wheels = [
    { url = "https://files.pythonhosted.org/packages/41/45/1a4ed80516f02155c51f51e8cedb3c1902296743db0bbc66608a0db2814f/jsonschema_specifications-2025.9.1-py3-none-any.whl", hash = "sha256:98802fee3a11ee76ecaca44429fda8a41bff98b00a0f2838151b113f210cc6fe", size = 18437, upload-time = "2025-09-08T01:34:57.871Z" },
]

[[package]]
name = "mpmath"
version = "1.3.0"
source = { registry = "https://pypi.org/simple" }
sdist = { url = "https://files.pythonhosted.org/packages/e0/47/dd32fa426cc72114383ac549964eecb20ecfd886d1e5ccf5340b55b02f57/mpmath-1.3.0.tar.gz", hash = "sha256:7a28eb2a9774d00c7bc92411c19a89209d5da7c4c9a9e227be8330a23a25b91f", size = 508106, upload-time = "2023-03-07T16:47:11.061Z" }
wheels = [
    { url = "https://files.pythonhosted.org/packages/43/e3/7d92a15f894aa0c9c4b49b8ee9ac9850d6e63b03c9c32c0367a13ae62209/mpmath-1.3.0-py3-none-any.whl", hash = "sha256:a0b2b9fe80bbcd81a6647ff13108738cfb482d481d826cc0e02f5b35e5c88d2c", size = 536198, upload-time = "2023-03-07T16:47:09.197Z" },
]

[[package]]
name = "particle"
version = "1.0.1"
source = { registry = "https://pypi.org/simple" }
dependencies = [
    { name = "attrs" },
    { name = "hepunits" },
]
sdist = { url = "https://files.pythonhosted.org/packages/c0/cf/c22d976f32b899e81da7e4e2a47b7d1c1a8f5a6ab38bc6e01d3f2b074714/particle-1.0.1.tar.gz", hash = "sha256:3f2ec4dbb8953c90ba83b891d6534cd82dc1aece4111b79998ff284ce377a922", size = 285779, upload-time = "2026-09-10T14:59:26.818Z" }
wheels = [
    { url = "https://files.pythonhosted.org/packages/43/3d/c3a313039860766c56ec9d5d5e7d02e305c54d49960b4db69e3260253974/particle-1.0.1-py3-none-any.whl", hash = "sha256:9c63b270bd4d1e1ab0f7d7120d548b34ffd12ab7fcfed92dcd646ac4bfd5711c", size = 245606, upload-time = "2026-09-10T14:59:25.116Z" },
]

[[package]]
name = "pdg"
version = "2026.0"
source = { registry = "https://pypi.org/simple" }
dependencies = [
    { name = "sqlalchemy" },
    { name = "typing-extensions" },
]
sdist = { url = "https://files.pythonhosted.org/packages/77/07/d582d4ae647b301ff499a04db4cdaa85681c3bc86c1739b1a4f5c765f4af/pdg-2026.0.tar.gz", hash = "sha256:15b5c2971448608b0f78796c33c16ca3ccf0d593028803702f6e66cfa62e565f", size = 8244310, upload-time = "2026-06-01T22:10:28.028Z" }
wheels = [
    { url = "https://files.pythonhosted.org/packages/c2/9d/d37fbde4b234bad0e788982f550e53c06439a386452a42436e928ecae115/pdg-2026.0-py3-none-any.whl", hash = "sha256:681e11f8c9a5accb1cb41ccb87bf7efd398adec8ea39ddb894630b17b45c8e8a", size = 8289676, upload-time = "2026-06-01T22:10:25.672Z" },
]

[[package]]
name = "python-constraint2"
version = "2.7.3"
source = { registry = "https://pypi.org/simple" }
sdist = { url = "https://files.pythonhosted.org/packages/cb/a7/110e7519d38c6fd37ea60fdb821eb47db82abaaf4b9698bcb1bd281ba36d/python_constraint2-2.7.3.tar.gz", hash = "sha256:9e0dbf061a7be7f2837239cbc51e3d0c5f9521724fb07a987c64f0bf3bce6438", size = 851059, upload-time = "2026-08-18T14:27:31.914Z" }
wheels = [
    { url = "https://files.pythonhosted.org/packages/7a/23/6e66c8cd32639dfaaf981f36ff5831abd452f91ab8c1f136ae3295102d29/python_constraint2-2.7.3-cp313-cp313-macosx_13_0_arm64.whl", hash = "sha256:07a62b3f6e634869d78feb88e1aab961a153ebd99b60e96457bee4ef8f3d1eb9", size = 1771409, upload-time = "2026-08-18T14:26:54.008Z" },
    { url = "https://files.pythonhosted.org/packages/1b/44/3312405204b1ab0d5c6675afb32f1e9bb6036e44eabc1afc1c7949bf7d43/python_constraint2-2.7.3-cp313-cp313-macosx_26_0_arm64.whl", hash = "sha256:5eaa369aafa55462327f8d3251bdffc957eb440e843f8b3e052e17a1aa91b826", size = 1839338, upload-time = "2026-08-18T14:26:55.585Z" },
    { url = "https://files.pythonhosted.org/packages/d7/47/34b25a17886627ffcda08ae92e766cb335bab25cf9ddc2df42dbc5861f72/python_constraint2-2.7.3-cp313-cp313-manylinux2014_x86_64.manylinux_2_17_x86_64.manylinux_2_28_x86_64.whl", hash = "sha256:856efc362a40e362589968804a3df2d216a2294aeb8167373bd22bc615ffc7f1", size = 15028693, upload-time = "2026-08-18T14:26:57.443Z" },
    { url = "https://files.pythonhosted.org/packages/32/47/d072cb8ca6f78ec80bbc5ab55a0478cd28316293221ebdd8399368e5bdef/python_constraint2-2.7.3-cp313-cp313-manylinux_2_35_aarch64.whl", hash = "sha256:ea1bc9a4a2f44af902687cd306e9bfca3749598cc7552099babb43e0c1a86b98", size = 4033679, upload-time = "2026-08-18T14:26:59.955Z" },
    { url = "https://files.pythonhosted.org/packages/1c/15/aafbe5a62af42c803e63f9239ee46c61409ae7d119a333b452a8e6685eaf/python_constraint2-2.7.3-cp313-cp313-manylinux_2_35_x86_64.whl", hash = "sha256:7bbf0c3091233535245bd77712431b06cb8fda013af7befdd972efb51d1a6978", size = 4144799, upload-time = "2026-08-18T14:27:01.565Z" },
    { url = "https://files.pythonhosted.org/packages/74/07/3c30b1967ffd1ba391aba86c2af48bd6ecbe180d2364074ce03125624402/python_constraint2-2.7.3-cp313-cp313-manylinux_2_39_aarch64.whl", hash = "sha256:53285d0b18c93513f5e4dddad0765bb3035c481074d8cf07a03e681b04e8f559", size = 4125954, upload-time = "2026-08-18T14:27:03.317Z" },
    { url = "https://files.pythonhosted.org/packages/8e/ba/045cb1fd049a504e318980eadbcc0af779f4bf9bc5bc2ce689b160b7ef0d/python_constraint2-2.7.3-cp313-cp313-manylinux_2_39_x86_64.whl", hash = "sha256:52b09510347272afa50535a50bc600b24ba221090377fad8a7267df9a5446eb9", size = 4283188, upload-time = "2026-08-18T14:27:05.256Z" },
    { url = "https://files.pythonhosted.org/packages/c2/f9/a4c7ee0b9e56ccf02864109fe13b5b1d51e8a0bbb30fb610396ed2543aab/python_constraint2-2.7.3-cp313-cp313-musllinux_1_2_x86_64.whl", hash = "sha256:2574f5551f3d9ff4c9000b84ff3c997d2e82cadaf1a676628bae0b21ddc4c429", size = 14875680, upload-time = "2026-08-18T14:27:07.217Z" },
    { url = "https://files.pythonhosted.org/packages/be/e6/743024f2de428fcca0cb2ebfb2fbe772ce34e30e073389903986d812dc18/python_constraint2-2.7.3-cp313-cp313-win_amd64.whl", hash = "sha256:8ddfb08d2b1bd319f429cd0465874e81c1e4cbef253e0cff3878e8036de556f8", size = 848041, upload-time = "2026-08-18T14:27:09.945Z" },
    { url = "https://files.pythonhosted.org/packages/15/8b/5141a3173970c6cc03e2def47072f7c48a34f07356a764f74cbae9a5044e/python_constraint2-2.7.3-cp313-cp313-win_arm64.whl", hash = "sha256:e75e022dab016eceb6bdd2b14efb3b325f77aa9c03dd970473c5ba51fb8445f6", size = 848040, upload-time = "2026-08-18T14:27:11.48Z" },
]

[[package]]
name = "pyyaml"
version = "6.0.3"
source = { registry = "https://pypi.org/simple" }
sdist = { url = "https://files.pythonhosted.org/packages/05/8e/961c0007c59b8dd7729d542c61a4d537767a59645b82a0b521206e1e25c2/pyyaml-6.0.3.tar.gz", hash = "sha256:d76623373421df22fb4cf8817020cbb7ef15c725b9d5e45f17e189bfc384190f", size = 130960, upload-time = "2025-09-25T21:33:16.546Z" }
wheels = [
    { url = "https://files.pythonhosted.org/packages/d1/11/0fd08f8192109f7169db964b5707a2f1e8b745d4e239b784a5a1dd80d1db/pyyaml-6.0.3-cp313-cp313-macosx_10_13_x86_64.whl", hash = "sha256:8da9669d359f02c0b91ccc01cac4a67f16afec0dac22c2ad09f46bee0697eba8", size = 181669, upload-time = "2025-09-25T21:32:23.673Z" },
    { url = "https://files.pythonhosted.org/packages/b1/16/95309993f1d3748cd644e02e38b75d50cbc0d9561d21f390a76242ce073f/pyyaml-6.0.3-cp313-cp313-macosx_11_0_arm64.whl", hash = "sha256:2283a07e2c21a2aa78d9c4442724ec1eb15f5e42a723b99cb3d822d48f5f7ad1", size = 173252, upload-time = "2025-09-25T21:32:25.149Z" },
    { url = "https://files.pythonhosted.org/packages/50/31/b20f376d3f810b9b2371e72ef5adb33879b25edb7a6d072cb7ca0c486398/pyyaml-6.0.3-cp313-cp313-manylinux2014_aarch64.manylinux_2_17_aarch64.manylinux_2_28_aarch64.whl", hash = "sha256:ee2922902c45ae8ccada2c5b501ab86c36525b883eff4255313a253a3160861c", size = 767081, upload-time = "2025-09-25T21:32:26.575Z" },
    { url = "https://files.pythonhosted.org/packages/49/1e/a55ca81e949270d5d4432fbbd19dfea5321eda7c41a849d443dc92fd1ff7/pyyaml-6.0.3-cp313-cp313-manylinux2014_s390x.manylinux_2_17_s390x.manylinux_2_28_s390x.whl", hash = "sha256:a33284e20b78bd4a18c8c2282d549d10bc8408a2a7ff57653c0cf0b9be0afce5", size = 841159, upload-time = "2025-09-25T21:32:27.727Z" },
    { url = "https://files.pythonhosted.org/packages/74/27/e5b8f34d02d9995b80abcef563ea1f8b56d20134d8f4e5e81733b1feceb2/pyyaml-6.0.3-cp313-cp313-manylinux2014_x86_64.manylinux_2_17_x86_64.manylinux_2_28_x86_64.whl", hash = "sha256:0f29edc409a6392443abf94b9cf89ce99889a1dd5376d94316ae5145dfedd5d6", size = 801626, upload-time = "2025-09-25T21:32:28.878Z" },
    { url = "https://files.pythonhosted.org/packages/f9/11/ba845c23988798f40e52ba45f34849aa8a1f2d4af4b798588010792ebad6/pyyaml-6.0.3-cp313-cp313-musllinux_1_2_aarch64.whl", hash = "sha256:f7057c9a337546edc7973c0d3ba84ddcdf0daa14533c2065749c9075001090e6", size = 753613, upload-time = "2025-09-25T21:32:30.178Z" },
    { url = "https://files.pythonhosted.org/packages/3d/e0/7966e1a7bfc0a45bf0a7fb6b98ea03fc9b8d84fa7f2229e9659680b69ee3/pyyaml-6.0.3-cp313-cp313-musllinux_1_2_x86_64.whl", hash = "sha256:eda16858a3cab07b80edaf74336ece1f986ba330fdb8ee0d6c0d68fe82bc96be", size = 794115, upload-time = "2025-09-25T21:32:31.353Z" },
    { url = "https://files.pythonhosted.org/packages/de/94/980b50a6531b3019e45ddeada0626d45fa85cbe22300844a7983285bed3b/pyyaml-6.0.3-cp313-cp313-win32.whl", hash = "sha256:d0eae10f8159e8fdad514efdc92d74fd8d682c933a6dd088030f3834bc8e6b26", size = 137427, upload-time = "2025-09-25T21:32:32.58Z" },
    { url = "https://files.pythonhosted.org/packages/97/c9/39d5b874e8b28845e4ec2202b5da735d0199dbe5b8fb85f91398814a9a46/pyyaml-6.0.3-cp313-cp313-win_amd64.whl", hash = "sha256:79005a0d97d5ddabfeeea4cf676af11e647e41d81c9a7722a193022accdb6b7c", size = 154090, upload-time = "2025-09-25T21:32:33.659Z" },
    { url = "https://files.pythonhosted.org/packages/73/e8/2bdf3ca2090f68bb3d75b44da7bbc71843b19c9f2b9cb9b0f4ab7a5a4329/pyyaml-6.0.3-cp313-cp313-win_arm64.whl", hash = "sha256:5498cd1645aa724a7c71c8f378eb29ebe23da2fc0d7a08071d89469bf1d2defb", size = 140246, upload-time = "2025-09-25T21:32:34.663Z" },
]

[[package]]
name = "qrules"
version = "0.10.14"
source = { registry = "https://pypi.org/simple" }
dependencies = [
    { name = "attrs" },
    { name = "frozendict" },
    { name = "jsonschema" },
    { name = "particle" },
    { name = "pdg" },
    { name = "python-constraint2" },
    { name = "pyyaml" },
    { name = "tqdm" },
]
sdist = { url = "https://files.pythonhosted.org/packages/c3/cd/9bbf0bbf84aab6a1701956234d02611ff78ebac3e6d2a088befd63621cdc/qrules-0.10.14.tar.gz", hash = "sha256:1fe8e9ccbd18273a79ac248de292359c32324d2411829cd272e03c82e0a17288", size = 340690, upload-time = "2026-09-14T15:12:04.356Z" }
wheels = [
    { url = "https://files.pythonhosted.org/packages/a2/e5/d48d5765adc9ef4403e91f53d174105dc0f79fff93a00b629a3c20ee9536/qrules-0.10.14-py3-none-any.whl", hash = "sha256:c2b0f8ec532874e0e6b35fca0a5e12e1dbcec68993f11d5cb47bcba56e17820b", size = 90310, upload-time = "2026-09-14T15:12:02.915Z" },
]

[[package]]
name = "referencing"
version = "0.37.0"
source = { registry = "https://pypi.org/simple" }
dependencies = [
    { name = "attrs" },
    { name = "rpds-py" },
]
sdist = { url = "https://files.pythonhosted.org/packages/22/f5/df4e9027acead3ecc63e50fe1e36aca1523e1719559c499951bb4b53188f/referencing-0.37.0.tar.gz", hash = "sha256:44aefc3142c5b842538163acb373e24cce6632bd54bdb01b21ad5863489f50d8", size = 78036, upload-time = "2025-10-13T15:30:48.871Z" }
wheels = [
    { url = "https://files.pythonhosted.org/packages/2c/58/ca301544e1fa93ed4f80d724bf5b194f6e4b945841c5bfd555878eea9fcb/referencing-0.37.0-py3-none-any.whl", hash = "sha256:381329a9f99628c9069361716891d34ad94af76e461dcb0335825aecc7692231", size = 26766, upload-time = "2025-10-13T15:30:47.625Z" },
]

[[package]]
name = "rpds-py"
version = "2026.9.1"
source = { registry = "https://pypi.org/simple" }
sdist = { url = "https://files.pythonhosted.org/packages/42/68/3bd46b8a5e01d3c2ebdf9c5e9497912e3fe0cde02bac21a7130ca866e403/rpds_py-2026.9.1.tar.gz", hash = "sha256:4793ef7f78268b124b73fa933440f01d258bbae01de9fa53e9080c9ab0425a12", size = 63948, upload-time = "2026-10-04T16:32:36.469Z" }
wheels = [
    { url = "https://files.pythonhosted.org/packages/83/ea/ee88fd9e756ff93fb6b1182a47ec09504a242620e33ce1d20679efefe841/rpds_py-2026.9.1-cp313-cp313-macosx_10_12_x86_64.whl", hash = "sha256:a36b70596407634ca82d4b989a3729074a008537a0522e4c8046a67c729103e9", size = 346229, upload-time = "2026-10-04T16:29:38.82Z" },
    { url = "https://files.pythonhosted.org/packages/57/71/a097d6552f837500fc36e6b23d09cfb9890c3cc47531f9ca64e149799615/rpds_py-2026.9.1-cp313-cp313-macosx_11_0_arm64.whl", hash = "sha256:eba5d173f7d5708b22a93815017a4611873ed54db9f268077c0dd1ed99cfc858", size = 340514, upload-time = "2026-10-04T16:29:40.405Z" },
    { url = "https://files.pythonhosted.org/packages/bd/b7/497e85768bf4e0d8ddbaa096a4cac31d1509251dee2728a8490aa367e0b5/rpds_py-2026.9.1-cp313-cp313-manylinux_2_17_aarch64.manylinux2014_aarch64.whl", hash = "sha256:457866b85daf5034296666168b84a69e0b2e89dc4f1af102b46f6448a60b9063", size = 372611, upload-time = "2026-10-04T16:29:41.778Z" },
    { url = "https://files.pythonhosted.org/packages/52/4b/74ab4108916250b6e198e0d3af05bc6835eb046315f22f7a0ceb49667c5a/rpds_py-2026.9.1-cp313-cp313-manylinux_2_17_armv7l.manylinux2014_armv7l.whl", hash = "sha256:a3a52a3ba86436ab3aef510fbe21512abc2ddd1993005dfe50514bd2284ef025", size = 377712, upload-time = "2026-10-04T16:29:43.242Z" },
    { url = "https://files.pythonhosted.org/packages/0c/8e/067e77d9d7b3cc793c9d909b7e97e7aadbbb1fb094093b6876902cc96d38/rpds_py-2026.9.1-cp313-cp313-manylinux_2_17_ppc64le.manylinux2014_ppc64le.whl", hash = "sha256:d7841166b7fa64c9c56404617ae4341448847482d45933b13135d26c130519e5", size = 488106, upload-time = "2026-10-04T16:29:44.692Z" },
    { url = "https://files.pythonhosted.org/packages/3c/b4/c5aae6c2dde269bf955f6b7d35065c655a57e47750d9668052ad67e74dda/rpds_py-2026.9.1-cp313-cp313-manylinux_2_17_s390x.manylinux2014_s390x.whl", hash = "sha256:926bdd3e3b5998ddf70cc64bc8cf57209571f9044542913afb673799fec77dd0", size = 390795, upload-time = "2026-10-04T16:29:46.129Z" },
    { url = "https://files.pythonhosted.org/packages/a0/36/76fab39973ee11e7f9f357c55138197bb01c86f6502cb76487e3b4f42db0/rpds_py-2026.9.1-cp313-cp313-manylinux_2_17_x86_64.manylinux2014_x86_64.whl", hash = "sha256:7868b85224291c6cb6759f9b5adb9745f486d226f62b16a614dd5a2a5ab2b35b", size = 370794, upload-time = "2026-10-04T16:29:47.603Z" },
    { url = "https://files.pythonhosted.org/packages/3d/fe/cd2a80e6d7b871937a60e935c5d507aa390d143f4ff3636f640b9733d5df/rpds_py-2026.9.1-cp313-cp313-manylinux_2_31_riscv64.whl", hash = "sha256:3cd182d7291d29b92c521a0069d9c01ba6193628a9a105531d11b40a6d731a33", size = 375673, upload-time = "2026-10-04T16:29:49.223Z" },
    { url = "https://files.pythonhosted.org/packages/6c/18/7464a9953724e55a3b3206062fa0ffdeaa519584c6aabf65d3956d94f131/rpds_py-2026.9.1-cp313-cp313-manylinux_2_5_i686.manylinux1_i686.whl", hash = "sha256:e6ea1cda8d8c688278430e4268a42f5e5da3bdd74578dfadc0820c3f1766ce83", size = 398758, upload-time = "2026-10-04T16:29:50.601Z" },
    { url = "https://files.pythonhosted.org/packages/c0/86/1534b436700fd49ff411063b7c4d7e938adfabf90895b6cf1622d5a7d1f6/rpds_py-2026.9.1-cp313-cp313-musllinux_1_2_aarch64.whl", hash = "sha256:5943980471829f6de242a20b109de3111ba6b77e3af0ffc587028ac854b05e6c", size = 550370, upload-time = "2026-10-04T16:29:52.002Z" },
    { url = "https://files.pythonhosted.org/packages/57/1c/e1fa82a8a01e3c5820f3ba98a8b2673f642128eb368fa88871b01dd2c909/rpds_py-2026.9.1-cp313-cp313-musllinux_1_2_i686.whl", hash = "sha256:76d3af9732d2dab69f28179b40ba2d87e2f1d5824b4a694780aa787d685e8f36", size = 613106, upload-time = "2026-10-04T16:29:53.655Z" },
    { url = "https://files.pythonhosted.org/packages/29/55/b20b8c4c3dde8755bfcd5b08492a02d0cd2e26929aedf6199ca2a377d42a/rpds_py-2026.9.1-cp313-cp313-musllinux_1_2_x86_64.whl", hash = "sha256:78326f4cb4427a56ba4996c0762b63be45f06b85f086526420d2b3a66e40f84d", size = 578235, upload-time = "2026-10-04T16:29:55.157Z" },
    { url = "https://files.pythonhosted.org/packages/55/42/df3f7bbc3f7ab37a8a9db8d6c2ff2c985422899f1f7926afbf7ec3c0b8b4/rpds_py-2026.9.1-cp313-cp313-win32.whl", hash = "sha256:172e47169583f46ce118cbec68e6795d0da0f4606b488b6434f8276bca0a058c", size = 205293, upload-time = "2026-10-04T16:29:56.669Z" },
    { url = "https://files.pythonhosted.org/packages/31/9c/ba5a9569d719bfdd6ce863df4133ac6a1658cf1b07cc3534c31db729fbbc/rpds_py-2026.9.1-cp313-cp313-win_amd64.whl", hash = "sha256:3e93b2cd69a9830be33e03945cd7cda940a0a8bfcfbff41d6144f0cb0d3d8bd9", size = 222409, upload-time = "2026-10-04T16:29:58.049Z" },
    { url = "https://files.pythonhosted.org/packages/35/72/f28ca566f6c23c35bbf7445f65eb0364577b25a026305995e24f78b83d94/rpds_py-2026.9.1-cp313-cp313-win_arm64.whl", hash = "sha256:d151e148117294133bf8af7eeace085e7e87432db15ab6adf640330298a47f6f", size = 217681, upload-time = "2026-10-04T16:29:59.449Z" },
]

[[package]]
name = "sqlalchemy"
version = "2.1.4"
source = { registry = "https://pypi.org/simple" }
dependencies = [
    { name = "typing-extensions" },
]
sdist = { url = "https://files.pythonhosted.org/packages/1f/44/311bac6b6ef81e4dfd0287d04900108b1f5c00c9761dd3c0a2b7b9d0f86b/sqlalchemy-2.1.4.tar.gz", hash = "sha256:7bd7ad604487daa7eab8716471c29a7185f17b5287ce73bb7bc79fea050d8cfd", size = 10544216, upload-time = "2026-10-07T17:33:59.116Z" }
wheels = [
    { url = "https://files.pythonhosted.org/packages/dc/e4/23174288ed2c03d6dbd5dfacd69e28303ee95f49642a8ed0544932999fb6/sqlalchemy-2.1.4-cp313-cp313-macosx_11_0_arm64.whl", hash = "sha256:70006e9e6157200b795beeee04bd5cb15bccb40a14de595eb9f5dcf5945ed244", size = 2460507, upload-time = "2026-10-07T18:04:40.044Z" },
    { url = "https://files.pythonhosted.org/packages/9f/ac/254fadc98bfd600445b976e81c6d777b08a728a415c3b77a8c8d35b89a83/sqlalchemy-2.1.4-cp313-cp313-manylinux2014_aarch64.manylinux_2_17_aarch64.manylinux_2_28_aarch64.whl", hash = "sha256:3341ddc430733cd961bc064889f42712a0b4056733a21c83176842aad67d12a6", size = 4594505, upload-time = "2026-10-07T18:16:58.768Z" },
    { url = "https://files.pythonhosted.org/packages/83/6f/ac7beddc57c9c87bd77bc1c158fcbcdc20822f1873bf33ea3480d04e865f/sqlalchemy-2.1.4-cp313-cp313-manylinux2014_x86_64.manylinux_2_17_x86_64.manylinux_2_28_x86_64.whl", hash = "sha256:98f7a4bfeaed3722804f737ae2bd4077b35e57d6f4531fe612bac8160cda5acd", size = 4647364, upload-time = "2026-10-07T18:34:51.721Z" },
    { url = "https://files.pythonhosted.org/packages/0a/82/fc3891f261c4738a8b90cfdd805fe292d1af3b77f680a63b7349304c74e5/sqlalchemy-2.1.4-cp313-cp313-manylinux_2_31_riscv64.manylinux_2_39_riscv64.whl", hash = "sha256:ec5d079935f67febe0ab8a3a203ad591b99508adc34ae0027f696dcb20373537", size = 4311619, upload-time = "2026-10-07T18:38:44.002Z" },
    { url = "https://files.pythonhosted.org/packages/b0/1a/160c1320ab20e764a29721dc3fe7c31af34e291c652dca875d1ca6022b9a/sqlalchemy-2.1.4-cp313-cp313-musllinux_1_2_aarch64.whl", hash = "sha256:3d675b0856b6703b29d023517a4c19fecfbb55214ff5c72cd813527e40aed9b4", size = 4518031, upload-time = "2026-10-07T18:17:05.615Z" },
    { url = "https://files.pythonhosted.org/packages/30/2c/15a204333896e5dc63cb089ea20ca3ebc3c892bedf9fa00cc1a65e20d7b5/sqlalchemy-2.1.4-cp313-cp313-musllinux_1_2_riscv64.whl", hash = "sha256:a0bb9ee6a38cb36240dc88da11888348f61506047be54de3f09496c3b0ead6f5", size = 4312818, upload-time = "2026-10-07T18:38:46.541Z" },
    { url = "https://files.pythonhosted.org/packages/a6/55/5e78d288f198598f278b4b7baef42f18e039b14b1e1045e9df3cf571300d/sqlalchemy-2.1.4-cp313-cp313-musllinux_1_2_x86_64.whl", hash = "sha256:61a2c48771cf314b6613d327c795902bbc0eb6d6169deb23b35004ba6ad6cc0d", size = 4608584, upload-time = "2026-10-07T18:34:53.69Z" },
    { url = "https://files.pythonhosted.org/packages/ab/f6/e83b93ecc6e6528623fd7aa2af27ff0660d22354b78fe6ccad03f9ecbd9f/sqlalchemy-2.1.4-cp313-cp313-win32.whl", hash = "sha256:3fd608a06bafa768ad5711df4e17eb058bdc490e9df7d39b12a90947471e8712", size = 2373880, upload-time = "2026-10-07T18:22:11.722Z" },
    { url = "https://files.pythonhosted.org/packages/8f/46/afb02975023db6aa4b8608177c2fae17d0b435d9cbfcb5df4fa6e65a8078/sqlalchemy-2.1.4-cp313-cp313-win_amd64.whl", hash = "sha256:b756d74527c56a7e4cfae297f7930c1d75bdf4b23f214c8c13779746d28060cb", size = 2424430, upload-time = "2026-10-07T18:22:23.688Z" },
    { url = "https://files.pythonhosted.org/packages/21/e5/76dc82d59186b98b27589b33b01175c0d49512679276170271d9384418e2/sqlalchemy-2.1.4-cp313-cp313-win_arm64.whl", hash = "sha256:a64d54015233f824f171009977bfbb6b08bd0347b700cf17cb047ffb94c4148f", size = 2385057, upload-time = "2026-10-07T18:11:48.248Z" },
    { url = "https://files.pythonhosted.org/packages/f7/62/dbf11a262f6fbb41390cab2d8e47a30ec0961018b68201607b599dd489f5/sqlalchemy-2.1.4-py3-none-any.whl", hash = "sha256:0b96edcc2cd60fe1e35f67a46f4eb076e57297841b9eae949ac5f196593f00a7", size = 2054935, upload-time = "2026-10-07T18:01:16.403Z" },
]

[[package]]
name = "sympy"
version = "1.14.0"
source = { registry = "https://pypi.org/simple" }
dependencies = [
    { name = "mpmath" },
]
sdist = { url = "https://files.pythonhosted.org/packages/83/d3/803453b36afefb7c2bb238361cd4ae6125a569b4db67cd9e79846ba2d68c/sympy-1.14.0.tar.gz", hash = "sha256:d3d3fe8df1e5a0b42f0e7bdf50541697dbe7d23746e894990c030e2b05e72517", size = 7793921, upload-time = "2025-04-27T18:05:01.611Z" }
wheels = [
    { url = "https://files.pythonhosted.org/packages/a2/09/77d55d46fd61b4a135c444fc97158ef34a095e5681d0a6c10b75bf356191/sympy-1.14.0-py3-none-any.whl", hash = "sha256:e091cc3e99d2141a0ba2847328f5479b05d94a6635cb96148ccb3f34671bd8f5", size = 6299353, upload-time = "2025-04-27T18:04:59.103Z" },
]

[[package]]
name = "technical-report"
version = "0.1.0"
source = { virtual = "." }
dependencies = [
    { name = "ampform" },
    { name = "sympy" },
]

[package.metadata]
requires-dist = [
    { name = "ampform" },
    { name = "sympy" },
]

[[package]]
name = "tqdm"
version = "4.70.1"
source = { registry = "https://pypi.org/simple" }
dependencies = [
    { name = "colorama", marker = "sys_platform == 'win32'" },
]
sdist = { url = "https://files.pythonhosted.org/packages/0d/ea/b2a5bd54b28a324dae8211928b2d730b6547500342c7e6c6dea08bd0a485/tqdm-4.70.1.tar.gz", hash = "sha256:cefd0eca11b2a37a3aee776544d4f4ae913f02688135b5556b8788dfa474afc4", size = 171846, upload-time = "2026-09-11T07:25:16.601Z" }
wheels = [
    { url = "https://files.pythonhosted.org/packages/a7/03/921a3d3c75785aca9ebfbfcabfbc3a1be12e2ab5265deb026d55a5a3f83e/tqdm-4.70.1-py3-none-any.whl", hash = "sha256:c293e525e6fef9c20e8728fd4612df02a0aa31bb5fe91ecd93e123b1b7bffa73", size = 80199, upload-time = "2026-09-11T07:25:14.599Z" },
]

[[package]]
name = "typing-extensions"
version = "4.16.0"
source = { registry = "https://pypi.org/simple" }
sdist = { url = "https://files.pythonhosted.org/packages/f6/cc/6253133b5bb138fc3306cebfbda2c520f545d36b5be2c7255cc528bb45d6/typing_extensions-4.16.0.tar.gz", hash = "sha256:dc983d19a509c94dba722ee6abd33940f7c05a89e243c47e907eb4db6f1a43e5", size = 113555, upload-time = "2026-07-02T08:40:05.92Z" }
wheels = [
    { url = "https://files.pythonhosted.org/packages/49/d3/b8441a820a491ddfc024b0b0cf0393375b75ea13866d9c66727e54c2fc80/typing_extensions-4.16.0-py3-none-any.whl", hash = "sha256:481caa481374e813c1b176ada14e97f1f67a4539ce9cfeb3f350d78d6370c2e8", size = 45571, upload-time = "2026-07-02T08:40:04.659Z" },
]
