version = 1
revision = 5
requires-python = "==3.14.*"

[[package]]
name = "ampform"
version = "0.16.1"
source = { registry = "https://pypi.org/simple" }
dependencies = [
    { name = "attrs" },
    { name = "frozendict" },
    { name = "qrules" },
    { name = "sympy" },
]
sdist = { url = "https://files.pythonhosted.org/packages/92/44/d41ae41c51ea936de9244134076c89209213de93f5c04443a69631f51fac/ampform-0.16.1.tar.gz", hash = "sha256:202077e8816adc5716a75df7b7e8db28fcfff1229e02badd19ce12897ee4637f", size = 484457, upload-time = "2026-09-09T17:12:22.673Z" }
wheels = [
    { url = "https://files.pythonhosted.org/packages/77/81/fd3c2c4bacdf14844ad1653f6a5386355feeac6a58c20a9508d7868bc330/ampform-0.16.1-py3-none-any.whl", hash = "sha256:0e9723fe22512b3aeb1e8720d486b5d5282905499dafc77be0006b5512132e56", size = 89187, upload-time = "2026-09-09T17:12:21.098Z" },
]

[[package]]
name = "attrs"
version = "26.1.0"
source = { registry = "https://pypi.org/simple" }
sdist = { url = "https://files.pythonhosted.org/packages/9a/8e/82a0fe20a541c03148528be8cac2408564a6c9a0cc7e9171802bc1d26985/attrs-26.1.0.tar.gz", hash = "sha256:d03ceb89cb322a8fd706d4fb91940737b6642aa36998fe130a9bc96c985eff32", size = 952055, upload-time = "2026-03-19T14:22:25.026Z" }
wheels = [
    { url = "https://files.pythonhosted.org/packages/64/b4/17d4b0b2a2dc85a6df63d1157e028ed19f90d4cd97c36717afef2bc2f395/attrs-26.1.0-py3-none-any.whl", hash = "sha256:c647aa4a12dfbad9333ca4e71fe62ddc36f4e63b2d260a37a8b83d2f043ac309", size = 67548, upload-time = "2026-03-19T14:22:23.645Z" },
]

[[package]]
name = "colorama"
version = "0.4.6"
source = { registry = "https://pypi.org/simple" }
sdist = { url = "https://files.pythonhosted.org/packages/d8/53/6f443c9a4a8358a93a6792e2acffb9d9d5cb0a5cfd8802644b7b1c9a02e4/colorama-0.4.6.tar.gz", hash = "sha256:08695f5cb7ed6e0531a20572697297273c47b8cae5a63ffc6d6ed5c201be6e44", size = 27697, upload-time = "2022-10-25T02:36:22.414Z" }
wheels = [
    { url = "https://files.pythonhosted.org/packages/d1/d6/3965ed04c63042e047cb6a3e6ed1a63a35087b6a609aa3a15ed8ac56c221/colorama-0.4.6-py2.py3-none-any.whl", hash = "sha256:4f1d9991f5acc0ca119f9d443620b77f9d6b33703e51011c16baf57afb285fc6", size = 25335, upload-time = "2022-10-25T02:36:20.889Z" },
]

[[package]]
name = "frozendict"
version = "2.4.7"
source = { registry = "https://pypi.org/simple" }
sdist = { url = "https://files.pythonhosted.org/packages/90/b2/2a3d1374b7780999d3184e171e25439a8358c47b481f68be883c14086b4c/frozendict-2.4.7.tar.gz", hash = "sha256:e478fb2a1391a56c8a6e10cc97c4a9002b410ecd1ac28c18d780661762e271bd", size = 317082, upload-time = "2025-11-11T22:40:14.251Z" }
wheels = [
    { url = "https://files.pythonhosted.org/packages/38/74/f94141b38a51a553efef7f510fc213894161ae49b88bffd037f8d2a7cb2f/frozendict-2.4.7-py3-none-any.whl", hash = "sha256:972af65924ea25cf5b4d9326d549e69a9a4918d8a76a9d3a7cd174d98b237550", size = 16264, upload-time = "2025-11-11T22:40:12.836Z" },
]

[[package]]
name = "hepunits"
version = "2.4.7"
source = { registry = "https://pypi.org/simple" }
sdist = { url = "https://files.pythonhosted.org/packages/c7/b7/b5e4ef584c3c5bccad51894790cc53747e276a2ce70b17fcda9683e272ed/hepunits-2.4.7.tar.gz", hash = "sha256:dfbe9e9cdf265aeea1896352ca5eb50609e15d497a03c0466ba4a920763f6337", size = 17978, upload-time = "2026-10-01T11:57:33.568Z" }
wheels = [
    { url = "https://files.pythonhosted.org/packages/88/61/2dce624e88196b648ca989f3297835659ad5727ded0983b1c94f0eebb116/hepunits-2.4.7-py3-none-any.whl", hash = "sha256:6b67e387dbffb579cf8b01892681c6a91440de71e18c7b7578f241324f591895", size = 17091, upload-time = "2026-10-01T11:57:32.21Z" },
]

[[package]]
name = "jsonschema"
version = "4.26.0"
source = { registry = "https://pypi.org/simple" }
dependencies = [
    { name = "attrs" },
    { name = "jsonschema-specifications" },
    { name = "referencing" },
    { name = "rpds-py" },
]
sdist = { url = "https://files.pythonhosted.org/packages/b3/fc/e067678238fa451312d4c62bf6e6cf5ec56375422aee02f9cb5f909b3047/jsonschema-4.26.0.tar.gz", hash = "sha256:0c26707e2efad8aa1bfc5b7ce170f3fccc2e4918ff85989ba9ffa9facb2be326", size = 366583, upload-time = "2026-01-07T13:41:07.246Z" }
wheels = [
    { url = "https://files.pythonhosted.org/packages/69/90/f63fb5873511e014207a475e2bb4e8b2e570d655b00ac19a9a0ca0a385ee/jsonschema-4.26.0-py3-none-any.whl", hash = "sha256:d489f15263b8d200f8387e64b4c3a75f06629559fb73deb8fdfb525f2dab50ce", size = 90630, upload-time = "2026-01-07T13:41:05.306Z" },
]

[[package]]
name = "jsonschema-specifications"
version = "2025.9.1"
source = { registry = "https://pypi.org/simple" }
dependencies = [
    { name = "referencing" },
]
sdist = { url = "https://files.pythonhosted.org/packages/19/74/a633ee74eb36c44aa6d1095e7cc5569bebf04342ee146178e2d36600708b/jsonschema_specifications-2025.9.1.tar.gz", hash = "sha256:b540987f239e745613c7a9176f3edb72b832a4ac465cf02712288397832b5e8d", size = 32855, upload-time = "2025-09-08T01:34:59.186Z" }
wheels = [
    { url = "https://files.pythonhosted.org/packages/41/45/1a4ed80516f02155c51f51e8cedb3c1902296743db0bbc66608a0db2814f/jsonschema_specifications-2025.9.1-py3-none-any.whl", hash = "sha256:98802fee3a11ee76ecaca44429fda8a41bff98b00a0f2838151b113f210cc6fe", size = 18437, upload-time = "2025-09-08T01:34:57.871Z" },
]

[[package]]
name = "mpmath"
version = "1.3.0"
source = { registry = "https://pypi.org/simple" }
sdist = { url = "https://files.pythonhosted.org/packages/e0/47/dd32fa426cc72114383ac549964eecb20ecfd886d1e5ccf5340b55b02f57/mpmath-1.3.0.tar.gz", hash = "sha256:7a28eb2a9774d00c7bc92411c19a89209d5da7c4c9a9e227be8330a23a25b91f", size = 508106, upload-time = "2023-03-07T16:47:11.061Z" }
wheels = [
    { url = "https://files.pythonhosted.org/packages/43/e3/7d92a15f894aa0c9c4b49b8ee9ac9850d6e63b03c9c32c0367a13ae62209/mpmath-1.3.0-py3-none-any.whl", hash = "sha256:a0b2b9fe80bbcd81a6647ff13108738cfb482d481d826cc0e02f5b35e5c88d2c", size = 536198, upload-time = "2023-03-07T16:47:09.197Z" },
]

[[package]]
name = "particle"
version = "1.0.1"
source = { registry = "https://pypi.org/simple" }
dependencies = [
    { name = "attrs" },
    { name = "hepunits" },
]
sdist = { url = "https://files.pythonhosted.org/packages/c0/cf/c22d976f32b899e81da7e4e2a47b7d1c1a8f5a6ab38bc6e01d3f2b074714/particle-1.0.1.tar.gz", hash = "sha256:3f2ec4dbb8953c90ba83b891d6534cd82dc1aece4111b79998ff284ce377a922", size = 285779, upload-time = "2026-09-10T14:59:26.818Z" }
wheels = [
    { url = "https://files.pythonhosted.org/packages/43/3d/c3a313039860766c56ec9d5d5e7d02e305c54d49960b4db69e3260253974/particle-1.0.1-py3-none-any.whl", hash = "sha256:9c63b270bd4d1e1ab0f7d7120d548b34ffd12ab7fcfed92dcd646ac4bfd5711c", size = 245606, upload-time = "2026-09-10T14:59:25.116Z" },
]

[[package]]
name = "pdg"
version = "2026.0"
source = { registry = "https://pypi.org/simple" }
dependencies = [
    { name = "sqlalchemy" },
    { name = "typing-extensions" },
]
sdist = { url = "https://files.pythonhosted.org/packages/77/07/d582d4ae647b301ff499a04db4cdaa85681c3bc86c1739b1a4f5c765f4af/pdg-2026.0.tar.gz", hash = "sha256:15b5c2971448608b0f78796c33c16ca3ccf0d593028803702f6e66cfa62e565f", size = 8244310, upload-time = "2026-06-01T22:10:28.028Z" }
wheels = [
    { url = "https://files.pythonhosted.org/packages/c2/9d/d37fbde4b234bad0e788982f550e53c06439a386452a42436e928ecae115/pdg-2026.0-py3-none-any.whl", hash = "sha256:681e11f8c9a5accb1cb41ccb87bf7efd398adec8ea39ddb894630b17b45c8e8a", size = 8289676, upload-time = "2026-06-01T22:10:25.672Z" },
]

[[package]]
name = "python-constraint2"
version = "2.7.3"
source = { registry = "https://pypi.org/simple" }
sdist = { url = "https://files.pythonhosted.org/packages/cb/a7/110e7519d38c6fd37ea60fdb821eb47db82abaaf4b9698bcb1bd281ba36d/python_constraint2-2.7.3.tar.gz", hash = "sha256:9e0dbf061a7be7f2837239cbc51e3d0c5f9521724fb07a987c64f0bf3bce6438", size = 851059, upload-time = "2026-08-18T14:27:31.914Z" }
wheels = [
    { url = "https://files.pythonhosted.org/packages/24/33/11a5685848b8cb370b62481563d7c92367b2b103fe0dfb6a9290be063a9e/python_constraint2-2.7.3-cp314-cp314-macosx_13_0_arm64.whl", hash = "sha256:79d43d742e3dc557ed5b7eb9231dfffbfdd675fdb81b1a737f7af42380ab1695", size = 1797856, upload-time = "2026-08-18T14:27:12.947Z" },
    { url = "https://files.pythonhosted.org/packages/8a/c8/3360adac9124c29cd1a40481ffda485fefafdc87edaa5c6d9ac98fd0ca50/python_constraint2-2.7.3-cp314-cp314-macosx_26_0_arm64.whl", hash = "sha256:e7e1a0df8528c73cb1032f47fd6d882ca48abcbb259fdc10787e2c297c943a59", size = 1862129, upload-time = "2026-08-18T14:27:14.376Z" },
    { url = "https://files.pythonhosted.org/packages/81/79/c22c3c98bd187bfcfba7397f7bb31f681e43278a705802170a517441161f/python_constraint2-2.7.3-cp314-cp314-manylinux2014_x86_64.manylinux_2_17_x86_64.manylinux_2_28_x86_64.whl", hash = "sha256:613c14f36e5925e19c1dbb36daf9c12b2efc7d669ee12b82cef0dc8b851f9a05", size = 15197187, upload-time = "2026-08-18T14:27:16.19Z" },
    { url = "https://files.pythonhosted.org/packages/66/e0/5741912bae9fad7b518018c88e77633f9bdf22f5f288dc7bb2232f6f5d3d/python_constraint2-2.7.3-cp314-cp314-manylinux_2_35_aarch64.whl", hash = "sha256:b04bde5f44e1530e431d22ca0c036bc69cbc6582c4592809c54e3bcdb8f64747", size = 4041513, upload-time = "2026-08-18T14:27:18.705Z" },
    { url = "https://files.pythonhosted.org/packages/25/9c/90aba2f8c45949143f6fa9b7f314db2d8e5e46cc6bd0d6897f52d1f1f503/python_constraint2-2.7.3-cp314-cp314-manylinux_2_35_x86_64.whl", hash = "sha256:ce27fd327fe7228333750f29c8d68c11c57762eb7d496772a5534de1d5454588", size = 4110120, upload-time = "2026-08-18T14:27:20.722Z" },
    { url = "https://files.pythonhosted.org/packages/8c/41/458e8acdcdf9d7b169c6e72aa42500491f7978f1b92e2556c09b3ace1f61/python_constraint2-2.7.3-cp314-cp314-manylinux_2_39_aarch64.whl", hash = "sha256:6db5e6a4eec3b7164f65d8b61f14e60f47ad25799824a7ff20e0ff53fc846ede", size = 4145941, upload-time = "2026-08-18T14:27:22.413Z" },
    { url = "https://files.pythonhosted.org/packages/e2/81/7751eeaa193255796aeb1577ec0b0fdcfdc5b6209a4b771b2a0147a35625/python_constraint2-2.7.3-cp314-cp314-manylinux_2_39_x86_64.whl", hash = "sha256:6e9b91dc3f3b724e13408bea5de8fe976177f0dd1498ee73bf01a0fdfabb4b42", size = 4246369, upload-time = "2026-08-18T14:27:24.077Z" },
    { url = "https://files.pythonhosted.org/packages/82/19/d3456f1c25e4dc9c3485cd9c451240a409e3c09e1ccc1f5bb2868c2ae753/python_constraint2-2.7.3-cp314-cp314-musllinux_1_2_x86_64.whl", hash = "sha256:e9e1a775fb0c327cae56d48aaab5b9aefadc31a9d917a18b41f6d9fe67399af1", size = 18380325, upload-time = "2026-08-18T14:27:26.036Z" },
    { url = "https://files.pythonhosted.org/packages/ff/f8/867d256d269788492c18c681aa61fde43a86ed51e8190abadea18200ac5a/python_constraint2-2.7.3-cp314-cp314-win_amd64.whl", hash = "sha256:b89a57ba28b9b4f212eee89f6b5899b6bdee2c20946debc45ecf74599d927f0d", size = 857530, upload-time = "2026-08-18T14:27:28.353Z" },
    { url = "https://files.pythonhosted.org/packages/94/05/de120a26f11e292cd6f424de3cf5edde86704291935c49f089af0a782b8e/python_constraint2-2.7.3-cp314-cp314-win_arm64.whl", hash = "sha256:ef268d16d29d4b3557ba938e71c5f4b7b5fc3a087271fb1d003b77305b19e163", size = 857529, upload-time = "2026-08-18T14:27:30.393Z" },
]

[[package]]
name = "pyyaml"
version = "6.0.3"
source = { registry = "https://pypi.org/simple" }
sdist = { url = "https://files.pythonhosted.org/packages/05/8e/961c0007c59b8dd7729d542c61a4d537767a59645b82a0b521206e1e25c2/pyyaml-6.0.3.tar.gz", hash = "sha256:d76623373421df22fb4cf8817020cbb7ef15c725b9d5e45f17e189bfc384190f", size = 130960, upload-time = "2025-09-25T21:33:16.546Z" }
wheels = [
    { url = "https://files.pythonhosted.org/packages/9d/8c/f4bd7f6465179953d3ac9bc44ac1a8a3e6122cf8ada906b4f96c60172d43/pyyaml-6.0.3-cp314-cp314-macosx_10_13_x86_64.whl", hash = "sha256:8d1fab6bb153a416f9aeb4b8763bc0f22a5586065f86f7664fc23339fc1c1fac", size = 181814, upload-time = "2025-09-25T21:32:35.712Z" },
    { url = "https://files.pythonhosted.org/packages/bd/9c/4d95bb87eb2063d20db7b60faa3840c1b18025517ae857371c4dd55a6b3a/pyyaml-6.0.3-cp314-cp314-macosx_11_0_arm64.whl", hash = "sha256:34d5fcd24b8445fadc33f9cf348c1047101756fd760b4dacb5c3e99755703310", size = 173809, upload-time = "2025-09-25T21:32:36.789Z" },
    { url = "https://files.pythonhosted.org/packages/92/b5/47e807c2623074914e29dabd16cbbdd4bf5e9b2db9f8090fa64411fc5382/pyyaml-6.0.3-cp314-cp314-manylinux2014_aarch64.manylinux_2_17_aarch64.manylinux_2_28_aarch64.whl", hash = "sha256:501a031947e3a9025ed4405a168e6ef5ae3126c59f90ce0cd6f2bfc477be31b7", size = 766454, upload-time = "2025-09-25T21:32:37.966Z" },
    { url = "https://files.pythonhosted.org/packages/02/9e/e5e9b168be58564121efb3de6859c452fccde0ab093d8438905899a3a483/pyyaml-6.0.3-cp314-cp314-manylinux2014_s390x.manylinux_2_17_s390x.manylinux_2_28_s390x.whl", hash = "sha256:b3bc83488de33889877a0f2543ade9f70c67d66d9ebb4ac959502e12de895788", size = 836355, upload-time = "2025-09-25T21:32:39.178Z" },
    { url = "https://files.pythonhosted.org/packages/88/f9/16491d7ed2a919954993e48aa941b200f38040928474c9e85ea9e64222c3/pyyaml-6.0.3-cp314-cp314-manylinux2014_x86_64.manylinux_2_17_x86_64.manylinux_2_28_x86_64.whl", hash = "sha256:c458b6d084f9b935061bc36216e8a69a7e293a2f1e68bf956dcd9e6cbcd143f5", size = 794175, upload-time = "2025-09-25T21:32:40.865Z" },
    { url = "https://files.pythonhosted.org/packages/dd/3f/5989debef34dc6397317802b527dbbafb2b4760878a53d4166579111411e/pyyaml-6.0.3-cp314-cp314-musllinux_1_2_aarch64.whl", hash = "sha256:7c6610def4f163542a622a73fb39f534f8c101d690126992300bf3207eab9764", size = 755228, upload-time = "2025-09-25T21:32:42.084Z" },
    { url = "https://files.pythonhosted.org/packages/d7/ce/af88a49043cd2e265be63d083fc75b27b6ed062f5f9fd6cdc223ad62f03e/pyyaml-6.0.3-cp314-cp314-musllinux_1_2_x86_64.whl", hash = "sha256:5190d403f121660ce8d1d2c1bb2ef1bd05b5f68533fc5c2ea899bd15f4399b35", size = 789194, upload-time = "2025-09-25T21:32:43.362Z" },
    { url = "https://files.pythonhosted.org/packages/23/20/bb6982b26a40bb43951265ba29d4c246ef0ff59c9fdcdf0ed04e0687de4d/pyyaml-6.0.3-cp314-cp314-win_amd64.whl", hash = "sha256:4a2e8cebe2ff6ab7d1050ecd59c25d4c8bd7e6f400f5f82b96557ac0abafd0ac", size = 156429, upload-time = "2025-09-25T21:32:57.844Z" },
    { url = "https://files.pythonhosted.org/packages/f4/f4/a4541072bb9422c8a883ab55255f918fa378ecf083f5b85e87fc2b4eda1b/pyyaml-6.0.3-cp314-cp314-win_arm64.whl", hash = "sha256:93dda82c9c22deb0a405ea4dc5f2d0cda384168e466364dec6255b293923b2f3", size = 143912, upload-time = "2025-09-25T21:32:59.247Z" },
    { url = "https://files.pythonhosted.org/packages/7c/f9/07dd09ae774e4616edf6cda684ee78f97777bdd15847253637a6f052a62f/pyyaml-6.0.3-cp314-cp314t-macosx_10_13_x86_64.whl", hash = "sha256:02893d100e99e03eda1c8fd5c441d8c60103fd175728e23e431db1b589cf5ab3", size = 189108, upload-time = "2025-09-25T21:32:44.377Z" },
    { url = "https://files.pythonhosted.org/packages/4e/78/8d08c9fb7ce09ad8c38ad533c1191cf27f7ae1effe5bb9400a46d9437fcf/pyyaml-6.0.3-cp314-cp314t-macosx_11_0_arm64.whl", hash = "sha256:c1ff362665ae507275af2853520967820d9124984e0f7466736aea23d8611fba", size = 183641, upload-time = "2025-09-25T21:32:45.407Z" },
    { url = "https://files.pythonhosted.org/packages/7b/5b/3babb19104a46945cf816d047db2788bcaf8c94527a805610b0289a01c6b/pyyaml-6.0.3-cp314-cp314t-manylinux2014_aarch64.manylinux_2_17_aarch64.manylinux_2_28_aarch64.whl", hash = "sha256:6adc77889b628398debc7b65c073bcb99c4a0237b248cacaf3fe8a557563ef6c", size = 831901, upload-time = "2025-09-25T21:32:48.83Z" },
    { url = "https://files.pythonhosted.org/packages/8b/cc/dff0684d8dc44da4d22a13f35f073d558c268780ce3c6ba1b87055bb0b87/pyyaml-6.0.3-cp314-cp314t-manylinux2014_s390x.manylinux_2_17_s390x.manylinux_2_28_s390x.whl", hash = "sha256:a80cb027f6b349846a3bf6d73b5e95e782175e52f22108cfa17876aaeff93702", size = 861132, upload-time = "2025-09-25T21:32:50.149Z" },
    { url = "https://files.pythonhosted.org/packages/b1/5e/f77dc6b9036943e285ba76b49e118d9ea929885becb0a29ba8a7c75e29fe/pyyaml-6.0.3-cp314-cp314t-manylinux2014_x86_64.manylinux_2_17_x86_64.manylinux_2_28_x86_64.whl", hash = "sha256:00c4bdeba853cc34e7dd471f16b4114f4162dc03e6b7afcc2128711f0eca823c", size = 839261, upload-time = "2025-09-25T21:32:51.808Z" },
    { url = "https://files.pythonhosted.org/packages/ce/88/a9db1376aa2a228197c58b37302f284b5617f56a5d959fd1763fb1675ce6/pyyaml-6.0.3-cp314-cp314t-musllinux_1_2_aarch64.whl", hash = "sha256:66e1674c3ef6f541c35191caae2d429b967b99e02040f5ba928632d9a7f0f065", size = 805272, upload-time = "2025-09-25T21:32:52.941Z" },
    { url = "https://files.pythonhosted.org/packages/da/92/1446574745d74df0c92e6aa4a7b0b3130706a4142b2d1a5869f2eaa423c6/pyyaml-6.0.3-cp314-cp314t-musllinux_1_2_x86_64.whl", hash = "sha256:16249ee61e95f858e83976573de0f5b2893b3677ba71c9dd36b9cf8be9ac6d65", size = 829923, upload-time = "2025-09-25T21:32:54.537Z" },
    { url = "https://files.pythonhosted.org/packages/f0/7a/1c7270340330e575b92f397352af856a8c06f230aa3e76f86b39d01b416a/pyyaml-6.0.3-cp314-cp314t-win_amd64.whl", hash = "sha256:4ad1906908f2f5ae4e5a8ddfce73c320c2a1429ec52eafd27138b7f1cbe341c9", size = 174062, upload-time = "2025-09-25T21:32:55.767Z" },
    { url = "https://files.pythonhosted.org/packages/f1/12/de94a39c2ef588c7e6455cfbe7343d3b2dc9d6b6b2f40c4c6565744c873d/pyyaml-6.0.3-cp314-cp314t-win_arm64.whl", hash = "sha256:ebc55a14a21cb14062aa4162f906cd962b28e2e9ea38f9b4391244cd8de4ae0b", size = 149341, upload-time = "2025-09-25T21:32:56.828Z" },
]

[[package]]
name = "qrules"
version = "0.10.14"
source = { registry = "https://pypi.org/simple" }
dependencies = [
    { name = "attrs" },
    { name = "frozendict" },
    { name = "jsonschema" },
    { name = "particle" },
    { name = "pdg" },
    { name = "python-constraint2" },
    { name = "pyyaml" },
    { name = "tqdm" },
]
sdist = { url = "https://files.pythonhosted.org/packages/c3/cd/9bbf0bbf84aab6a1701956234d02611ff78ebac3e6d2a088befd63621cdc/qrules-0.10.14.tar.gz", hash = "sha256:1fe8e9ccbd18273a79ac248de292359c32324d2411829cd272e03c82e0a17288", size = 340690, upload-time = "2026-09-14T15:12:04.356Z" }
wheels = [
    { url = "https://files.pythonhosted.org/packages/a2/e5/d48d5765adc9ef4403e91f53d174105dc0f79fff93a00b629a3c20ee9536/qrules-0.10.14-py3-none-any.whl", hash = "sha256:c2b0f8ec532874e0e6b35fca0a5e12e1dbcec68993f11d5cb47bcba56e17820b", size = 90310, upload-time = "2026-09-14T15:12:02.915Z" },
]

[[package]]
name = "referencing"
version = "0.37.0"
source = { registry = "https://pypi.org/simple" }
dependencies = [
    { name = "attrs" },
    { name = "rpds-py" },
]
sdist = { url = "https://files.pythonhosted.org/packages/22/f5/df4e9027acead3ecc63e50fe1e36aca1523e1719559c499951bb4b53188f/referencing-0.37.0.tar.gz", hash = "sha256:44aefc3142c5b842538163acb373e24cce6632bd54bdb01b21ad5863489f50d8", size = 78036, upload-time = "2025-10-13T15:30:48.871Z" }
wheels = [
    { url = "https://files.pythonhosted.org/packages/2c/58/ca301544e1fa93ed4f80d724bf5b194f6e4b945841c5bfd555878eea9fcb/referencing-0.37.0-py3-none-any.whl", hash = "sha256:381329a9f99628c9069361716891d34ad94af76e461dcb0335825aecc7692231", size = 26766, upload-time = "2025-10-13T15:30:47.625Z" },
]

[[package]]
name = "rpds-py"
version = "2026.9.1"
source = { registry = "https://pypi.org/simple" }
sdist = { url = "https://files.pythonhosted.org/packages/42/68/3bd46b8a5e01d3c2ebdf9c5e9497912e3fe0cde02bac21a7130ca866e403/rpds_py-2026.9.1.tar.gz", hash = "sha256:4793ef7f78268b124b73fa933440f01d258bbae01de9fa53e9080c9ab0425a12", size = 63948, upload-time = "2026-10-04T16:32:36.469Z" }
wheels = [
    { url = "https://files.pythonhosted.org/packages/8a/f2/67b94be1532767803415c1c5a1fd88ea487643d74a673cec1ba140af77bb/rpds_py-2026.9.1-cp314-cp314-macosx_10_12_x86_64.whl", hash = "sha256:c9d1aca01f49170fdcf5c92761b1fafe97f554b721ca4570c5949fff778f0d4b", size = 347178, upload-time = "2026-10-04T16:30:00.865Z" },
    { url = "https://files.pythonhosted.org/packages/04/37/b751de2b59b0197a1d92a5dd491de88e8a5e928c2e6562581974f1e85263/rpds_py-2026.9.1-cp314-cp314-macosx_11_0_arm64.whl", hash = "sha256:3f0e9ac28fc067d4d34b88ae43c48e9489455c97fee9633d851f7eeed5a05d35", size = 341878, upload-time = "2026-10-04T16:30:02.564Z" },
    { url = "https://files.pythonhosted.org/packages/72/e2/5873bc4643c250db9e05d48dc0c93763d4aa68bc3b81164cb1af3b45b284/rpds_py-2026.9.1-cp314-cp314-manylinux_2_17_aarch64.manylinux2014_aarch64.whl", hash = "sha256:07deecbfce94c78473018bc7d10b337cc651d12df87a1eb2cb3e4024bc9c33d0", size = 373963, upload-time = "2026-10-04T16:30:04.026Z" },
    { url = "https://files.pythonhosted.org/packages/51/03/5acf7632158247f3f6386ff0af3a1ee48167d575037e8d0920594b76d92b/rpds_py-2026.9.1-cp314-cp314-manylinux_2_17_armv7l.manylinux2014_armv7l.whl", hash = "sha256:821b2755db9194409254012f429c56643416fb96ef9be090be82ec8826b7f477", size = 377975, upload-time = "2026-10-04T16:30:05.555Z" },
    { url = "https://files.pythonhosted.org/packages/e6/00/63fda451b8bffa5808fc8bb311ee7c073b340974b09f273c7b2a145d3d62/rpds_py-2026.9.1-cp314-cp314-manylinux_2_17_ppc64le.manylinux2014_ppc64le.whl", hash = "sha256:3c91c210ae7645626c608400e3519b4a642f837cce09ca830db3beb2e9f274d4", size = 490347, upload-time = "2026-10-04T16:30:07.156Z" },
    { url = "https://files.pythonhosted.org/packages/a1/ae/c093ffd070ba0fb02f76c565d06fecc65ad6e4afdbae78f7031076d3cdac/rpds_py-2026.9.1-cp314-cp314-manylinux_2_17_s390x.manylinux2014_s390x.whl", hash = "sha256:54ac2158a6f96cfbabff0b2eedaf94b90c5ec7ca8317fcadc61e1c2b2e0ff6ef", size = 392962, upload-time = "2026-10-04T16:30:08.77Z" },
    { url = "https://files.pythonhosted.org/packages/22/9d/d08a1128ab199b2f0cf25bfeb0639bd05119fff4b7c47bec24ef9a8ec23f/rpds_py-2026.9.1-cp314-cp314-manylinux_2_17_x86_64.manylinux2014_x86_64.whl", hash = "sha256:eac2f5dbafd585dfe31f86a23ebf0d3ba480a9d49ebc87947267b5608d4ea0cd", size = 371623, upload-time = "2026-10-04T16:30:10.501Z" },
    { url = "https://files.pythonhosted.org/packages/53/c7/4758ddcbb75609414bbccfcb11d612436f9b3ee821bd2f33f0f1604ee648/rpds_py-2026.9.1-cp314-cp314-manylinux_2_31_riscv64.whl", hash = "sha256:8aa5dda18d39b6143eb24809d158f9252c88f402749b6f1b62a506cc7d96cc35", size = 376997, upload-time = "2026-10-04T16:30:12.124Z" },
    { url = "https://files.pythonhosted.org/packages/87/e4/947bd7f608ff60faf46dc9d389c3dffd0e3d767d78a0be19978448ef0ce7/rpds_py-2026.9.1-cp314-cp314-manylinux_2_5_i686.manylinux1_i686.whl", hash = "sha256:5c90e7fa02e8f5de0d10c17595c568ada48c5302e749462c0ea1a4c362111a86", size = 400169, upload-time = "2026-10-04T16:30:13.804Z" },
    { url = "https://files.pythonhosted.org/packages/4b/35/fe93e020a0543b5670472c18d7e6af3197c08da571240ce1965c84f85c0f/rpds_py-2026.9.1-cp314-cp314-musllinux_1_2_aarch64.whl", hash = "sha256:e6d198bad4e49dd6732fbd636e2fc5c082f45c8cad0b4acb756b00c82c76072e", size = 551615, upload-time = "2026-10-04T16:30:15.332Z" },
    { url = "https://files.pythonhosted.org/packages/0d/4f/5d2a0136bb03b2a56a39dc6ff92d58a6e3e53a2e17079238b86228882f16/rpds_py-2026.9.1-cp314-cp314-musllinux_1_2_i686.whl", hash = "sha256:96beca19ec79de272e8668585380ff9092c47077c1d7a1e098e00bbd921f4785", size = 614655, upload-time = "2026-10-04T16:30:16.92Z" },
    { url = "https://files.pythonhosted.org/packages/09/1c/3f1025aaf70d9bf7272cc41f8b64ee76b48bf01726248138430e16f23b38/rpds_py-2026.9.1-cp314-cp314-musllinux_1_2_x86_64.whl", hash = "sha256:a5cf77eb04f20b720be95265a3e00eb2a14814074255cc27069c551b2db53118", size = 579602, upload-time = "2026-10-04T16:30:18.555Z" },
    { url = "https://files.pythonhosted.org/packages/53/0d/5c72e6204f76610608706da32b6b7e11ef7e10317558a7bb15a122e008dc/rpds_py-2026.9.1-cp314-cp314-win32.whl", hash = "sha256:a03d57b86d2a51d0a66c92177e2be154ad015f357791d306e714569999cdb4cc", size = 206315, upload-time = "2026-10-04T16:30:20.05Z" },
    { url = "https://files.pythonhosted.org/packages/a4/0b/489d48abbcc7d70cf3fbf662d9d22abf1f4650761c0a9ae05260800800d3/rpds_py-2026.9.1-cp314-cp314-win_amd64.whl", hash = "sha256:837c6b305e26fe0f75b15c92cf3b2ba29e0ae19dc40b1c557b026cb426347d0c", size = 222852, upload-time = "2026-10-04T16:30:21.604Z" },
    { url = "https://files.pythonhosted.org/packages/91/16/bbb05a7e6a10cf79ba639be7f799d770ee15f64175cc61d081b218dd402a/rpds_py-2026.9.1-cp314-cp314-win_arm64.whl", hash = "sha256:fce4b85234a0cbad67bf8e6e1201ee815d172c9aebad75f25645bc4d834f8e31", size = 218709, upload-time = "2026-10-04T16:30:23.036Z" },
    { url = "https://files.pythonhosted.org/packages/22/ac/ac507a0a4ec478ca470440a09583db4be5259ba7670aeba0620822f1e57a/rpds_py-2026.9.1-cp314-cp314t-macosx_10_12_x86_64.whl", hash = "sha256:3a72c11530d71abfb66c8d7696a2f86c43e63fca8b948f1a784ac490f4ec688e", size = 349596, upload-time = "2026-10-04T16:30:24.558Z" },
    { url = "https://files.pythonhosted.org/packages/e9/f2/817a46b658d5070f477f722c298ee9a24525b0e4017347964146ef5fdd0e/rpds_py-2026.9.1-cp314-cp314t-macosx_11_0_arm64.whl", hash = "sha256:068c37bba854ec2fe42f7365c640af11dd9895890ccbf2df5070d0c059bd7f96", size = 343114, upload-time = "2026-10-04T16:30:26.048Z" },
    { url = "https://files.pythonhosted.org/packages/6c/42/6ade976b13ac1b4cb3bf2eb603f1be2fe74df19a29988d4c2b386be59d6f/rpds_py-2026.9.1-cp314-cp314t-manylinux_2_17_aarch64.manylinux2014_aarch64.whl", hash = "sha256:d7fca4eb6df565e2a928f1c7dad92d27db8f9df0f449e76423ed5d7e713ed445", size = 374197, upload-time = "2026-10-04T16:30:27.699Z" },
    { url = "https://files.pythonhosted.org/packages/d9/70/77cdf1d3f1a07faabe936016ae623aec7981f73108a8fe7a203ed2e21998/rpds_py-2026.9.1-cp314-cp314t-manylinux_2_17_armv7l.manylinux2014_armv7l.whl", hash = "sha256:c933c6678c6f116ff8af47a4c6db0868b8ace74af0343016c0ef00f00272ea69", size = 378025, upload-time = "2026-10-04T16:30:29.451Z" },
    { url = "https://files.pythonhosted.org/packages/3f/6b/18a44a3beaa9b7931acb04af7bd9539836477c630a794452d4826d6185d4/rpds_py-2026.9.1-cp314-cp314t-manylinux_2_17_ppc64le.manylinux2014_ppc64le.whl", hash = "sha256:028ad274ea951dac64491b5d1e65712a4aeabfdbdb9fccf797b57bd899b0c495", size = 491969, upload-time = "2026-10-04T16:30:30.995Z" },
    { url = "https://files.pythonhosted.org/packages/73/27/fb39cfd6bddaf741b024f813890374578ff8ac1f1adc473659c048b03b05/rpds_py-2026.9.1-cp314-cp314t-manylinux_2_17_s390x.manylinux2014_s390x.whl", hash = "sha256:740d0a99cf9de0b17a3943388e9294a59becf75e7c43421f387bd3c7a9901f7c", size = 393905, upload-time = "2026-10-04T16:30:32.628Z" },
    { url = "https://files.pythonhosted.org/packages/ed/71/0fa7bb77b57af0d710273964180d11b503f62b8a5c358eb2d8c3f62feff6/rpds_py-2026.9.1-cp314-cp314t-manylinux_2_17_x86_64.manylinux2014_x86_64.whl", hash = "sha256:0da298fb372dc192610a4b9ecbc68a0cd8b675bbbd1fc519d01b41cfd658333e", size = 374569, upload-time = "2026-10-04T16:30:34.257Z" },
    { url = "https://files.pythonhosted.org/packages/54/22/f41cfac269af3b449513ef1bc3d7f32fde52abbbd2d01c7e76b47743acd9/rpds_py-2026.9.1-cp314-cp314t-manylinux_2_31_riscv64.whl", hash = "sha256:eb61be926bb81567c1f48bdc8aa22b9855048dc2efd53871f9f7e6e9a5632346", size = 377482, upload-time = "2026-10-04T16:30:35.997Z" },
    { url = "https://files.pythonhosted.org/packages/b4/fc/312b49006e7f8f9ca5f96647577b8aa6f3df30519c46bd448f5c425af0b2/rpds_py-2026.9.1-cp314-cp314t-manylinux_2_5_i686.manylinux1_i686.whl", hash = "sha256:42e75466f83cd43f6026c81eab74246efb2bdadafb307b85700632d06c68f299", size = 400040, upload-time = "2026-10-04T16:30:37.76Z" },
    { url = "https://files.pythonhosted.org/packages/cf/a6/18cca7a878dc7fa95165a83343fd4d7b65643fd22e54e47340a451121d5c/rpds_py-2026.9.1-cp314-cp314t-musllinux_1_2_aarch64.whl", hash = "sha256:617f59cde379b4f648a09797b7f683d04b90a46344cddab85639da5aff0f5531", size = 551849, upload-time = "2026-10-04T16:30:39.443Z" },
    { url = "https://files.pythonhosted.org/packages/e4/6d/1f5685e20f39604691bdc3c05aaa6b8bd2f954e9e996477adf2376768e33/rpds_py-2026.9.1-cp314-cp314t-musllinux_1_2_i686.whl", hash = "sha256:3edae8c5ddfdb6985d49ae9d150516e5076888879022f91a26c2de9276ce0bdb", size = 614842, upload-time = "2026-10-04T16:30:41.231Z" },
    { url = "https://files.pythonhosted.org/packages/c6/25/98652109fd9f7e10268dd4571aa52b81987001b806f37ef1a18260de714a/rpds_py-2026.9.1-cp314-cp314t-musllinux_1_2_x86_64.whl", hash = "sha256:0f045bb053c9057720d72c56dffe30dffdc05997b2897a827b9325f0ab6623fa", size = 582606, upload-time = "2026-10-04T16:30:43.345Z" },
    { url = "https://files.pythonhosted.org/packages/19/03/11ca09099bab5f53373a80a334c424ec917c13d050760a59499d2af5171e/rpds_py-2026.9.1-cp314-cp314t-win32.whl", hash = "sha256:bf35d0568abda97233239ce32896d3ad53fccc537832c104e30c94aa5fb93569", size = 203341, upload-time = "2026-10-04T16:30:44.954Z" },
    { url = "https://files.pythonhosted.org/packages/6f/8a/88909e3ffd9f47f5b58211473875d8c3c09079f0058c46fb72c55a702a26/rpds_py-2026.9.1-cp314-cp314t-win_amd64.whl", hash = "sha256:1e8d4d79d828299bf44a55db22a9388ab967b49d17132c88eab0f4360b48da8e", size = 222843, upload-time = "2026-10-04T16:30:46.486Z" },
]

[[package]]
name = "sqlalchemy"
version = "2.1.4"
source = { registry = "https://pypi.org/simple" }
dependencies = [
    { name = "typing-extensions" },
]
sdist = { url = "https://files.pythonhosted.org/packages/1f/44/311bac6b6ef81e4dfd0287d04900108b1f5c00c9761dd3c0a2b7b9d0f86b/sqlalchemy-2.1.4.tar.gz", hash = "sha256:7bd7ad604487daa7eab8716471c29a7185f17b5287ce73bb7bc79fea050d8cfd", size = 10544216, upload-time = "2026-10-07T17:33:59.116Z" }
wheels = [
    { url = "https://files.pythonhosted.org/packages/43/b0/6675a01f4e6215e0a809d28a800953294ab31370fe8c4bb3eb9e28c0b5a6/sqlalchemy-2.1.4-cp314-cp314-macosx_11_0_arm64.whl", hash = "sha256:7a2f6164c0527cd8fc4cea79a5c9d8369ffee417b8ba444a42342f36b91deb75", size = 2463645, upload-time = "2026-10-07T18:04:41.615Z" },
    { url = "https://files.pythonhosted.org/packages/7e/24/4630a4009ea08a0769d5ff6517c7fc978f6a63eba32e08c44b98c284d7e4/sqlalchemy-2.1.4-cp314-cp314-manylinux2014_aarch64.manylinux_2_17_aarch64.manylinux_2_28_aarch64.whl", hash = "sha256:6929a11ad26a91a4efd891c1252b373c2e88f056910b83ec6030ed3f2cbcb734", size = 4587911, upload-time = "2026-10-07T18:17:12.512Z" },
    { url = "https://files.pythonhosted.org/packages/0e/02/953686f44448b92cc628245687a242799b6eb11ef30ad2bc7adacd51986d/sqlalchemy-2.1.4-cp314-cp314-manylinux2014_x86_64.manylinux_2_17_x86_64.manylinux_2_28_x86_64.whl", hash = "sha256:14528d37d7d46a92f2a483f188f7fecd86cdd789254a0412b960c9fc5e9efd6d", size = 4617539, upload-time = "2026-10-07T18:34:55.826Z" },
    { url = "https://files.pythonhosted.org/packages/13/23/a44288ab4fa12e51c9d390e7d798d70a45669ddcbddc9dd9b5948eb1aa3f/sqlalchemy-2.1.4-cp314-cp314-manylinux_2_31_riscv64.manylinux_2_39_riscv64.whl", hash = "sha256:d2cb669c6bd1f19caf51db6e3c4fdd4cbb76f9db3ef81c3aeb5e288d9bae101b", size = 4310883, upload-time = "2026-10-07T18:38:50.265Z" },
    { url = "https://files.pythonhosted.org/packages/a3/39/1c441ac015767f619a9e6cc306905bb042f94b84f2a1e930e989e9c6e209/sqlalchemy-2.1.4-cp314-cp314-musllinux_1_2_aarch64.whl", hash = "sha256:63dc25b21fd9a41dc09b7aada4b3b0d97cf4b6414f74bced6ac45326bc799ac9", size = 4516511, upload-time = "2026-10-07T18:17:14.368Z" },
    { url = "https://files.pythonhosted.org/packages/2f/b9/f54ea5ccb27d9a712d90d1617050bee761df25dc1fb5e0b7d2aa867deb51/sqlalchemy-2.1.4-cp314-cp314-musllinux_1_2_riscv64.whl", hash = "sha256:308f96d24e773d64609a2a0d1161a068f9f6e9165523bc4e07aa9c45f0c4213f", size = 4312314, upload-time = "2026-10-07T18:38:53.249Z" },
    { url = "https://files.pythonhosted.org/packages/df/9a/c1e39287ee988e4c2e25c619959b8fb15b297734be040653fe85b57517ee/sqlalchemy-2.1.4-cp314-cp314-musllinux_1_2_x86_64.whl", hash = "sha256:93b9416b9011a3b7689a933e04ac9f61d15686b6cb1948ebc1f41467153116c3", size = 4577833, upload-time = "2026-10-07T18:34:57.829Z" },
    { url = "https://files.pythonhosted.org/packages/41/78/5f1ae1911d2b20ccdb39ee522118533a4b5262b6e5e06bbcbb1ebd1f4617/sqlalchemy-2.1.4-cp314-cp314-win32.whl", hash = "sha256:89db94855287fdac98d74595cf13ea59fbffa608d6400ff972b0fd4c036d873f", size = 2380724, upload-time = "2026-10-07T18:22:25.374Z" },
    { url = "https://files.pythonhosted.org/packages/ca/93/4dfa4ce15d082011fb94e06e7c6b4c2957a3f0ddeb8fe9b89d007bc058d7/sqlalchemy-2.1.4-cp314-cp314-win_amd64.whl", hash = "sha256:080f8d853aac5bb5620f0ae6f46527397cf18dce0ec2b478b478469ef3cae2c4", size = 2431689, upload-time = "2026-10-07T18:22:27.144Z" },
    { url = "https://files.pythonhosted.org/packages/1a/c4/6f6c29eaf459c4c2d9b7d24e300bab32043f8f8a936df863f3b886b5564a/sqlalchemy-2.1.4-cp314-cp314-win_arm64.whl", hash = "sha256:64d41be1dd88f184de1931f0173f4827122a1b49fd1150656641200c0bdf640c", size = 2396106, upload-time = "2026-10-07T18:11:49.528Z" },
    { url = "https://files.pythonhosted.org/packages/a5/e9/48f851411665e394f60c669d1f9494d660f5f1fe46e275f9615cfc812a98/sqlalchemy-2.1.4-cp314-cp314t-macosx_11_0_arm64.whl", hash = "sha256:84272f329c15081a1e09b4a7261118b4e8a547f43e00fca98e55bbdf19eff3be", size = 2503038, upload-time = "2026-10-07T18:19:41.094Z" },
    { url = "https://files.pythonhosted.org/packages/41/ed/bf83068bda4051d7fd719c14cefc15d8466ef1e3656b9f4401b0509b11e0/sqlalchemy-2.1.4-cp314-cp314t-manylinux2014_aarch64.manylinux_2_17_aarch64.manylinux_2_28_aarch64.whl", hash = "sha256:7b3f58bd26fc010ea28976d401845e4e6ce02e1b7c0288b3ea9c9a3c396f0bcc", size = 4919623, upload-time = "2026-10-07T18:16:45.399Z" },
    { url = "https://files.pythonhosted.org/packages/56/de/57eb70d56b70d22a9360d658b195834ecfdeff7a7bc5c2e3a7fa7a8f7823/sqlalchemy-2.1.4-cp314-cp314t-manylinux2014_x86_64.manylinux_2_17_x86_64.manylinux_2_28_x86_64.whl", hash = "sha256:82d728075d42bd457d09655cf22e99d772a648c6f67e86743a4f05b7d063ca18", size = 4830238, upload-time = "2026-10-07T18:37:04.468Z" },
    { url = "https://files.pythonhosted.org/packages/70/3d/c410e9e79a53fff4c04444da609fed6404868d250f11fe8bc53d827bfb0e/sqlalchemy-2.1.4-cp314-cp314t-manylinux_2_31_riscv64.manylinux_2_39_riscv64.whl", hash = "sha256:0970394ec5d9e397aafc5bc5fa2b7f8b58cb191f2703006b19a96ef4bf00b8d9", size = 4508380, upload-time = "2026-10-07T18:38:44.277Z" },
    { url = "https://files.pythonhosted.org/packages/1f/c3/01b93821ba35b5b162e79c613279d960a120767694f656da1c1374dd3ed3/sqlalchemy-2.1.4-cp314-cp314t-musllinux_1_2_aarch64.whl", hash = "sha256:6005f2f5fcd67fdd721446128e6a2a1d18f77387a604fbd26b0006a086b33096", size = 4775311, upload-time = "2026-10-07T18:16:47.724Z" },
    { url = "https://files.pythonhosted.org/packages/c7/88/0b40754e4d851d33548792062c23467a3d8dc07f2eff90cb19e4c404fb4c/sqlalchemy-2.1.4-cp314-cp314t-musllinux_1_2_riscv64.whl", hash = "sha256:0e01a3e199ae219381c4889993c5584b1b905fffe6830f639adb6770036a8913", size = 4508558, upload-time = "2026-10-07T18:38:47.857Z" },
    { url = "https://files.pythonhosted.org/packages/d3/2f/3916954eca5596d9e93fccd2ec0e45fd8c65981debac0ec4617639ded6ba/sqlalchemy-2.1.4-cp314-cp314t-musllinux_1_2_x86_64.whl", hash = "sha256:22129e7d00ac66b291840c4dc83a9c497456ab5bffa682dcbfdc2356f9e49e5a", size = 4767114, upload-time = "2026-10-07T18:37:06.792Z" },
    { url = "https://files.pythonhosted.org/packages/6b/d6/6a29716aec6ae17cd77e27b5e0dedc68cf9068594f2b601806c1d146427a/sqlalchemy-2.1.4-cp314-cp314t-win32.whl", hash = "sha256:bc33d3e59d4e84b8866cc9ba13732585e37212dbe3542cb09f232682b36f47a5", size = 2439584, upload-time = "2026-10-07T18:22:44.434Z" },
    { url = "https://files.pythonhosted.org/packages/34/79/2f0b33647d2d26f098269096c1864c0b4e81095354cdedb95192647f47cd/sqlalchemy-2.1.4-cp314-cp314t-win_amd64.whl", hash = "sha256:346d144e8912ae087b10d3c2081657cb634728600693eee6dbb71d7eb4768101", size = 2507217, upload-time = "2026-10-07T18:22:46.176Z" },
    { url = "https://files.pythonhosted.org/packages/93/e5/869c1ac0a21e17e4617b6a7828b50320bedb7074b6d67aec59299be5cdba/sqlalchemy-2.1.4-cp314-cp314t-win_arm64.whl", hash = "sha256:3e5de57c71b3460e2ca6137e82cd3cb8c9f711f301f50d5c77156fdb9c822999", size = 2425329, upload-time = "2026-10-07T18:12:20.595Z" },
    { url = "https://files.pythonhosted.org/packages/f7/62/dbf11a262f6fbb41390cab2d8e47a30ec0961018b68201607b599dd489f5/sqlalchemy-2.1.4-py3-none-any.whl", hash = "sha256:0b96edcc2cd60fe1e35f67a46f4eb076e57297841b9eae949ac5f196593f00a7", size = 2054935, upload-time = "2026-10-07T18:01:16.403Z" },
]

[[package]]
name = "sympy"
version = "1.14.0"
source = { registry = "https://pypi.org/simple" }
dependencies = [
    { name = "mpmath" },
]
sdist = { url = "https://files.pythonhosted.org/packages/83/d3/803453b36afefb7c2bb238361cd4ae6125a569b4db67cd9e79846ba2d68c/sympy-1.14.0.tar.gz", hash = "sha256:d3d3fe8df1e5a0b42f0e7bdf50541697dbe7d23746e894990c030e2b05e72517", size = 7793921, upload-time = "2025-04-27T18:05:01.611Z" }
wheels = [
    { url = "https://files.pythonhosted.org/packages/a2/09/77d55d46fd61b4a135c444fc97158ef34a095e5681d0a6c10b75bf356191/sympy-1.14.0-py3-none-any.whl", hash = "sha256:e091cc3e99d2141a0ba2847328f5479b05d94a6635cb96148ccb3f34671bd8f5", size = 6299353, upload-time = "2025-04-27T18:04:59.103Z" },
]

[[package]]
name = "technical-report"
version = "0.1.0"
source = { virtual = "." }
dependencies = [
    { name = "ampform" },
    { name = "sympy" },
]

[package.metadata]
requires-dist = [
    { name = "ampform" },
    { name = "sympy" },
]

[[package]]
name = "tqdm"
version = "4.70.1"
source = { registry = "https://pypi.org/simple" }
dependencies = [
    { name = "colorama", marker = "sys_platform == 'win32'" },
]
sdist = { url = "https://files.pythonhosted.org/packages/0d/ea/b2a5bd54b28a324dae8211928b2d730b6547500342c7e6c6dea08bd0a485/tqdm-4.70.1.tar.gz", hash = "sha256:cefd0eca11b2a37a3aee776544d4f4ae913f02688135b5556b8788dfa474afc4", size = 171846, upload-time = "2026-09-11T07:25:16.601Z" }
wheels = [
    { url = "https://files.pythonhosted.org/packages/a7/03/921a3d3c75785aca9ebfbfcabfbc3a1be12e2ab5265deb026d55a5a3f83e/tqdm-4.70.1-py3-none-any.whl", hash = "sha256:c293e525e6fef9c20e8728fd4612df02a0aa31bb5fe91ecd93e123b1b7bffa73", size = 80199, upload-time = "2026-09-11T07:25:14.599Z" },
]

[[package]]
name = "typing-extensions"
version = "4.16.0"
source = { registry = "https://pypi.org/simple" }
sdist = { url = "https://files.pythonhosted.org/packages/f6/cc/6253133b5bb138fc3306cebfbda2c520f545d36b5be2c7255cc528bb45d6/typing_extensions-4.16.0.tar.gz", hash = "sha256:dc983d19a509c94dba722ee6abd33940f7c05a89e243c47e907eb4db6f1a43e5", size = 113555, upload-time = "2026-07-02T08:40:05.92Z" }
wheels = [
    { url = "https://files.pythonhosted.org/packages/49/d3/b8441a820a491ddfc024b0b0cf0393375b75ea13866d9c66727e54c2fc80/typing_extensions-4.16.0-py3-none-any.whl", hash = "sha256:481caa481374e813c1b176ada14e97f1f67a4539ce9cfeb3f350d78d6370c2e8", size = 45571, upload-time = "2026-07-02T08:40:04.659Z" },
]
