version = 1
revision = 3
requires-python = "==3.13.*"

[[package]]
name = "black"
version = "26.10.0"
source = { registry = "https://pypi.org/simple" }
dependencies = [
    { name = "click" },
    { name = "mypy-extensions" },
    { name = "packaging" },
    { name = "pathspec" },
    { name = "platformdirs" },
    { name = "pytokens" },
]
sdist = { url = "https://files.pythonhosted.org/packages/d9/38/02b7c5d2475f40c000a142b3bcddd29ff6674617eba1b2236f0cda9fff41/black-26.10.0.tar.gz", hash = "sha256:b3476ce71b494fc6e39d77e75488e8339a87583029bbf608416e955c83582bd6", size = 728037, upload-time = "2026-10-04T16:52:29.588Z" }
wheels = [
    { url = "https://files.pythonhosted.org/packages/10/b6/13836c2ce9abc41f7eb9b5b1c429cd0f60c486dd42effc29816be87ab934/black-26.10.0-cp313-cp313-macosx_10_13_x86_64.whl", hash = "sha256:db0894554f5a95b33874ad7bc6040360f2b126b8d6c9b47d8ddfbd5c6a030618", size = 2128913, upload-time = "2026-10-04T16:56:37.231Z" },
    { url = "https://files.pythonhosted.org/packages/50/92/e57a6fd06ae08426af6b65488159196739d74b84adecc2e8ab2c054c8b9c/black-26.10.0-cp313-cp313-macosx_11_0_arm64.whl", hash = "sha256:69e5bf5e22660dba002e102e43a2dce1924b098781c9665bffa1ffd2d490ebc5", size = 1956555, upload-time = "2026-10-04T16:56:38.745Z" },
    { url = "https://files.pythonhosted.org/packages/a9/4d/83af294b744f8d2dbdcd1294b9a96abff491e5230140b74d13c0f7e51532/black-26.10.0-cp313-cp313-manylinux2014_x86_64.manylinux_2_17_x86_64.manylinux_2_28_x86_64.whl", hash = "sha256:87fd0c6c769c650439e7107742f0d6493bfb117fab95d97ef1eb2381d1713258", size = 2037339, upload-time = "2026-10-04T16:56:40.311Z" },
    { url = "https://files.pythonhosted.org/packages/a9/77/58decfe5773842e9907a2ea4d96321fd714930529fd8208833ecd9cd2455/black-26.10.0-cp313-cp313-win_amd64.whl", hash = "sha256:7ced1df50785931b06d5ee7264cdcd246fab0cacd83c8dc7f1b2774d85d23e05", size = 1610275, upload-time = "2026-10-04T16:56:41.831Z" },
    { url = "https://files.pythonhosted.org/packages/1e/10/cada8b8ab17c55209c6fd4b7a155b22ab8bb464fb5f4a10cb219afe37d66/black-26.10.0-cp313-cp313-win_arm64.whl", hash = "sha256:45889344b08ceb9c23733ec48873872d19e2ed3d1d64b3aee6c07745bf44d4a9", size = 1453720, upload-time = "2026-10-04T16:56:43.367Z" },
    { url = "https://files.pythonhosted.org/packages/a8/fe/254aa53014e1c72af56c72a82e6286006140649161684c2b2fe4c285dfd2/black-26.10.0-py3-none-any.whl", hash = "sha256:b532e40012f21a8a0e8c5996ea8f5f8413dc89793361aa9e2f451826d0ebd711", size = 234882, upload-time = "2026-10-04T16:52:27.557Z" },
]

[[package]]
name = "click"
version = "8.5.0"
source = { registry = "https://pypi.org/simple" }
sdist = { url = "https://files.pythonhosted.org/packages/c7/0e/7fa0ef50764b67090eca4114772a2abf8b6148198475e54c660b97caeee6/click-8.5.0.tar.gz", hash = "sha256:ba0d2089de75ea0310e2dde03160e6ca10009947fb95a182f9b54021bb272e34", size = 382235, upload-time = "2026-08-26T13:33:14.56Z" }
wheels = [
    { url = "https://files.pythonhosted.org/packages/58/50/6c0d534c5f134586a8e1ba4e330569e32f057e33372ae556463212fb4cd3/click-8.5.0-py3-none-any.whl", hash = "sha256:255bc9599cf7748b4b1a446ccc735421bd08a2ae529a8b88597d3de5664ee360", size = 125251, upload-time = "2026-08-26T13:33:12.928Z" },
]

[[package]]
name = "contourpy"
version = "1.4.0"
source = { registry = "https://pypi.org/simple" }
dependencies = [
    { name = "numpy" },
]
sdist = { url = "https://files.pythonhosted.org/packages/83/5a/a55177dd22553a277388e8a1b3220e92de91bacb28356cdc73caa240121d/contourpy-1.4.0.tar.gz", hash = "sha256:20156f5a1ac4f8ce02656e39a61e82164a3d359796dc8026f75b062783d500e1", size = 13323726, upload-time = "2026-09-11T19:05:05.808Z" }
wheels = [
    { url = "https://files.pythonhosted.org/packages/b7/8b/62a6eacea08ea0b6ab0159a7783df7ed421ff9c1ff58fef7c31f58fa5e52/contourpy-1.4.0-cp313-cp313-macosx_10_13_x86_64.whl", hash = "sha256:e21d1d4a9db5b3a793649c7ab0ddb4697f2818929eec871a7b9c45fce7b2a1ea", size = 297330, upload-time = "2026-09-11T19:03:11.809Z" },
    { url = "https://files.pythonhosted.org/packages/3f/2f/103cdc5b7077cd569989d3ddb99ee3d4e96ee31bde8df2a6e426b2dc6195/contourpy-1.4.0-cp313-cp313-macosx_11_0_arm64.whl", hash = "sha256:196759a3e4db60e1546167e361090ebb6d199aa3aafc9e34ea17a5ac3b23e814", size = 285037, upload-time = "2026-09-11T19:03:13.781Z" },
    { url = "https://files.pythonhosted.org/packages/bf/25/97001d1fdf940e6f5adfc592d4f5899fff95daf7dceead3988fe09987d2d/contourpy-1.4.0-cp313-cp313-manylinux_2_26_aarch64.manylinux_2_28_aarch64.whl", hash = "sha256:9c0e07c691f3b3321913ed9b8161c50ea5f77fadd006f52f5e755359b0dcbfc5", size = 356675, upload-time = "2026-09-11T19:03:15.374Z" },
    { url = "https://files.pythonhosted.org/packages/a6/5e/9a7241a89e2f74402aefa2569e1349ad2750ff77823c04c788eaaedb7fdd/contourpy-1.4.0-cp313-cp313-manylinux_2_26_ppc64le.manylinux_2_28_ppc64le.whl", hash = "sha256:7f861af508fca2384eef392bc1d8377cfa349b2b854cb11b45d89c75780e2561", size = 406990, upload-time = "2026-09-11T19:03:17.44Z" },
    { url = "https://files.pythonhosted.org/packages/36/81/3a4fbbf6a806eada5453a6d16f6c7d96b9f4b3e57a3127368fb545986b8a/contourpy-1.4.0-cp313-cp313-manylinux_2_26_s390x.manylinux_2_28_s390x.whl", hash = "sha256:a03b32c2e7eda8b17757c022162c13c86f5c3d6f937dddf9ba3c3ff7b513953b", size = 407271, upload-time = "2026-09-11T19:03:19.523Z" },
    { url = "https://files.pythonhosted.org/packages/68/77/8f93ecbde1a4d11dfd460cd19a0c159f5487352e751fa87f5d78cc9db08e/contourpy-1.4.0-cp313-cp313-manylinux_2_27_x86_64.manylinux_2_28_x86_64.whl", hash = "sha256:f1219a8898523cba821085f2da8a1b962cc696325763f09d7f93538ba43b2d70", size = 384707, upload-time = "2026-09-11T19:03:21.208Z" },
    { url = "https://files.pythonhosted.org/packages/05/07/e5cdf94d68961ee464de6b4fedd3d2f666584f59ccd124bb1290597122ab/contourpy-1.4.0-cp313-cp313-musllinux_1_2_aarch64.whl", hash = "sha256:20da2f86bfaed60dbba729fe738c8241b1dd22b6cf7e8cbbf30df290bd04ba28", size = 1356741, upload-time = "2026-09-11T19:03:23.621Z" },
    { url = "https://files.pythonhosted.org/packages/fd/8a/2301d07accb257ac08daeb631875fada06fedd019c20ff7b00ee07e9d211/contourpy-1.4.0-cp313-cp313-musllinux_1_2_x86_64.whl", hash = "sha256:6ced1670fafee703b8277ab1645072a226e74f167166eae146fb743916119b67", size = 1426793, upload-time = "2026-09-11T19:03:25.955Z" },
    { url = "https://files.pythonhosted.org/packages/7d/5d/a62648f06259d15c139b14eb8cf3c58fe53cb970a55f2bb77d1070e80a41/contourpy-1.4.0-cp313-cp313-pyemscripten_2025_0_wasm32.whl", hash = "sha256:abd0f7e51ecc52bf8c95713bd80b1c17c516a71fa391c54475308a4377903c2b", size = 117961, upload-time = "2026-09-11T19:03:27.713Z" },
    { url = "https://files.pythonhosted.org/packages/71/31/c5b7771ba6982f319ec90c0cf5c425b36891adfeee2d9f667f90b2d0c166/contourpy-1.4.0-cp313-cp313-win32.whl", hash = "sha256:510f7d93d94cf6ebf4e2cd0640bea16ab8affac7547230175b6745b596ce0599", size = 347438, upload-time = "2026-09-11T19:03:29.829Z" },
    { url = "https://files.pythonhosted.org/packages/68/c1/a59df0754bf83a6f3e153cc19d550a5b01f607e389b1c4d57f436f9139e0/contourpy-1.4.0-cp313-cp313-win_amd64.whl", hash = "sha256:6507a016976a75a15aee47809a34605de6244ccc056e6164bf9fb14b27eecad4", size = 234084, upload-time = "2026-09-11T19:03:31.657Z" },
    { url = "https://files.pythonhosted.org/packages/41/48/97224f5decb1efa5a610f912195deb45321f73ec9b9dac485cd6fe2d5a6a/contourpy-1.4.0-cp313-cp313-win_arm64.whl", hash = "sha256:423bd5f4b3f11d54a8c597234e513382e3454bb106b8ec7ae32ba4ed63f8d99b", size = 559559, upload-time = "2026-09-11T19:03:33.528Z" },
]

[[package]]
name = "cycler"
version = "0.12.1"
source = { registry = "https://pypi.org/simple" }
sdist = { url = "https://files.pythonhosted.org/packages/a9/95/a3dbbb5028f35eafb79008e7522a75244477d2838f38cbb722248dabc2a8/cycler-0.12.1.tar.gz", hash = "sha256:88bb128f02ba341da8ef447245a9e138fae777f6a23943da4540077d3601eb1c", size = 7615, upload-time = "2023-10-07T05:32:18.335Z" }
wheels = [
    { url = "https://files.pythonhosted.org/packages/e7/05/c19819d5e3d95294a6f5947fb9b9629efb316b96de511b418c53d245aae6/cycler-0.12.1-py3-none-any.whl", hash = "sha256:85cef7cff222d8644161529808465972e51340599459b8ac3ccbac5a854e0d30", size = 8321, upload-time = "2023-10-07T05:32:16.783Z" },
]

[[package]]
name = "fonttools"
version = "4.66.1"
source = { registry = "https://pypi.org/simple" }
sdist = { url = "https://files.pythonhosted.org/packages/87/b6/126c659ab7e0e03e01a5f5d223abf7b2c0691ae92718085a212a3924a2a3/fonttools-4.66.1.tar.gz", hash = "sha256:64967c6ddb0d4c610dfd8cb1485981b2d27972ddfb7d4bbbd9e199d2a089c450", size = 3694174, upload-time = "2026-09-29T16:11:53.706Z" }
wheels = [
    { url = "https://files.pythonhosted.org/packages/cb/f4/e410b8c913da5b3fdbb4d16db0f2d2a0952f59c4db8d52dcf2d421d82044/fonttools-4.66.1-cp313-cp313-macosx_10_13_universal2.whl", hash = "sha256:53e5854ea8003efec34adc0863c18ce91da923018354d27366f7fee7db928d7a", size = 3095249, upload-time = "2026-09-29T16:10:25.261Z" },
    { url = "https://files.pythonhosted.org/packages/5c/6a/275108baf41d9f2f4d1d77cf5f1e22200fe47efd5099dafabc3eba0b6197/fonttools-4.66.1-cp313-cp313-macosx_10_13_x86_64.whl", hash = "sha256:60f5ea17aed4262630afa43f26997ceabd6417fa05dcedf54c665f5a29193e18", size = 2587288, upload-time = "2026-09-29T16:10:27.101Z" },
    { url = "https://files.pythonhosted.org/packages/db/e7/11e5e6beb7e336d80f0ca870ae080033a91ebfe34fd5390dbcf78f8df56f/fonttools-4.66.1-cp313-cp313-manylinux2014_aarch64.manylinux_2_17_aarch64.manylinux_2_28_aarch64.whl", hash = "sha256:1801fdad5600118327171e0e8aa79f7cc48831dd55ab36998c9de03bd5ffe6cd", size = 5389836, upload-time = "2026-09-29T16:10:28.988Z" },
    { url = "https://files.pythonhosted.org/packages/4c/1c/6ec22372362b03350fe3da7bf33491a07cc9a553a36dd2383b76ec1741eb/fonttools-4.66.1-cp313-cp313-manylinux2014_x86_64.manylinux_2_17_x86_64.whl", hash = "sha256:83572afe48733bad7a4a9c11721d3a726c2e976d82b063fc9bdd049d76955abd", size = 5372059, upload-time = "2026-09-29T16:10:31.011Z" },
    { url = "https://files.pythonhosted.org/packages/4b/4a/cb7971f1c0f40f891028ee8c46dadc6897ef61e44aa925a23fba2ef06e2a/fonttools-4.66.1-cp313-cp313-musllinux_1_2_aarch64.whl", hash = "sha256:08d8956e3ec990c75230d92f1630b215e8f3738c83a003421c22b31ebfd0ce15", size = 5332824, upload-time = "2026-09-29T16:10:33.563Z" },
    { url = "https://files.pythonhosted.org/packages/e0/86/563e671f1d43fa8ffb2518d7fe16630fb16c7faf0420cc39f8e80181f486/fonttools-4.66.1-cp313-cp313-musllinux_1_2_x86_64.whl", hash = "sha256:fdf4afd75c643e60ef4a96fe64fc8a9def27d2a542112332371a9e5066885f9a", size = 5490659, upload-time = "2026-09-29T16:10:35.788Z" },
    { url = "https://files.pythonhosted.org/packages/79/f7/2573ddfd256be6503458f8523e2893443e66257fc17f6055d7e0f0e721b7/fonttools-4.66.1-cp313-cp313-win32.whl", hash = "sha256:dbb7b950f8c02deaffb6968994691e8589d671b7ef8396bc9d5b5c0dfbb7292f", size = 2433450, upload-time = "2026-09-29T16:10:37.738Z" },
    { url = "https://files.pythonhosted.org/packages/d1/86/68bc2be04b83535607fbb70ebb2ba02380bf4286d79597c4515b7d247187/fonttools-4.66.1-cp313-cp313-win_amd64.whl", hash = "sha256:43d1284c1964666ee833f2badd3017dc138f53d4889043ffca66c5ce4188f188", size = 2485146, upload-time = "2026-09-29T16:10:39.772Z" },
    { url = "https://files.pythonhosted.org/packages/f6/10/d45b74135d5d642cb3a4fb0a957c1613ef93de4c8548671dfc3a5bf38299/fonttools-4.66.1-py3-none-any.whl", hash = "sha256:7234ae9e28db64273fbbfa72caebd0a97e3bdba6b05064114741b9539ef339d0", size = 1202222, upload-time = "2026-09-29T16:11:51.678Z" },
]

[[package]]
name = "jax"
version = "0.11.2"
source = { registry = "https://pypi.org/simple" }
dependencies = [
    { name = "jaxlib" },
    { name = "ml-dtypes" },
    { name = "numpy" },
    { name = "opt-einsum" },
    { name = "scipy" },
]
sdist = { url = "https://files.pythonhosted.org/packages/96/c3/cbb70e5e0846891b45c9b02b0755235618043cd2a8edd1f5bfe24b077cf4/jax-0.11.2.tar.gz", hash = "sha256:540dc0bed96bd5a0d8acca15cf16198fea98ef2fc151d40bdf1ace49eb76efd9", size = 2904036, upload-time = "2026-09-17T23:43:35.896Z" }
wheels = [
    { url = "https://files.pythonhosted.org/packages/ca/87/0c0ca8433e1135f6d1acd355cff21f31c3d433d937d6547aa545c8b060b8/jax-0.11.2-py3-none-any.whl", hash = "sha256:59e7ed9bd9ace049f4856752fe580c890e0164e1c023f40fadac386408daad66", size = 3345045, upload-time = "2026-09-17T23:41:14.517Z" },
]

[[package]]
name = "jaxlib"
version = "0.11.2"
source = { registry = "https://pypi.org/simple" }
dependencies = [
    { name = "ml-dtypes" },
    { name = "numpy" },
    { name = "scipy" },
]
wheels = [
    { url = "https://files.pythonhosted.org/packages/47/7f/f0d33a414e2d84fca39438a30f0588c32f7365746e903293cadad9d52b0d/jaxlib-0.11.2-cp313-cp313-macosx_11_0_arm64.whl", hash = "sha256:766bd90e27a0ff53b87bb9d70c73565ec80b9b1165320ccb8f72de46b85510df", size = 64868496, upload-time = "2026-09-17T23:42:33.478Z" },
    { url = "https://files.pythonhosted.org/packages/67/9e/6f6307527079e4fa65af9a813c3f07ba598f57f0936045ea3b02cc9d2e01/jaxlib-0.11.2-cp313-cp313-manylinux_2_27_aarch64.whl", hash = "sha256:5f9d3833cb2bea5e346bd2138ba74992017e0841c63d890a0157a13f9cbf439e", size = 84657374, upload-time = "2026-09-17T23:42:36.804Z" },
    { url = "https://files.pythonhosted.org/packages/24/ec/014b428c3a05837643768d08aeb8fb1289d119d3f9f6fba479dffae05dbc/jaxlib-0.11.2-cp313-cp313-manylinux_2_27_x86_64.whl", hash = "sha256:5f3cac8d7030c1f80a182025d7171ea3b1245162a710f6e58d25ee3fe1748aac", size = 89896413, upload-time = "2026-09-17T23:42:40.466Z" },
    { url = "https://files.pythonhosted.org/packages/e7/2f/72dfa1d0340866ecce9e111aac05a826ff116852402fa15c0db1b91b2d1b/jaxlib-0.11.2-cp313-cp313-win_amd64.whl", hash = "sha256:523e72d6e8d188b30bee9b6c62e5e9b769ac118aab5f07343588ba64d45cf9f3", size = 73564682, upload-time = "2026-09-17T23:42:44.134Z" },
]

[[package]]
name = "kiwisolver"
version = "1.5.1"
source = { registry = "https://pypi.org/simple" }
sdist = { url = "https://files.pythonhosted.org/packages/ba/07/bd78e6a8fae171ea041ef5bba3ed21a003522fa088834b069b1909981f30/kiwisolver-1.5.1.tar.gz", hash = "sha256:f1303ef2eec81262a4b708c3e858afe58d7c75ad91c1c05266eda7673369859a", size = 104395, upload-time = "2026-08-28T10:28:27.153Z" }
wheels = [
    { url = "https://files.pythonhosted.org/packages/08/c1/88018321d976f53c421e379c43bc6993e70ce0c8a3ec5edc4bfe102257f6/kiwisolver-1.5.1-cp313-cp313-ios_13_0_arm64_iphoneos.whl", hash = "sha256:b6ae6a0328f0bc035741820fdeecdcd67bf4694eee03972e843663107122f450", size = 62272, upload-time = "2026-08-28T10:25:51.02Z" },
    { url = "https://files.pythonhosted.org/packages/85/d2/712bc17ea4f1d216034928069d612defbc6c95a471c55a7203a39faecb1a/kiwisolver-1.5.1-cp313-cp313-ios_13_0_arm64_iphonesimulator.whl", hash = "sha256:886fc26012f0e8b5f69d1cfe6d711f6b11f194621539bf8e6bb1c25c5dc82724", size = 64481, upload-time = "2026-08-28T10:25:52.22Z" },
    { url = "https://files.pythonhosted.org/packages/1b/e6/6c5380d676f43b6d918033962ea5e72360ca69e5a404154bc496b598ffdb/kiwisolver-1.5.1-cp313-cp313-ios_13_0_x86_64_iphonesimulator.whl", hash = "sha256:aefe930d113798330e9462f7874542977869c0613cba3262e2de3a8d5dee8f3a", size = 66260, upload-time = "2026-08-28T10:25:53.387Z" },
    { url = "https://files.pythonhosted.org/packages/92/6a/7087f5822cc8bb272679641404b1966a42504dac9ee74e2b33840475a0aa/kiwisolver-1.5.1-cp313-cp313-macosx_10_13_universal2.whl", hash = "sha256:a5ca5aebae78a0bc13c1943af4af615d4966c5b650b05d5aa83b50e427196fee", size = 123876, upload-time = "2026-08-28T10:25:54.644Z" },
    { url = "https://files.pythonhosted.org/packages/5c/4b/9f385087ca09ee5ab9c09c6832561a7d2f7c78d3e5661d511e669f70e439/kiwisolver-1.5.1-cp313-cp313-macosx_10_13_x86_64.whl", hash = "sha256:1ed0f5e49d0ceff8b72190824d9e59c062fbbc02c231b853112c78474b3f5ec2", size = 66487, upload-time = "2026-08-28T10:25:55.899Z" },
    { url = "https://files.pythonhosted.org/packages/47/8b/40d33ffd2f378094ed462e9a9a0907e59d4de9845e65a59561272da350d4/kiwisolver-1.5.1-cp313-cp313-macosx_11_0_arm64.whl", hash = "sha256:77a4c8187a5948d7f8795adb765a3c7b553d07d86d88e43038fc32fc1fb9a3f3", size = 64673, upload-time = "2026-08-28T10:25:57.048Z" },
    { url = "https://files.pythonhosted.org/packages/ab/43/86aacc027959108b4c66eeae8b73cedb057dfa6eb3a335d05ad65197081c/kiwisolver-1.5.1-cp313-cp313-manylinux2014_x86_64.manylinux_2_17_x86_64.whl", hash = "sha256:74ad5c3dad54a4641b4c28cd15ded70899d04459c6c7aeacafea716be97cce6d", size = 1477992, upload-time = "2026-08-28T10:25:58.479Z" },
    { url = "https://files.pythonhosted.org/packages/ed/40/b1d0369048c79733a32c8abb0f2718532e6630641368e33a81384246e844/kiwisolver-1.5.1-cp313-cp313-manylinux_2_24_aarch64.manylinux_2_28_aarch64.whl", hash = "sha256:21e46b23a2da695c364124817bc01d970effd5483147f8d66a6a7167e3f6b851", size = 1278821, upload-time = "2026-08-28T10:26:00.121Z" },
    { url = "https://files.pythonhosted.org/packages/61/a1/fa71c1792272ff9461432715ae60ffb7e11a4d7ac3bf68961b9cab6c60cf/kiwisolver-1.5.1-cp313-cp313-manylinux_2_24_ppc64le.manylinux_2_28_ppc64le.whl", hash = "sha256:75d9b1cf8258462dbdc1eeda718c96ea7f079324c09067f6daabfcf37712b7fe", size = 1296805, upload-time = "2026-08-28T10:26:01.868Z" },
    { url = "https://files.pythonhosted.org/packages/a3/49/3f0bd94af8e06ecc47eb834b195a06f05d48711ceb2352c56d6835160f0e/kiwisolver-1.5.1-cp313-cp313-manylinux_2_24_s390x.manylinux_2_28_s390x.whl", hash = "sha256:8fca690b00c4c48f6c2a547b0160ed511357093a4e4c9b47e0fadf3128066d89", size = 1346109, upload-time = "2026-08-28T10:26:03.59Z" },
    { url = "https://files.pythonhosted.org/packages/a4/44/3afe6ef9cf06d61220953a8963e94eca978491be1d9547cb01d82a1efa08/kiwisolver-1.5.1-cp313-cp313-manylinux_2_39_riscv64.whl", hash = "sha256:876bbfd276473d3daffe30e8c975df4ed9429967b41a6cb362dbb5155b6f13ad", size = 988252, upload-time = "2026-08-28T10:26:05.306Z" },
    { url = "https://files.pythonhosted.org/packages/e4/30/a12bd7a7285a211e1747c3eec77b8c614dbfcc1dad942f7611a1a6921ae5/kiwisolver-1.5.1-cp313-cp313-musllinux_1_2_aarch64.whl", hash = "sha256:f942903fde7363d1d879057ec5de01310efda2597161784d752fa9953a01a71a", size = 2228846, upload-time = "2026-08-28T10:26:07.312Z" },
    { url = "https://files.pythonhosted.org/packages/a1/6b/233e2958abf0dab7b18d07e52f286e02e519d7651bfbbe97af9347564109/kiwisolver-1.5.1-cp313-cp313-musllinux_1_2_ppc64le.whl", hash = "sha256:c90d3022d8a94778939cda8638c6c8da8fa757b8958dad7ec868ce29c87681b8", size = 2325583, upload-time = "2026-08-28T10:26:09.093Z" },
    { url = "https://files.pythonhosted.org/packages/42/8e/7673060a27b01405b580058510adef34687069d229800239f5e44682d4d0/kiwisolver-1.5.1-cp313-cp313-musllinux_1_2_riscv64.whl", hash = "sha256:8a34616dc2521cc8dc1d7d081734da63539f021ac0450ce950908340c6e7aa2f", size = 1978221, upload-time = "2026-08-28T10:26:11.127Z" },
    { url = "https://files.pythonhosted.org/packages/3f/7b/1b882fc1a8b4a0bb8084e7d1d85004116d08c92c0705d31f2928dec607f2/kiwisolver-1.5.1-cp313-cp313-musllinux_1_2_s390x.whl", hash = "sha256:8bf4df63592c2a66b4f8edc5df2544998c288aa02f96ce0acd880cd1de8c8127", size = 2491819, upload-time = "2026-08-28T10:26:13.348Z" },
    { url = "https://files.pythonhosted.org/packages/39/9c/426deb49e62c5f69464b64bbeca064d3b758a7506b8913d986ef34f4619c/kiwisolver-1.5.1-cp313-cp313-musllinux_1_2_x86_64.whl", hash = "sha256:d09037ca068d784ebc4aec290ef952ca27ac15dd9c0b5801a88c6e1096b83e6b", size = 2295520, upload-time = "2026-08-28T10:26:15.042Z" },
    { url = "https://files.pythonhosted.org/packages/f5/22/deabbb3ad6d918d74b7831b2d8ae7151b09d21c87974e5ee8a456f58c94c/kiwisolver-1.5.1-cp313-cp313-win_amd64.whl", hash = "sha256:dc23390afe9f4ef9ac3bcc72a03a56eebbde03f4c571a32cb38f859cff9a6524", size = 70758, upload-time = "2026-08-28T10:26:16.504Z" },
    { url = "https://files.pythonhosted.org/packages/b9/71/02fa5c2fd92068bb8952847e70ee6c5cb280e7febe11653d17812acc53dd/kiwisolver-1.5.1-cp313-cp313-win_arm64.whl", hash = "sha256:186884a58486651e3c217b6acea0a53eaa9498fdd472057c46f2f0fb5c25aad5", size = 68329, upload-time = "2026-08-28T10:26:17.658Z" },
]

[[package]]
name = "matplotlib"
version = "3.11.2"
source = { registry = "https://pypi.org/simple" }
dependencies = [
    { name = "contourpy" },
    { name = "cycler" },
    { name = "fonttools" },
    { name = "kiwisolver" },
    { name = "numpy" },
    { name = "packaging" },
    { name = "pillow" },
    { name = "pyparsing" },
    { name = "python-dateutil" },
]
sdist = { url = "https://files.pythonhosted.org/packages/e7/c8/9aa712a0afb882649424dd8de8ad9aa6235e796e84c6052e8f6dc1598d0d/matplotlib-3.11.2.tar.gz", hash = "sha256:cec596316640f2b394b8f0daa0ea61a8eae82d017b620b9f202befb972a59ea4", size = 32660610, upload-time = "2026-09-11T19:05:31.214Z" }
wheels = [
    { url = "https://files.pythonhosted.org/packages/bf/ce/fc58855a3d17f6cb8a87b6f9ccd100f65432a3a7ffed57309cbf14c78987/matplotlib-3.11.2-cp313-cp313-macosx_10_13_x86_64.whl", hash = "sha256:7d43ff8cebb50840648cb6429b2228621dbd709010f3117b3740abb20abf21c0", size = 9476987, upload-time = "2026-09-11T19:03:40.17Z" },
    { url = "https://files.pythonhosted.org/packages/a9/29/2a47b700545aca050e0ed73c89ba21e08407e11f5f42a567421b220de6c1/matplotlib-3.11.2-cp313-cp313-macosx_11_0_arm64.whl", hash = "sha256:2a8285cea8ef4d92aa041d1c33788bcae82248503300f93f1ca2136b9049452f", size = 9306050, upload-time = "2026-09-11T19:03:43.103Z" },
    { url = "https://files.pythonhosted.org/packages/a9/df/e7c10292f348cf55178a5b3c0092a38ea68891a3945f199ae8b7b8ac9dc1/matplotlib-3.11.2-cp313-cp313-manylinux2014_x86_64.manylinux_2_17_x86_64.whl", hash = "sha256:1944895967f87c84c9b4bad29a707b31f5b36df4a3a2339ea1f8ea3ce5105539", size = 9861060, upload-time = "2026-09-11T19:03:46.044Z" },
    { url = "https://files.pythonhosted.org/packages/e4/b9/b978de6d43d47f1d4d8e653fac32c16d8d2e5f46bbbb822e26d7cb1adece/matplotlib-3.11.2-cp313-cp313-manylinux_2_26_aarch64.manylinux_2_28_aarch64.whl", hash = "sha256:af2661f6ac6bbd1d081996f54fdd9385715c625ace8cec0869055c0cfbf38981", size = 10670885, upload-time = "2026-09-11T19:03:48.942Z" },
    { url = "https://files.pythonhosted.org/packages/a3/80/d72f61bb2631ac15d17fada1f17e0f99fecba69d8376d34f17cf93b7eddd/matplotlib-3.11.2-cp313-cp313-musllinux_1_2_x86_64.whl", hash = "sha256:7e5a90f8a707ebb6004a713b1cff091a40cc5df4c7c1cb165e5a505ebc11c292", size = 10811222, upload-time = "2026-09-11T19:03:51.665Z" },
    { url = "https://files.pythonhosted.org/packages/94/2e/6d1d33f242c705b5c6c6fb3f0fc141add51cb1abb62912e59de0835d28c4/matplotlib-3.11.2-cp313-cp313-win_amd64.whl", hash = "sha256:bc067c462a86f0e57bf52fc6e058d90171a5420007dac00c46e90153050c69a7", size = 9349539, upload-time = "2026-09-11T19:03:54.534Z" },
    { url = "https://files.pythonhosted.org/packages/bb/bb/c0aa86a7f4c0e62f1c3c0711e361f6f23f87eb9018732a5e11994bd1b7ec/matplotlib-3.11.2-cp313-cp313-win_arm64.whl", hash = "sha256:3e8576f7c47e02fd4f21f44171302d2d1d58d4471d46da3d71fe8899d19539d9", size = 9028295, upload-time = "2026-09-11T19:03:57.261Z" },
]

[[package]]
name = "ml-dtypes"
version = "0.6.0"
source = { registry = "https://pypi.org/simple" }
dependencies = [
    { name = "numpy" },
]
sdist = { url = "https://files.pythonhosted.org/packages/12/72/307d7c4bd0600601c7133fba5cb78af7db968152951c1cd473abb1cda782/ml_dtypes-0.6.0.tar.gz", hash = "sha256:5e60251d32ced5598972e4d5e06a2f044341f9291402551a3f6f0ec44f9299b0", size = 3032327, upload-time = "2026-08-13T14:14:40.215Z" }
wheels = [
    { url = "https://files.pythonhosted.org/packages/50/51/fd1582b8f5ed8a9e7be0e161a6ea0dff70cb280479a12178df0b3a72700e/ml_dtypes-0.6.0-cp313-cp313-macosx_10_13_universal2.whl", hash = "sha256:084dfe51a7ad58b171f05115f8226ed4233a454a1611371947e806e76f0c638d", size = 565468, upload-time = "2026-08-13T14:14:08.5Z" },
    { url = "https://files.pythonhosted.org/packages/d2/22/20fd70ca6ed12446cb92d5b2a7745bd185f9d8b8cdeeadad976574398e6b/ml_dtypes-0.6.0-cp313-cp313-manylinux_2_27_aarch64.manylinux_2_28_aarch64.whl", hash = "sha256:28d676428b104bb9717b0928bc5c5129f2d6b51b6727587cc4289e7bf8713cb5", size = 360232, upload-time = "2026-08-13T14:14:09.873Z" },
    { url = "https://files.pythonhosted.org/packages/89/a5/da8ae6c6f1babe4b68e3e55d43d39b529e29774f10e0910671a6b8c86eb8/ml_dtypes-0.6.0-cp313-cp313-manylinux_2_27_x86_64.manylinux_2_28_x86_64.whl", hash = "sha256:26b1f1fa4f0435a2946859823f6e2bf06796f1e9f10f5a05b08a5e3c8f46ff69", size = 410169, upload-time = "2026-08-13T14:14:11.036Z" },
    { url = "https://files.pythonhosted.org/packages/e2/55/4561acefa00fa4bcbfb82ca6a48578b41f372cd7dd7cdd6eb4720abc2e5f/ml_dtypes-0.6.0-cp313-cp313-win_amd64.whl", hash = "sha256:fb87f46b4f7ad7b5d3ad8f4b452b024bd4229d44c8ff934798c1fe656210387a", size = 439357, upload-time = "2026-08-13T14:14:12.172Z" },
    { url = "https://files.pythonhosted.org/packages/b1/5d/6a01538e507ef0ed5e879985b13a92467bf8960696fb1131f8b8cadc60ff/ml_dtypes-0.6.0-cp313-cp313-win_arm64.whl", hash = "sha256:57ed0d6b4ac5e7868361303a9c57fbcf63b768236ee14456f585dfcf260d0292", size = 552278, upload-time = "2026-08-13T14:14:13.539Z" },
]

[[package]]
name = "mpmath"
version = "1.3.0"
source = { registry = "https://pypi.org/simple" }
sdist = { url = "https://files.pythonhosted.org/packages/e0/47/dd32fa426cc72114383ac549964eecb20ecfd886d1e5ccf5340b55b02f57/mpmath-1.3.0.tar.gz", hash = "sha256:7a28eb2a9774d00c7bc92411c19a89209d5da7c4c9a9e227be8330a23a25b91f", size = 508106, upload-time = "2023-03-07T16:47:11.061Z" }
wheels = [
    { url = "https://files.pythonhosted.org/packages/43/e3/7d92a15f894aa0c9c4b49b8ee9ac9850d6e63b03c9c32c0367a13ae62209/mpmath-1.3.0-py3-none-any.whl", hash = "sha256:a0b2b9fe80bbcd81a6647ff13108738cfb482d481d826cc0e02f5b35e5c88d2c", size = 536198, upload-time = "2023-03-07T16:47:09.197Z" },
]

[[package]]
name = "mypy-extensions"
version = "1.1.0"
source = { registry = "https://pypi.org/simple" }
sdist = { url = "https://files.pythonhosted.org/packages/a2/6e/371856a3fb9d31ca8dac321cda606860fa4548858c0cc45d9d1d4ca2628b/mypy_extensions-1.1.0.tar.gz", hash = "sha256:52e68efc3284861e772bbcd66823fde5ae21fd2fdb51c62a211403730b916558", size = 6343, upload-time = "2025-04-22T14:54:24.164Z" }
wheels = [
    { url = "https://files.pythonhosted.org/packages/79/7b/2c79738432f5c924bef5071f933bcc9efd0473bac3b4aa584a6f7c1c8df8/mypy_extensions-1.1.0-py3-none-any.whl", hash = "sha256:1be4cccdb0f2482337c4743e60421de3a356cd97508abadd57d47403e94f5505", size = 4963, upload-time = "2025-04-22T14:54:22.983Z" },
]

[[package]]
name = "numpy"
version = "2.5.3"
source = { registry = "https://pypi.org/simple" }
sdist = { url = "https://files.pythonhosted.org/packages/13/01/11703282db468b85f6f7b8c7f22d058de5970d5c7e60a3a8aaa313c3de36/numpy-2.5.3.tar.gz", hash = "sha256:df2d5874ff183595a4ba404edd04f6bd9b5505c1d7708573f6a6c17489a67563", size = 20791231, upload-time = "2026-09-06T16:27:47.073Z" }
wheels = [
    { url = "https://files.pythonhosted.org/packages/79/e5/8fb89cd46d14e35699d13bf943a5f5f441ecee8667120a1f6105ab89e349/numpy-2.5.3-cp313-cp313-macosx_10_13_x86_64.whl", hash = "sha256:66a78fe4556c60aceda5916f9eacd638b18e9e681016ec302dcb4682d6d4d034", size = 16991061, upload-time = "2026-09-06T16:25:00.411Z" },
    { url = "https://files.pythonhosted.org/packages/2f/06/9dc9e48b5e5e941c8b10350c5ff2d721da42a20517d911d15544246775ff/numpy-2.5.3-cp313-cp313-macosx_11_0_arm64.whl", hash = "sha256:92f30e89b8ee0ecf363033576c422b2f58fed6a80bed0aa48dff6d14c654663e", size = 12003676, upload-time = "2026-09-06T16:25:03.475Z" },
    { url = "https://files.pythonhosted.org/packages/ab/2a/98282aa5b8f58b1157d440bb6282eed47e3632a5de53a714fbab17e659fe/numpy-2.5.3-cp313-cp313-macosx_14_0_arm64.whl", hash = "sha256:f9a2353b37a1a9e78fd82b27ad7e2a32a2d036604d18f02b05e3136c62ca3b09", size = 5439695, upload-time = "2026-09-06T16:25:05.978Z" },
    { url = "https://files.pythonhosted.org/packages/a1/f9/b6533d777be9d6ffd29dc1be0867e563e6e8cc9a220ff1b716adc317f060/numpy-2.5.3-cp313-cp313-macosx_14_0_x86_64.whl", hash = "sha256:ccbc4665079665c3cf3bab4db9f6b095370cd6437d66be549b6c2a1fd19e1958", size = 6779395, upload-time = "2026-09-06T16:25:08.599Z" },
    { url = "https://files.pythonhosted.org/packages/73/85/735720d04ec197c5dcfacdfc9922667c7f1f5f496a279b7ba4d7c74c4cc7/numpy-2.5.3-cp313-cp313-manylinux_2_27_aarch64.manylinux_2_28_aarch64.whl", hash = "sha256:c76d5dde9f445058f83d0c02af00557a4db91de9a9a57c0df87d1535001d654b", size = 15681750, upload-time = "2026-09-06T16:25:11.173Z" },
    { url = "https://files.pythonhosted.org/packages/3a/1b/3b16a9bc514a440a7a0883684111dcb1ef1aee960af2ca95da8fc775f124/numpy-2.5.3-cp313-cp313-manylinux_2_27_x86_64.manylinux_2_28_x86_64.whl", hash = "sha256:a5fa86b80fd24bcd1aff83ad23be44ea323de3f787be8f8b15d4a65621e25321", size = 16708577, upload-time = "2026-09-06T16:25:14.171Z" },
    { url = "https://files.pythonhosted.org/packages/69/c4/386f397831b07328b639c96c5b62719346cf4baf07c68d927239752b1534/numpy-2.5.3-cp313-cp313-musllinux_1_2_aarch64.whl", hash = "sha256:bd4cb9ad3c7889b9b3fe0a9a9fb5d2ed26f9879bff2608d9f01aed147a20d231", size = 17042047, upload-time = "2026-09-06T16:25:17.582Z" },
    { url = "https://files.pythonhosted.org/packages/5f/3e/a700ecbf36e85ae8328fd3b0e12eeddc22ed6358a64cb2bd913e0d195d65/numpy-2.5.3-cp313-cp313-musllinux_1_2_x86_64.whl", hash = "sha256:1302b90c0e52281681b2975adfe8a860cb7b12216a27b4b0b4207c44bf7bccf0", size = 18465724, upload-time = "2026-09-06T16:25:20.949Z" },
    { url = "https://files.pythonhosted.org/packages/41/ee/38e785e88a4045f6ad1d1f2808dcdfafdca48c760260c0587bf171e29fc9/numpy-2.5.3-cp313-cp313-win32.whl", hash = "sha256:1c80eabb4035ecf4ca9cd49cde8a9fdd69a729e63e6474887d1523ade7aa277f", size = 6129003, upload-time = "2026-09-06T16:25:23.664Z" },
    { url = "https://files.pythonhosted.org/packages/f3/ec/100f2b1794ede74a9b3d7ec6b9736927f56713414c1dfe19ab6c383494bf/numpy-2.5.3-cp313-cp313-win_amd64.whl", hash = "sha256:71cad2b2a7451ab79d8f5e71b453485b6775963d5cf794179144a7463fe6e8ec", size = 12560965, upload-time = "2026-09-06T16:25:26.602Z" },
    { url = "https://files.pythonhosted.org/packages/80/b1/7dc825ca94c12acebbce4c37caa5e198695eb31424bc579679f32b1bb49d/numpy-2.5.3-cp313-cp313-win_arm64.whl", hash = "sha256:8e4dd766076855b5ff7ea52fa5f07ce26286726e0f8bff446b7739d02e6ea204", size = 10482343, upload-time = "2026-09-06T16:25:29.772Z" },
]

[[package]]
name = "opt-einsum"
version = "3.4.0"
source = { registry = "https://pypi.org/simple" }
sdist = { url = "https://files.pythonhosted.org/packages/8c/b9/2ac072041e899a52f20cf9510850ff58295003aa75525e58343591b0cbfb/opt_einsum-3.4.0.tar.gz", hash = "sha256:96ca72f1b886d148241348783498194c577fa30a8faac108586b14f1ba4473ac", size = 63004, upload-time = "2024-09-26T14:33:24.483Z" }
wheels = [
    { url = "https://files.pythonhosted.org/packages/23/cd/066e86230ae37ed0be70aae89aabf03ca8d9f39c8aea0dec8029455b5540/opt_einsum-3.4.0-py3-none-any.whl", hash = "sha256:69bb92469f86a1565195ece4ac0323943e83477171b91d24c35afe028a90d7cd", size = 71932, upload-time = "2024-09-26T14:33:23.039Z" },
]

[[package]]
name = "packaging"
version = "26.3"
source = { registry = "https://pypi.org/simple" }
sdist = { url = "https://files.pythonhosted.org/packages/7d/fa/3944b40b07da9ce895c0e6303a5ab7d53da063554f534556b134a54d6093/packaging-26.3.tar.gz", hash = "sha256:94edc256424af38762eb31306eed28beb9f0efc50a8837492c9d6fd6004aed79", size = 313412, upload-time = "2026-08-04T18:15:28.737Z" }
wheels = [
    { url = "https://files.pythonhosted.org/packages/63/34/ba1c580383c9eada3711951fef0795c80b829a078d72188184bcab9dd527/packaging-26.3-py3-none-any.whl", hash = "sha256:d7193f7c8e4e93f444fde0262bf90af30e16fa0ad0ad44cb553c87339b23cd1c", size = 129956, upload-time = "2026-08-04T18:15:27.159Z" },
]

[[package]]
name = "pathspec"
version = "1.1.1"
source = { registry = "https://pypi.org/simple" }
sdist = { url = "https://files.pythonhosted.org/packages/5a/82/42f767fc1c1143d6fd36efb827202a2d997a375e160a71eb2888a925aac1/pathspec-1.1.1.tar.gz", hash = "sha256:17db5ecd524104a120e173814c90367a96a98d07c45b2e10c2f3919fff91bf5a", size = 135180, upload-time = "2026-04-27T01:46:08.907Z" }
wheels = [
    { url = "https://files.pythonhosted.org/packages/f1/d9/7fb5aa316bc299258e68c73ba3bddbc499654a07f151cba08f6153988714/pathspec-1.1.1-py3-none-any.whl", hash = "sha256:a00ce642f577bf7f473932318056212bc4f8bfdf53128c78bbd5af0b9b20b189", size = 57328, upload-time = "2026-04-27T01:46:07.06Z" },
]

[[package]]
name = "pillow"
version = "12.3.0"
source = { registry = "https://pypi.org/simple" }
sdist = { url = "https://files.pythonhosted.org/packages/1c/3d/bb7fca845737cf9d7dbde16ed1843984665ff2e0a518f5db43e77ec540b9/pillow-12.3.0.tar.gz", hash = "sha256:3b8182a766685eaa002637e28b4ec8d6b18819a0c71f579bf0dbaa5830297cce", size = 47025035, upload-time = "2026-07-01T11:56:38.965Z" }
wheels = [
    { url = "https://files.pythonhosted.org/packages/9d/ac/31fb64e1e7efb5a4b50cd3d92049ba89ac6e4d8d3bb6a74e15048ca3353e/pillow-12.3.0-cp313-cp313-ios_13_0_arm64_iphoneos.whl", hash = "sha256:21900ce7ba264168cd50defae43cd75d25c833ad4ad6e73ffc5596d12e25ac89", size = 4161684, upload-time = "2026-07-01T11:54:25.934Z" },
    { url = "https://files.pythonhosted.org/packages/87/b4/9805e23d2b4d77842b468513841fda254ee42f0289d25088340e4ff46e2d/pillow-12.3.0-cp313-cp313-ios_13_0_arm64_iphonesimulator.whl", hash = "sha256:4e8c2a84d977f50b9daed6eeaf3baef67d00d5d74d932288f02cb94518ee3ace", size = 4255487, upload-time = "2026-07-01T11:54:27.935Z" },
    { url = "https://files.pythonhosted.org/packages/df/39/ecf519435a200c693fe053a6ee4d835b41cf963a4dfc2551c4e637cb2a71/pillow-12.3.0-cp313-cp313-ios_13_0_x86_64_iphonesimulator.whl", hash = "sha256:ae26d61dfa7a47befdc7572b521024e8745f3d809bd95ca9505a7bba9ef849ec", size = 3696433, upload-time = "2026-07-01T11:54:29.813Z" },
    { url = "https://files.pythonhosted.org/packages/42/92/2fc3ffad878ae8dd5469ec1bc8eb83b71f48e13efdf68f02709003982a32/pillow-12.3.0-cp313-cp313-macosx_10_13_x86_64.whl", hash = "sha256:7a743ff716f746fc19a9557f60dab1600d4613255f8a7aeb3cdde4db7eb15a66", size = 5345889, upload-time = "2026-07-01T11:54:31.97Z" },
    { url = "https://files.pythonhosted.org/packages/10/76/8803c13605b763d33d156c4678fc77f8443389c0c51c8aef707bb02015f4/pillow-12.3.0-cp313-cp313-macosx_11_0_arm64.whl", hash = "sha256:d69141514cc30b774ceea5e3ed3a6635c8d8a96edf664689b890f4089111fb35", size = 4780109, upload-time = "2026-07-01T11:54:34.026Z" },
    { url = "https://files.pythonhosted.org/packages/1f/01/e18aff37cb0b4aac47ac90f016d347a49aca667ef97f190b06ac2aabc928/pillow-12.3.0-cp313-cp313-manylinux_2_27_aarch64.manylinux_2_28_aarch64.whl", hash = "sha256:f7401aebd7f581d7f83a439d87d474999317ee099218e5ad25d125290990ba65", size = 6263736, upload-time = "2026-07-01T11:54:36.131Z" },
    { url = "https://files.pythonhosted.org/packages/f7/62/de5bdd77d935331f4f802edc11e4d82950f642caad6cb2f949837b8560e2/pillow-12.3.0-cp313-cp313-manylinux_2_27_x86_64.manylinux_2_28_x86_64.whl", hash = "sha256:0847a763afefb695bc912d7c131e7e0632d4edc1d8698f58ddabec8e46b8b6d3", size = 6937129, upload-time = "2026-07-01T11:54:38.216Z" },
    { url = "https://files.pythonhosted.org/packages/70/4d/105627a13300c5e0df1d174230b32fd1273062c96f7745fd552b945d1e1d/pillow-12.3.0-cp313-cp313-musllinux_1_2_aarch64.whl", hash = "sha256:571b9fcb07b97ef3a492028fb3d2dc0993ca23a06138b0315286566d29ef718a", size = 6339562, upload-time = "2026-07-01T11:54:40.354Z" },
    { url = "https://files.pythonhosted.org/packages/6b/1d/f13de01a553988ab895ba1c722e06cf3144d4f57656fd5b81b6d881f1179/pillow-12.3.0-cp313-cp313-musllinux_1_2_x86_64.whl", hash = "sha256:756c768d0c9c2955feb7a56c37ea24aea2e369f8d36a88da270b6a9f19e62b5e", size = 7049439, upload-time = "2026-07-01T11:54:42.489Z" },
    { url = "https://files.pythonhosted.org/packages/c9/f9/066794cca041b969964f779ee5fa66a9498bbf34248ac39c5d7954e4198f/pillow-12.3.0-cp313-cp313-win32.whl", hash = "sha256:a876864214e136f0eb367788dbd7df045f4806801518e2cfe9e13229cfe06d8f", size = 6473287, upload-time = "2026-07-01T11:54:44.9Z" },
    { url = "https://files.pythonhosted.org/packages/a6/9b/7a58e61d62be561da3a356fe2384d4059a6345fc130e23ef1c36a5b81d24/pillow-12.3.0-cp313-cp313-win_amd64.whl", hash = "sha256:1cca606cd25738df4ed873d5ad46bbdb3d83b5cbca291f6b4ff13a4df6b0bbe8", size = 7239691, upload-time = "2026-07-01T11:54:47.141Z" },
    { url = "https://files.pythonhosted.org/packages/aa/b0/c4ed4f0ef8f8fa5ee8351537db6650bb8189f7e118842978dd6589065692/pillow-12.3.0-cp313-cp313-win_arm64.whl", hash = "sha256:b629de27fda84b42cde7edef0d85f13b958b47f6e9bbcbba9b673c562a89bd8b", size = 2568185, upload-time = "2026-07-01T11:54:49.137Z" },
]

[[package]]
name = "platformdirs"
version = "4.12.4"
source = { registry = "https://pypi.org/simple" }
sdist = { url = "https://files.pythonhosted.org/packages/90/a1/d5f9002a70298c64a789779077d8dd90c10aa1f47fe40c86802df874f2a6/platformdirs-4.12.4.tar.gz", hash = "sha256:63743c02414e755de4e31b8f68125c1407495b86c5a006e203c01ff8b9924250", size = 60010, upload-time = "2026-10-07T23:30:32.426Z" }
wheels = [
    { url = "https://files.pythonhosted.org/packages/f4/ba/223e00b885e960edd5d4b4d178c88acce019bd5b83786093681b8c393492/platformdirs-4.12.4-py3-none-any.whl", hash = "sha256:78bfb9db2a8471ed7eebe3c3c932da413911042994e699b384fbb4493fa872d7", size = 32596, upload-time = "2026-10-07T23:30:30.825Z" },
]

[[package]]
name = "pyparsing"
version = "3.3.3"
source = { registry = "https://pypi.org/simple" }
sdist = { url = "https://files.pythonhosted.org/packages/e4/11/b213bebff182584360cb8d17c72c1677fec5c5c228de439e63bcf8ab1c8f/pyparsing-3.3.3.tar.gz", hash = "sha256:928ae7e20211f3b6f3915a72f06a0cfd29ab9d24279dd6346b6b1a7146397d36", size = 1050487, upload-time = "2026-09-20T20:59:05.609Z" }
wheels = [
    { url = "https://files.pythonhosted.org/packages/38/bb/d215ee7c73b61497b28a5503f9f53523f294fcc936762b7caf90e0c1c2b5/pyparsing-3.3.3-py3-none-any.whl", hash = "sha256:ece8c00a69cf01b45d0b1dedabb469c90d8caf996d4fda40f147627a122849a4", size = 126420, upload-time = "2026-09-20T20:59:04.025Z" },
]

[[package]]
name = "python-dateutil"
version = "2.9.0.post0"
source = { registry = "https://pypi.org/simple" }
dependencies = [
    { name = "six" },
]
sdist = { url = "https://files.pythonhosted.org/packages/66/c0/0c8b6ad9f17a802ee498c46e004a0eb49bc148f2fd230864601a86dcf6db/python-dateutil-2.9.0.post0.tar.gz", hash = "sha256:37dd54208da7e1cd875388217d5e00ebd4179249f90fb72437e91a35459a0ad3", size = 342432, upload-time = "2024-03-01T18:36:20.211Z" }
wheels = [
    { url = "https://files.pythonhosted.org/packages/ec/57/56b9bcc3c9c6a792fcbaf139543cee77261f3651ca9da0c93f5c1221264b/python_dateutil-2.9.0.post0-py2.py3-none-any.whl", hash = "sha256:a8b2bc7bffae282281c8140a97d3aa9c14da0b136dfe83f850eea9a5f7470427", size = 229892, upload-time = "2024-03-01T18:36:18.57Z" },
]

[[package]]
name = "pytokens"
version = "0.4.1"
source = { registry = "https://pypi.org/simple" }
sdist = { url = "https://files.pythonhosted.org/packages/b6/34/b4e015b99031667a7b960f888889c5bd34ef585c85e1cb56a594b92836ac/pytokens-0.4.1.tar.gz", hash = "sha256:292052fe80923aae2260c073f822ceba21f3872ced9a68bb7953b348e561179a", size = 23015, upload-time = "2026-01-30T01:03:45.924Z" }
wheels = [
    { url = "https://files.pythonhosted.org/packages/cb/dc/08b1a080372afda3cceb4f3c0a7ba2bde9d6a5241f1edb02a22a019ee147/pytokens-0.4.1-cp313-cp313-macosx_11_0_arm64.whl", hash = "sha256:8bdb9d0ce90cbf99c525e75a2fa415144fd570a1ba987380190e8b786bc6ef9b", size = 160720, upload-time = "2026-01-30T01:03:13.843Z" },
    { url = "https://files.pythonhosted.org/packages/64/0c/41ea22205da480837a700e395507e6a24425151dfb7ead73343d6e2d7ffe/pytokens-0.4.1-cp313-cp313-manylinux2014_aarch64.manylinux_2_17_aarch64.manylinux_2_28_aarch64.whl", hash = "sha256:5502408cab1cb18e128570f8d598981c68a50d0cbd7c61312a90507cd3a1276f", size = 254204, upload-time = "2026-01-30T01:03:14.886Z" },
    { url = "https://files.pythonhosted.org/packages/e0/d2/afe5c7f8607018beb99971489dbb846508f1b8f351fcefc225fcf4b2adc0/pytokens-0.4.1-cp313-cp313-manylinux2014_x86_64.manylinux_2_17_x86_64.manylinux_2_28_x86_64.whl", hash = "sha256:29d1d8fb1030af4d231789959f21821ab6325e463f0503a61d204343c9b355d1", size = 268423, upload-time = "2026-01-30T01:03:15.936Z" },
    { url = "https://files.pythonhosted.org/packages/68/d4/00ffdbd370410c04e9591da9220a68dc1693ef7499173eb3e30d06e05ed1/pytokens-0.4.1-cp313-cp313-musllinux_1_2_x86_64.whl", hash = "sha256:970b08dd6b86058b6dc07efe9e98414f5102974716232d10f32ff39701e841c4", size = 266859, upload-time = "2026-01-30T01:03:17.458Z" },
    { url = "https://files.pythonhosted.org/packages/a7/c9/c3161313b4ca0c601eeefabd3d3b576edaa9afdefd32da97210700e47652/pytokens-0.4.1-cp313-cp313-win_amd64.whl", hash = "sha256:9bd7d7f544d362576be74f9d5901a22f317efc20046efe2034dced238cbbfe78", size = 103520, upload-time = "2026-01-30T01:03:18.652Z" },
    { url = "https://files.pythonhosted.org/packages/c6/78/397db326746f0a342855b81216ae1f0a32965deccfd7c830a2dbc66d2483/pytokens-0.4.1-py3-none-any.whl", hash = "sha256:26cef14744a8385f35d0e095dc8b3a7583f6c953c2e3d269c7f82484bf5ad2de", size = 13729, upload-time = "2026-01-30T01:03:45.029Z" },
]

[[package]]
name = "scipy"
version = "1.18.1"
source = { registry = "https://pypi.org/simple" }
dependencies = [
    { name = "numpy" },
]
sdist = { url = "https://files.pythonhosted.org/packages/7e/74/66de6258867beb2ef08f35f9f2ac017a52cacd5081714d239ff1a442d458/scipy-1.18.1.tar.gz", hash = "sha256:52c4b7422442aba924d03ad4019852b08a92e64ea187b933135687bfe2747307", size = 30781235, upload-time = "2026-08-21T23:28:50.599Z" }
wheels = [
    { url = "https://files.pythonhosted.org/packages/b6/55/4540ee0f9c42a9ad7109d0d1a8cc70de54c3572b01c6693a2b1c70e90ceb/scipy-1.18.1-cp313-cp313-macosx_10_15_x86_64.whl", hash = "sha256:3ab3523da44749156e1f68b464dc56af11ae4cbc5c739a49d05f32b982eca9f3", size = 31089958, upload-time = "2026-08-21T23:24:35.8Z" },
    { url = "https://files.pythonhosted.org/packages/2a/f5/769f36d14922b8071a43e95d24d18b6bdafad10d7f5cf647867e1ac052bc/scipy-1.18.1-cp313-cp313-macosx_12_0_arm64.whl", hash = "sha256:e6fb6a55cc0ba97b59a1f288fb86dc6fce8bdfc0fffcbfd015e3a954bf2a2d93", size = 28715106, upload-time = "2026-08-21T23:24:40.775Z" },
    { url = "https://files.pythonhosted.org/packages/9a/d7/21d890274f75ea37a8209d5519e72da3da90302e3b9fb8397a0918386a62/scipy-1.18.1-cp313-cp313-macosx_14_0_arm64.whl", hash = "sha256:ea324d9dd34c38bfb9bec8ca4d1b407db97dbb74029f566b8e322b1b6fe56fe6", size = 20456846, upload-time = "2026-08-21T23:24:45.066Z" },
    { url = "https://files.pythonhosted.org/packages/ec/01/798430ecea2e78ec7c02663d5f71c007bb6abeca931080debd40d7fa55ea/scipy-1.18.1-cp313-cp313-macosx_14_0_x86_64.whl", hash = "sha256:75b00eb8fb802090aa903f4ea1c7f5a584779f967361e68b7e98e531cc2d7174", size = 23087986, upload-time = "2026-08-21T23:24:49.539Z" },
    { url = "https://files.pythonhosted.org/packages/e6/5f/4634e9d35c68496e4e34cb6946eafab044458e6cedab42b40b6588e475b6/scipy-1.18.1-cp313-cp313-manylinux_2_27_aarch64.manylinux_2_28_aarch64.whl", hash = "sha256:d416b16cccfd70fbf62400e84d0bb2f4e6af519a45557f1692c749b37f14b315", size = 33998146, upload-time = "2026-08-21T23:24:54.714Z" },
    { url = "https://files.pythonhosted.org/packages/41/48/6450ed9243315322bbc19ac57b9b70d66a20bf1d38d124c96bc4bf6af9ea/scipy-1.18.1-cp313-cp313-manylinux_2_27_x86_64.manylinux_2_28_x86_64.whl", hash = "sha256:fdaf5ea890a6183d0565f51a61799d67081bd5b1cf03c5f4b3fd3732108625c9", size = 35312578, upload-time = "2026-08-21T23:25:00.44Z" },
    { url = "https://files.pythonhosted.org/packages/00/bd/bf5a4be6a3525676499f6dff307991739ff6fdcad1481b1aeb6745339f58/scipy-1.18.1-cp313-cp313-musllinux_1_2_aarch64.whl", hash = "sha256:c825cef2f49e46753726a7181a8e199804a912b29519ada542c6ebc654951899", size = 35612621, upload-time = "2026-08-21T23:25:06.144Z" },
    { url = "https://files.pythonhosted.org/packages/bd/4e/3c45c33e00a77996c4b1cb707929f833ba7b1d522ee29f882512c330676d/scipy-1.18.1-cp313-cp313-musllinux_1_2_x86_64.whl", hash = "sha256:e3b417bf8c2c7c16e8f58ad91db17783ec911ac16e7b50eb6eab6e809b4f5b07", size = 37457323, upload-time = "2026-08-21T23:25:12.483Z" },
    { url = "https://files.pythonhosted.org/packages/93/0e/e0348fbc0dbab65c114cf78957e7dfeb49f8e8b556b4d930cc12ff195e18/scipy-1.18.1-cp313-cp313-win_amd64.whl", hash = "sha256:559ed65f60c1af5a03f3912605a1b5114f522c7c32fb23c3376ae8f03219fe28", size = 36622841, upload-time = "2026-08-21T23:25:18.722Z" },
    { url = "https://files.pythonhosted.org/packages/50/a8/6a77f5f267c555108f0a864b6db714363dab567a8266422a79a385f9232b/scipy-1.18.1-cp313-cp313-win_arm64.whl", hash = "sha256:cd479fc04dd9401e3b4f49e76518768ef99c4f517a98c284eb091fd725719adf", size = 24399315, upload-time = "2026-08-21T23:25:23.458Z" },
]

[[package]]
name = "six"
version = "1.17.0"
source = { registry = "https://pypi.org/simple" }
sdist = { url = "https://files.pythonhosted.org/packages/94/e7/b2c673351809dca68a0e064b6af791aa332cf192da575fd474ed7d6f16a2/six-1.17.0.tar.gz", hash = "sha256:ff70335d468e7eb6ec65b95b99d3a2836546063f63acc5171de367e834932a81", size = 34031, upload-time = "2024-12-04T17:35:28.174Z" }
wheels = [
    { url = "https://files.pythonhosted.org/packages/b7/ce/149a00dd41f10bc29e5921b496af8b574d8413afcd5e30dfa0ed46c2cc5e/six-1.17.0-py2.py3-none-any.whl", hash = "sha256:4721f391ed90541fddacab5acf947aa0d3dc7d27b2e1e8eda2be8970586c3274", size = 11050, upload-time = "2024-12-04T17:35:26.475Z" },
]

[[package]]
name = "sympy"
version = "1.14.0"
source = { registry = "https://pypi.org/simple" }
dependencies = [
    { name = "mpmath" },
]
sdist = { url = "https://files.pythonhosted.org/packages/83/d3/803453b36afefb7c2bb238361cd4ae6125a569b4db67cd9e79846ba2d68c/sympy-1.14.0.tar.gz", hash = "sha256:d3d3fe8df1e5a0b42f0e7bdf50541697dbe7d23746e894990c030e2b05e72517", size = 7793921, upload-time = "2025-04-27T18:05:01.611Z" }
wheels = [
    { url = "https://files.pythonhosted.org/packages/a2/09/77d55d46fd61b4a135c444fc97158ef34a095e5681d0a6c10b75bf356191/sympy-1.14.0-py3-none-any.whl", hash = "sha256:e091cc3e99d2141a0ba2847328f5479b05d94a6635cb96148ccb3f34671bd8f5", size = 6299353, upload-time = "2025-04-27T18:04:59.103Z" },
]

[[package]]
name = "technical-report"
version = "0.1.0"
source = { virtual = "." }
dependencies = [
    { name = "black" },
    { name = "jax" },
    { name = "matplotlib" },
    { name = "sympy" },
]

[package.metadata]
requires-dist = [
    { name = "black" },
    { name = "jax" },
    { name = "matplotlib" },
    { name = "sympy" },
]
